// !$*UTF8*$!
{
	archiveVersion = 1;
	classes = {
	};
	objectVersion = 52;
	objects = {

/* Begin PBXBuildFile section */
		2F0692752801F5770068AA79 /* PYCollectionBusinessLogic.swift in Sources */ = {isa = PBXBuildFile; fileRef = 2F0692742801F5770068AA79 /* PYCollectionBusinessLogic.swift */; };
		2F0692772801F5930068AA79 /* PYCollectionViewLogic.swift in Sources */ = {isa = PBXBuildFile; fileRef = 2F0692762801F5930068AA79 /* PYCollectionViewLogic.swift */; };
		2F06927B2801F6360068AA79 /* PYCollectionInteractor.swift in Sources */ = {isa = PBXBuildFile; fileRef = 2F06927A2801F6360068AA79 /* PYCollectionInteractor.swift */; };
		2F06927D2801F6C50068AA79 /* PYCollectionModule.swift in Sources */ = {isa = PBXBuildFile; fileRef = 2F06927C2801F6C50068AA79 /* PYCollectionModule.swift */; };
		2F19514728394F3B007B0E73 /* PYPlaceCategory.swift in Sources */ = {isa = PBXBuildFile; fileRef = 2F19514628394F3B007B0E73 /* PYPlaceCategory.swift */; };
		2F19514928394F9A007B0E73 /* PYFeedPage.swift in Sources */ = {isa = PBXBuildFile; fileRef = 2F19514828394F9A007B0E73 /* PYFeedPage.swift */; };
		2F19514C283954FB007B0E73 /* PYFeedViewModel.swift in Sources */ = {isa = PBXBuildFile; fileRef = 2F19514B283954FB007B0E73 /* PYFeedViewModel.swift */; };
		2F2B9FF328408B9200565D3E /* PYCollectionViewModel.swift in Sources */ = {isa = PBXBuildFile; fileRef = 2F2B9FF228408B9200565D3E /* PYCollectionViewModel.swift */; };
		2F43441B2815A184001E8910 /* PYNetworkManager.swift in Sources */ = {isa = PBXBuildFile; fileRef = 2F43441A2815A184001E8910 /* PYNetworkManager.swift */; };
		2F63C88227FCD62500857056 /* PYFeedInteractor.swift in Sources */ = {isa = PBXBuildFile; fileRef = 2F63C88127FCD62500857056 /* PYFeedInteractor.swift */; };
		2F68A1192852DD9300DCF1E6 /* PYPlaceImage.swift in Sources */ = {isa = PBXBuildFile; fileRef = 2F68A1182852DD9300DCF1E6 /* PYPlaceImage.swift */; };
		2F78195128170E820096E342 /* PYNetworkingAppDelegate.swift in Sources */ = {isa = PBXBuildFile; fileRef = 2F78195028170E820096E342 /* PYNetworkingAppDelegate.swift */; };
		2F832F1F283D84A000702E71 /* PYHeroPreview.swift in Sources */ = {isa = PBXBuildFile; fileRef = 2F832F1E283D84A000702E71 /* PYHeroPreview.swift */; };
		2F8789F52842846100C3A40F /* UIViewController+popGesture.swift in Sources */ = {isa = PBXBuildFile; fileRef = 2F8789F42842846100C3A40F /* UIViewController+popGesture.swift */; };
		2F8CADEC2802486F00F166E0 /* PYCollectionElement.swift in Sources */ = {isa = PBXBuildFile; fileRef = 2F8CADEB2802486F00F166E0 /* PYCollectionElement.swift */; };
		2F8CADEF28024A4900F166E0 /* PYCollectionDataAccessLogic.swift in Sources */ = {isa = PBXBuildFile; fileRef = 2F8CADEE28024A4900F166E0 /* PYCollectionDataAccessLogic.swift */; };
		2F8CADF128024AF700F166E0 /* PYCollectionNetworkWorker.swift in Sources */ = {isa = PBXBuildFile; fileRef = 2F8CADF028024AF700F166E0 /* PYCollectionNetworkWorker.swift */; };
		2F8D512B2800C5AD00ADCC64 /* PYFeedBusinessLogic.swift in Sources */ = {isa = PBXBuildFile; fileRef = 2F8D512A2800C5AD00ADCC64 /* PYFeedBusinessLogic.swift */; };
		2F8D512D2800C5E600ADCC64 /* PYFeedDataAccessLogic.swift in Sources */ = {isa = PBXBuildFile; fileRef = 2F8D512C2800C5E600ADCC64 /* PYFeedDataAccessLogic.swift */; };
		2F8D51342800C7B900ADCC64 /* PYFeedViewLogic.swift in Sources */ = {isa = PBXBuildFile; fileRef = 2F8D51332800C7B900ADCC64 /* PYFeedViewLogic.swift */; };
		2F908E332842D104003BD450 /* PYPlaceModule.swift in Sources */ = {isa = PBXBuildFile; fileRef = 2F908E322842D104003BD450 /* PYPlaceModule.swift */; };
		2F908E372842D1B3003BD450 /* PYPlacePageView.swift in Sources */ = {isa = PBXBuildFile; fileRef = 2F908E362842D1B3003BD450 /* PYPlacePageView.swift */; };
		2F908E3A2842D1DD003BD450 /* PYPlaceViewLogic.swift in Sources */ = {isa = PBXBuildFile; fileRef = 2F908E392842D1DD003BD450 /* PYPlaceViewLogic.swift */; };
		2F908E3D2842D32F003BD450 /* PYPlaceViewModel.swift in Sources */ = {isa = PBXBuildFile; fileRef = 2F908E3C2842D32F003BD450 /* PYPlaceViewModel.swift */; };
		2F908E402842D33F003BD450 /* PYPlaceInteractor.swift in Sources */ = {isa = PBXBuildFile; fileRef = 2F908E3F2842D33F003BD450 /* PYPlaceInteractor.swift */; };
		2F908E422842D34B003BD450 /* PYPlaceBusinessLogic.swift in Sources */ = {isa = PBXBuildFile; fileRef = 2F908E412842D34B003BD450 /* PYPlaceBusinessLogic.swift */; };
		2F908E452843032E003BD450 /* PYPlace.swift in Sources */ = {isa = PBXBuildFile; fileRef = 2F908E442843032E003BD450 /* PYPlace.swift */; };
		2F908E4728430396003BD450 /* PYPlaceDataAccessLogic.swift in Sources */ = {isa = PBXBuildFile; fileRef = 2F908E4628430396003BD450 /* PYPlaceDataAccessLogic.swift */; };
		2F908E4A28430458003BD450 /* PYPlaceNetworkWorker.swift in Sources */ = {isa = PBXBuildFile; fileRef = 2F908E4928430458003BD450 /* PYPlaceNetworkWorker.swift */; };
		2F9AFADE27FA393C006DC8D6 /* FirebaseAnalytics in Frameworks */ = {isa = PBXBuildFile; productRef = 2F9AFADD27FA393C006DC8D6 /* FirebaseAnalytics */; };
		2FA03DF7283C51940094976A /* Purace in Frameworks */ = {isa = PBXBuildFile; productRef = 2FA03DF6283C51940094976A /* Purace */; };
		2FA3BB012815E626005BF493 /* PYNetworkRequest.swift in Sources */ = {isa = PBXBuildFile; fileRef = 2FA3BB002815E626005BF493 /* PYNetworkRequest.swift */; };
		2FA3BB032815E65A005BF493 /* PYNetworkMethod.swift in Sources */ = {isa = PBXBuildFile; fileRef = 2FA3BB022815E65A005BF493 /* PYNetworkMethod.swift */; };
		2FA3BB052815E707005BF493 /* PYNetworkError.swift in Sources */ = {isa = PBXBuildFile; fileRef = 2FA3BB042815E707005BF493 /* PYNetworkError.swift */; };
		2FA3BB092815F24D005BF493 /* PYServerResponse.swift in Sources */ = {isa = PBXBuildFile; fileRef = 2FA3BB082815F24D005BF493 /* PYServerResponse.swift */; };
		2FA3BB0F2815F8CA005BF493 /* PYFeedNetworkWorker.swift in Sources */ = {isa = PBXBuildFile; fileRef = 2FA3BB0E2815F8CA005BF493 /* PYFeedNetworkWorker.swift */; };
		2FA558112849605400E9B2B4 /* PYPlaceLocation.swift in Sources */ = {isa = PBXBuildFile; fileRef = 2FA558102849605400E9B2B4 /* PYPlaceLocation.swift */; };
		2FC270EB2837F0AB00770B46 /* PYFeedPageView.swift in Sources */ = {isa = PBXBuildFile; fileRef = 2FC270EA2837F0AB00770B46 /* PYFeedPageView.swift */; };
		2FD5786E2840512B007A6EF5 /* PYCollectionPageView.swift in Sources */ = {isa = PBXBuildFile; fileRef = 2FD5786D2840512B007A6EF5 /* PYCollectionPageView.swift */; };
		2FD7294028416490002255A3 /* View+OnFirstAppear.swift in Sources */ = {isa = PBXBuildFile; fileRef = 2FD7293F28416490002255A3 /* View+OnFirstAppear.swift */; };
		2FD72943284175AE002255A3 /* SkeletonUI in Frameworks */ = {isa = PBXBuildFile; productRef = 2FD72942284175AE002255A3 /* SkeletonUI */; };
		3D0ECF792782496100847E0D /* Environment.swift in Sources */ = {isa = PBXBuildFile; fileRef = 3D0ECF782782496100847E0D /* Environment.swift */; };
		3D3A384A270A53D300E2EF94 /* PYFeedModule.swift in Sources */ = {isa = PBXBuildFile; fileRef = 3D3A3849270A53D300E2EF94 /* PYFeedModule.swift */; };
		3D496F84277E34F3009BFF74 /* AnalyticsEvent.swift in Sources */ = {isa = PBXBuildFile; fileRef = 3D496F83277E34F3009BFF74 /* AnalyticsEvent.swift */; };
		3D496F87277E353C009BFF74 /* AnalyticsEngine.swift in Sources */ = {isa = PBXBuildFile; fileRef = 3D496F86277E353C009BFF74 /* AnalyticsEngine.swift */; };
		3D496F89277E357C009BFF74 /* AnalyticsManager.swift in Sources */ = {isa = PBXBuildFile; fileRef = 3D496F88277E357B009BFF74 /* AnalyticsManager.swift */; };
		3D496F8E277E39DF009BFF74 /* FirebaseAnalytics.swift in Sources */ = {isa = PBXBuildFile; fileRef = 3D496F8D277E39DF009BFF74 /* FirebaseAnalytics.swift */; };
		3D496F90277E4C90009BFF74 /* GoogleService-Info.plist in Resources */ = {isa = PBXBuildFile; fileRef = 3D496F8F277E4C90009BFF74 /* GoogleService-Info.plist */; };
		3DB9D546277F573F00E4D45A /* FirebaseAppDelegate.swift in Sources */ = {isa = PBXBuildFile; fileRef = 3DB9D545277F573F00E4D45A /* FirebaseAppDelegate.swift */; };
		3DB9D548277F584C00E4D45A /* AnalyticsAppDelegate.swift in Sources */ = {isa = PBXBuildFile; fileRef = 3DB9D547277F584C00E4D45A /* AnalyticsAppDelegate.swift */; };
		3DF708BD26F2A4D200FD24CF /* AppDelegate.swift in Sources */ = {isa = PBXBuildFile; fileRef = 3DF708BC26F2A4D200FD24CF /* AppDelegate.swift */; };
		3DF708BF26F2A4D200FD24CF /* SceneDelegate.swift in Sources */ = {isa = PBXBuildFile; fileRef = 3DF708BE26F2A4D200FD24CF /* SceneDelegate.swift */; };
		3DF708C626F2A4D300FD24CF /* Assets.xcassets in Resources */ = {isa = PBXBuildFile; fileRef = 3DF708C526F2A4D300FD24CF /* Assets.xcassets */; };
		3DF708C926F2A4D300FD24CF /* LaunchScreen.storyboard in Resources */ = {isa = PBXBuildFile; fileRef = 3DF708C726F2A4D300FD24CF /* LaunchScreen.storyboard */; };
		6D46485D281D9B21001FACC0 /* PYCollection.swift in Sources */ = {isa = PBXBuildFile; fileRef = 6D46485C281D9B21001FACC0 /* PYCollection.swift */; };
		6DB6E4F12818A5720002A77C /* PYRoutingManager.swift in Sources */ = {isa = PBXBuildFile; fileRef = 6DB6E4F02818A5720002A77C /* PYRoutingManager.swift */; };
		6DB6E4F52818A96E0002A77C /* PYModule.swift in Sources */ = {isa = PBXBuildFile; fileRef = 6DB6E4F42818A96E0002A77C /* PYModule.swift */; };
/* End PBXBuildFile section */

/* Begin PBXFileReference section */
		2F0692742801F5770068AA79 /* PYCollectionBusinessLogic.swift */ = {isa = PBXFileReference; lastKnownFileType = sourcecode.swift; path = PYCollectionBusinessLogic.swift; sourceTree = "<group>"; };
		2F0692762801F5930068AA79 /* PYCollectionViewLogic.swift */ = {isa = PBXFileReference; lastKnownFileType = sourcecode.swift; path = PYCollectionViewLogic.swift; sourceTree = "<group>"; };
		2F06927A2801F6360068AA79 /* PYCollectionInteractor.swift */ = {isa = PBXFileReference; lastKnownFileType = sourcecode.swift; path = PYCollectionInteractor.swift; sourceTree = "<group>"; };
		2F06927C2801F6C50068AA79 /* PYCollectionModule.swift */ = {isa = PBXFileReference; lastKnownFileType = sourcecode.swift; path = PYCollectionModule.swift; sourceTree = "<group>"; };
		2F19514628394F3B007B0E73 /* PYPlaceCategory.swift */ = {isa = PBXFileReference; lastKnownFileType = sourcecode.swift; path = PYPlaceCategory.swift; sourceTree = "<group>"; };
		2F19514828394F9A007B0E73 /* PYFeedPage.swift */ = {isa = PBXFileReference; lastKnownFileType = sourcecode.swift; path = PYFeedPage.swift; sourceTree = "<group>"; };
		2F19514B283954FB007B0E73 /* PYFeedViewModel.swift */ = {isa = PBXFileReference; lastKnownFileType = sourcecode.swift; path = PYFeedViewModel.swift; sourceTree = "<group>"; };
		2F2B9FF228408B9200565D3E /* PYCollectionViewModel.swift */ = {isa = PBXFileReference; lastKnownFileType = sourcecode.swift; path = PYCollectionViewModel.swift; sourceTree = "<group>"; };
		2F40F5E42839640800BF2007 /* Emogger */ = {isa = PBXFileReference; lastKnownFileType = wrapper; name = Emogger; path = Modules/Emogger; sourceTree = "<group>"; };
		2F43441A2815A184001E8910 /* PYNetworkManager.swift */ = {isa = PBXFileReference; lastKnownFileType = sourcecode.swift; path = PYNetworkManager.swift; sourceTree = "<group>"; };
		2F63C87A27FCD49900857056 /* Emogger */ = {isa = PBXFileReference; lastKnownFileType = wrapper; name = Emogger; path = Modules/Emogger; sourceTree = "<group>"; };
		2F63C87B27FCD51700857056 /* Emogger */ = {isa = PBXFileReference; lastKnownFileType = wrapper; name = Emogger; path = Modules/Emogger; sourceTree = "<group>"; };
		2F63C87C27FCD58C00857056 /* Emogger */ = {isa = PBXFileReference; lastKnownFileType = wrapper; name = Emogger; path = Modules/Emogger; sourceTree = "<group>"; };
		2F63C88127FCD62500857056 /* PYFeedInteractor.swift */ = {isa = PBXFileReference; lastKnownFileType = sourcecode.swift; path = PYFeedInteractor.swift; sourceTree = "<group>"; };
		2F68A1182852DD9300DCF1E6 /* PYPlaceImage.swift */ = {isa = PBXFileReference; lastKnownFileType = sourcecode.swift; path = PYPlaceImage.swift; sourceTree = "<group>"; };
		2F78195028170E820096E342 /* PYNetworkingAppDelegate.swift */ = {isa = PBXFileReference; lastKnownFileType = sourcecode.swift; path = PYNetworkingAppDelegate.swift; sourceTree = "<group>"; };
		2F832F1E283D84A000702E71 /* PYHeroPreview.swift */ = {isa = PBXFileReference; lastKnownFileType = sourcecode.swift; path = PYHeroPreview.swift; sourceTree = "<group>"; };
		2F8789F42842846100C3A40F /* UIViewController+popGesture.swift */ = {isa = PBXFileReference; lastKnownFileType = sourcecode.swift; path = "UIViewController+popGesture.swift"; sourceTree = "<group>"; };
		2F8CADEB2802486F00F166E0 /* PYCollectionElement.swift */ = {isa = PBXFileReference; lastKnownFileType = sourcecode.swift; path = PYCollectionElement.swift; sourceTree = "<group>"; };
		2F8CADEE28024A4900F166E0 /* PYCollectionDataAccessLogic.swift */ = {isa = PBXFileReference; lastKnownFileType = sourcecode.swift; path = PYCollectionDataAccessLogic.swift; sourceTree = "<group>"; };
		2F8CADF028024AF700F166E0 /* PYCollectionNetworkWorker.swift */ = {isa = PBXFileReference; lastKnownFileType = sourcecode.swift; path = PYCollectionNetworkWorker.swift; sourceTree = "<group>"; };
		2F8D512A2800C5AD00ADCC64 /* PYFeedBusinessLogic.swift */ = {isa = PBXFileReference; lastKnownFileType = sourcecode.swift; path = PYFeedBusinessLogic.swift; sourceTree = "<group>"; };
		2F8D512C2800C5E600ADCC64 /* PYFeedDataAccessLogic.swift */ = {isa = PBXFileReference; lastKnownFileType = sourcecode.swift; path = PYFeedDataAccessLogic.swift; sourceTree = "<group>"; };
		2F8D51332800C7B900ADCC64 /* PYFeedViewLogic.swift */ = {isa = PBXFileReference; lastKnownFileType = sourcecode.swift; path = PYFeedViewLogic.swift; sourceTree = "<group>"; };
		2F908E322842D104003BD450 /* PYPlaceModule.swift */ = {isa = PBXFileReference; lastKnownFileType = sourcecode.swift; path = PYPlaceModule.swift; sourceTree = "<group>"; };
		2F908E362842D1B3003BD450 /* PYPlacePageView.swift */ = {isa = PBXFileReference; lastKnownFileType = sourcecode.swift; path = PYPlacePageView.swift; sourceTree = "<group>"; };
		2F908E392842D1DD003BD450 /* PYPlaceViewLogic.swift */ = {isa = PBXFileReference; lastKnownFileType = sourcecode.swift; path = PYPlaceViewLogic.swift; sourceTree = "<group>"; };
		2F908E3C2842D32F003BD450 /* PYPlaceViewModel.swift */ = {isa = PBXFileReference; lastKnownFileType = sourcecode.swift; path = PYPlaceViewModel.swift; sourceTree = "<group>"; };
		2F908E3F2842D33F003BD450 /* PYPlaceInteractor.swift */ = {isa = PBXFileReference; lastKnownFileType = sourcecode.swift; path = PYPlaceInteractor.swift; sourceTree = "<group>"; };
		2F908E412842D34B003BD450 /* PYPlaceBusinessLogic.swift */ = {isa = PBXFileReference; lastKnownFileType = sourcecode.swift; path = PYPlaceBusinessLogic.swift; sourceTree = "<group>"; };
		2F908E442843032E003BD450 /* PYPlace.swift */ = {isa = PBXFileReference; lastKnownFileType = sourcecode.swift; path = PYPlace.swift; sourceTree = "<group>"; };
		2F908E4628430396003BD450 /* PYPlaceDataAccessLogic.swift */ = {isa = PBXFileReference; lastKnownFileType = sourcecode.swift; path = PYPlaceDataAccessLogic.swift; sourceTree = "<group>"; };
		2F908E4928430458003BD450 /* PYPlaceNetworkWorker.swift */ = {isa = PBXFileReference; lastKnownFileType = sourcecode.swift; path = PYPlaceNetworkWorker.swift; sourceTree = "<group>"; };
		2F9AFAE027FA3AFF006DC8D6 /* Emogger */ = {isa = PBXFileReference; lastKnownFileType = wrapper; name = Emogger; path = Modules/Emogger; sourceTree = "<group>"; };
		2FA3BB002815E626005BF493 /* PYNetworkRequest.swift */ = {isa = PBXFileReference; lastKnownFileType = sourcecode.swift; path = PYNetworkRequest.swift; sourceTree = "<group>"; };
		2FA3BB022815E65A005BF493 /* PYNetworkMethod.swift */ = {isa = PBXFileReference; lastKnownFileType = sourcecode.swift; path = PYNetworkMethod.swift; sourceTree = "<group>"; };
		2FA3BB042815E707005BF493 /* PYNetworkError.swift */ = {isa = PBXFileReference; lastKnownFileType = sourcecode.swift; path = PYNetworkError.swift; sourceTree = "<group>"; };
		2FA3BB082815F24D005BF493 /* PYServerResponse.swift */ = {isa = PBXFileReference; lastKnownFileType = sourcecode.swift; path = PYServerResponse.swift; sourceTree = "<group>"; };
		2FA3BB0E2815F8CA005BF493 /* PYFeedNetworkWorker.swift */ = {isa = PBXFileReference; lastKnownFileType = sourcecode.swift; path = PYFeedNetworkWorker.swift; sourceTree = "<group>"; };
		2FA558102849605400E9B2B4 /* PYPlaceLocation.swift */ = {isa = PBXFileReference; lastKnownFileType = sourcecode.swift; path = PYPlaceLocation.swift; sourceTree = "<group>"; };
		2FC270EA2837F0AB00770B46 /* PYFeedPageView.swift */ = {isa = PBXFileReference; lastKnownFileType = sourcecode.swift; path = PYFeedPageView.swift; sourceTree = "<group>"; };
		2FD5786D2840512B007A6EF5 /* PYCollectionPageView.swift */ = {isa = PBXFileReference; lastKnownFileType = sourcecode.swift; path = PYCollectionPageView.swift; sourceTree = "<group>"; };
		2FD7293F28416490002255A3 /* View+OnFirstAppear.swift */ = {isa = PBXFileReference; lastKnownFileType = sourcecode.swift; path = "View+OnFirstAppear.swift"; sourceTree = "<group>"; };
		3D0ECF782782496100847E0D /* Environment.swift */ = {isa = PBXFileReference; lastKnownFileType = sourcecode.swift; path = Environment.swift; sourceTree = "<group>"; };
		3D3A3849270A53D300E2EF94 /* PYFeedModule.swift */ = {isa = PBXFileReference; lastKnownFileType = sourcecode.swift; path = PYFeedModule.swift; sourceTree = "<group>"; };
		3D496F83277E34F3009BFF74 /* AnalyticsEvent.swift */ = {isa = PBXFileReference; lastKnownFileType = sourcecode.swift; path = AnalyticsEvent.swift; sourceTree = "<group>"; };
		3D496F86277E353C009BFF74 /* AnalyticsEngine.swift */ = {isa = PBXFileReference; lastKnownFileType = sourcecode.swift; path = AnalyticsEngine.swift; sourceTree = "<group>"; };
		3D496F88277E357B009BFF74 /* AnalyticsManager.swift */ = {isa = PBXFileReference; lastKnownFileType = sourcecode.swift; path = AnalyticsManager.swift; sourceTree = "<group>"; };
		3D496F8D277E39DF009BFF74 /* FirebaseAnalytics.swift */ = {isa = PBXFileReference; lastKnownFileType = sourcecode.swift; path = FirebaseAnalytics.swift; sourceTree = "<group>"; };
		3D496F8F277E4C90009BFF74 /* GoogleService-Info.plist */ = {isa = PBXFileReference; fileEncoding = 4; lastKnownFileType = text.plist.xml; path = "GoogleService-Info.plist"; sourceTree = "<group>"; };
		3DA1113B27823AF6008DF4DE /* Development.xcconfig */ = {isa = PBXFileReference; lastKnownFileType = text.xcconfig; path = Development.xcconfig; sourceTree = "<group>"; };
		3DA1113C27823B02008DF4DE /* Production.xcconfig */ = {isa = PBXFileReference; lastKnownFileType = text.xcconfig; path = Production.xcconfig; sourceTree = "<group>"; };
		3DB9D545277F573F00E4D45A /* FirebaseAppDelegate.swift */ = {isa = PBXFileReference; lastKnownFileType = sourcecode.swift; path = FirebaseAppDelegate.swift; sourceTree = "<group>"; };
		3DB9D547277F584C00E4D45A /* AnalyticsAppDelegate.swift */ = {isa = PBXFileReference; lastKnownFileType = sourcecode.swift; path = AnalyticsAppDelegate.swift; sourceTree = "<group>"; };
		3DF708B926F2A4D200FD24CF /* Payan.app */ = {isa = PBXFileReference; explicitFileType = wrapper.application; includeInIndex = 0; path = Payan.app; sourceTree = BUILT_PRODUCTS_DIR; };
		3DF708BC26F2A4D200FD24CF /* AppDelegate.swift */ = {isa = PBXFileReference; lastKnownFileType = sourcecode.swift; path = AppDelegate.swift; sourceTree = "<group>"; };
		3DF708BE26F2A4D200FD24CF /* SceneDelegate.swift */ = {isa = PBXFileReference; lastKnownFileType = sourcecode.swift; path = SceneDelegate.swift; sourceTree = "<group>"; };
		3DF708C526F2A4D300FD24CF /* Assets.xcassets */ = {isa = PBXFileReference; lastKnownFileType = folder.assetcatalog; path = Assets.xcassets; sourceTree = "<group>"; };
		3DF708C826F2A4D300FD24CF /* Base */ = {isa = PBXFileReference; lastKnownFileType = file.storyboard; name = Base; path = Base.lproj/LaunchScreen.storyboard; sourceTree = "<group>"; };
		3DF708CA26F2A4D300FD24CF /* Info.plist */ = {isa = PBXFileReference; lastKnownFileType = text.plist.xml; path = Info.plist; sourceTree = "<group>"; };
		6D46485C281D9B21001FACC0 /* PYCollection.swift */ = {isa = PBXFileReference; lastKnownFileType = sourcecode.swift; path = PYCollection.swift; sourceTree = "<group>"; };
		6DB6E4F02818A5720002A77C /* PYRoutingManager.swift */ = {isa = PBXFileReference; lastKnownFileType = sourcecode.swift; path = PYRoutingManager.swift; sourceTree = "<group>"; };
		6DB6E4F42818A96E0002A77C /* PYModule.swift */ = {isa = PBXFileReference; lastKnownFileType = sourcecode.swift; path = PYModule.swift; sourceTree = "<group>"; };
/* End PBXFileReference section */

/* Begin PBXFrameworksBuildPhase section */
		3DF708B626F2A4D200FD24CF /* Frameworks */ = {
			isa = PBXFrameworksBuildPhase;
			buildActionMask = 2147483647;
			files = (
				2F9AFADE27FA393C006DC8D6 /* FirebaseAnalytics in Frameworks */,
				2FD72943284175AE002255A3 /* SkeletonUI in Frameworks */,
				2FA03DF7283C51940094976A /* Purace in Frameworks */,
			);
			runOnlyForDeploymentPostprocessing = 0;
		};
/* End PBXFrameworksBuildPhase section */

/* Begin PBXGroup section */
		2F06926E2801F3D90068AA79 /* Interactor */ = {
			isa = PBXGroup;
			children = (
				2F06927A2801F6360068AA79 /* PYCollectionInteractor.swift */,
			);
			path = Interactor;
			sourceTree = "<group>";
		};
		2F0692732801F5630068AA79 /* Protocols */ = {
			isa = PBXGroup;
			children = (
				2F0692742801F5770068AA79 /* PYCollectionBusinessLogic.swift */,
				2F0692762801F5930068AA79 /* PYCollectionViewLogic.swift */,
				2F8CADEE28024A4900F166E0 /* PYCollectionDataAccessLogic.swift */,
			);
			path = Protocols;
			sourceTree = "<group>";
		};
		2F19514A283954F1007B0E73 /* View Model */ = {
			isa = PBXGroup;
			children = (
				2F19514B283954FB007B0E73 /* PYFeedViewModel.swift */,
			);
			path = "View Model";
			sourceTree = "<group>";
		};
		2F2B9FF128408B8300565D3E /* View Model */ = {
			isa = PBXGroup;
			children = (
				2F2B9FF228408B9200565D3E /* PYCollectionViewModel.swift */,
			);
			path = "View Model";
			sourceTree = "<group>";
		};
		2F4344192815A13C001E8910 /* Networking */ = {
			isa = PBXGroup;
			children = (
				2F43441A2815A184001E8910 /* PYNetworkManager.swift */,
				2FA3BB002815E626005BF493 /* PYNetworkRequest.swift */,
				2FA3BB022815E65A005BF493 /* PYNetworkMethod.swift */,
				2FA3BB042815E707005BF493 /* PYNetworkError.swift */,
				2FA3BB082815F24D005BF493 /* PYServerResponse.swift */,
			);
			path = Networking;
			sourceTree = "<group>";
		};
		2F44E21727FCCDFB0026FDBC /* Entities */ = {
			isa = PBXGroup;
			children = (
				2F19514628394F3B007B0E73 /* PYPlaceCategory.swift */,
				2F19514828394F9A007B0E73 /* PYFeedPage.swift */,
				2F832F1E283D84A000702E71 /* PYHeroPreview.swift */,
			);
			path = Entities;
			sourceTree = "<group>";
		};
		2F44E21C27FCCF400026FDBC /* Workers */ = {
			isa = PBXGroup;
			children = (
				2FA3BB0E2815F8CA005BF493 /* PYFeedNetworkWorker.swift */,
			);
			path = Workers;
			sourceTree = "<group>";
		};
		2F63C87D27FCD5F600857056 /* Frameworks */ = {
			isa = PBXGroup;
			children = (
			);
			name = Frameworks;
			sourceTree = "<group>";
		};
		2F63C88027FCD61A00857056 /* Interactor */ = {
			isa = PBXGroup;
			children = (
				2F63C88127FCD62500857056 /* PYFeedInteractor.swift */,
			);
			path = Interactor;
			sourceTree = "<group>";
		};
		2F8C80FC28010CBA00A8E7FD /* Collection */ = {
			isa = PBXGroup;
			children = (
				2F8CADED28024A3500F166E0 /* Workers */,
				2F8CADEA2802485900F166E0 /* Entities */,
				2F0692732801F5630068AA79 /* Protocols */,
				2F06926E2801F3D90068AA79 /* Interactor */,
				2F8C80FD28010CD700A8E7FD /* UI */,
				2F06927C2801F6C50068AA79 /* PYCollectionModule.swift */,
			);
			path = Collection;
			sourceTree = "<group>";
		};
		2F8C80FD28010CD700A8E7FD /* UI */ = {
			isa = PBXGroup;
			children = (
				2F2B9FF128408B8300565D3E /* View Model */,
				2FD5786C2840511C007A6EF5 /* Page */,
			);
			path = UI;
			sourceTree = "<group>";
		};
		2F8CADEA2802485900F166E0 /* Entities */ = {
			isa = PBXGroup;
			children = (
				2F8CADEB2802486F00F166E0 /* PYCollectionElement.swift */,
				6D46485C281D9B21001FACC0 /* PYCollection.swift */,
			);
			path = Entities;
			sourceTree = "<group>";
		};
		2F8CADED28024A3500F166E0 /* Workers */ = {
			isa = PBXGroup;
			children = (
				2F8CADF028024AF700F166E0 /* PYCollectionNetworkWorker.swift */,
			);
			path = Workers;
			sourceTree = "<group>";
		};
		2F8D51292800C58F00ADCC64 /* Protocols */ = {
			isa = PBXGroup;
			children = (
				2F8D512A2800C5AD00ADCC64 /* PYFeedBusinessLogic.swift */,
				2F8D512C2800C5E600ADCC64 /* PYFeedDataAccessLogic.swift */,
				2F8D51332800C7B900ADCC64 /* PYFeedViewLogic.swift */,
			);
			path = Protocols;
			sourceTree = "<group>";
		};
		2F908E312842D095003BD450 /* Place */ = {
			isa = PBXGroup;
			children = (
				2F908E4828430447003BD450 /* Workers */,
				2F908E432842D368003BD450 /* Entities */,
				2F908E3E2842D333003BD450 /* Interactor */,
				2F908E382842D1D1003BD450 /* Protocols */,
				2F908E342842D1A0003BD450 /* UI */,
				2F908E322842D104003BD450 /* PYPlaceModule.swift */,
			);
			path = Place;
			sourceTree = "<group>";
		};
		2F908E342842D1A0003BD450 /* UI */ = {
			isa = PBXGroup;
			children = (
				2F908E3B2842D325003BD450 /* View Model */,
				2F908E352842D1A4003BD450 /* Page */,
			);
			path = UI;
			sourceTree = "<group>";
		};
		2F908E352842D1A4003BD450 /* Page */ = {
			isa = PBXGroup;
			children = (
				2F908E362842D1B3003BD450 /* PYPlacePageView.swift */,
			);
			path = Page;
			sourceTree = "<group>";
		};
		2F908E382842D1D1003BD450 /* Protocols */ = {
			isa = PBXGroup;
			children = (
				2F908E392842D1DD003BD450 /* PYPlaceViewLogic.swift */,
				2F908E412842D34B003BD450 /* PYPlaceBusinessLogic.swift */,
				2F908E4628430396003BD450 /* PYPlaceDataAccessLogic.swift */,
			);
			path = Protocols;
			sourceTree = "<group>";
		};
		2F908E3B2842D325003BD450 /* View Model */ = {
			isa = PBXGroup;
			children = (
				2F908E3C2842D32F003BD450 /* PYPlaceViewModel.swift */,
			);
			path = "View Model";
			sourceTree = "<group>";
		};
		2F908E3E2842D333003BD450 /* Interactor */ = {
			isa = PBXGroup;
			children = (
				2F908E3F2842D33F003BD450 /* PYPlaceInteractor.swift */,
			);
			path = Interactor;
			sourceTree = "<group>";
		};
		2F908E432842D368003BD450 /* Entities */ = {
			isa = PBXGroup;
			children = (
				2F908E442843032E003BD450 /* PYPlace.swift */,
				2FA558102849605400E9B2B4 /* PYPlaceLocation.swift */,
				2F68A1182852DD9300DCF1E6 /* PYPlaceImage.swift */,
			);
			path = Entities;
			sourceTree = "<group>";
		};
		2F908E4828430447003BD450 /* Workers */ = {
			isa = PBXGroup;
			children = (
				2F908E4928430458003BD450 /* PYPlaceNetworkWorker.swift */,
			);
			path = Workers;
			sourceTree = "<group>";
		};
		2F9AFADF27FA3AFF006DC8D6 /* Packages */ = {
			isa = PBXGroup;
			children = (
				2F9AFAE027FA3AFF006DC8D6 /* Emogger */,
				2F63C87A27FCD49900857056 /* Emogger */,
				2F63C87B27FCD51700857056 /* Emogger */,
				2F63C87C27FCD58C00857056 /* Emogger */,
				2F40F5E42839640800BF2007 /* Emogger */,
			);
			name = Packages;
			sourceTree = "<group>";
		};
		2FC270E62837EF9500770B46 /* Page */ = {
			isa = PBXGroup;
			children = (
				2FC270EA2837F0AB00770B46 /* PYFeedPageView.swift */,
			);
			path = Page;
			sourceTree = "<group>";
		};
		2FD5786C2840511C007A6EF5 /* Page */ = {
			isa = PBXGroup;
			children = (
				2FD5786D2840512B007A6EF5 /* PYCollectionPageView.swift */,
			);
			path = Page;
			sourceTree = "<group>";
		};
		2FD7293D284163B3002255A3 /* Common */ = {
			isa = PBXGroup;
			children = (
				2FD7293E2841647C002255A3 /* Extensions */,
			);
			path = Common;
			sourceTree = "<group>";
		};
		2FD7293E2841647C002255A3 /* Extensions */ = {
			isa = PBXGroup;
			children = (
				2FD7293F28416490002255A3 /* View+OnFirstAppear.swift */,
				2F8789F42842846100C3A40F /* UIViewController+popGesture.swift */,
			);
			path = Extensions;
			sourceTree = "<group>";
		};
		3D3A3848270A53C700E2EF94 /* Feed */ = {
			isa = PBXGroup;
			children = (
				2F8D51292800C58F00ADCC64 /* Protocols */,
				2F63C88027FCD61A00857056 /* Interactor */,
				2F44E21C27FCCF400026FDBC /* Workers */,
				2F44E21727FCCDFB0026FDBC /* Entities */,
				3D3A384C270A53F000E2EF94 /* UI */,
				3D3A3849270A53D300E2EF94 /* PYFeedModule.swift */,
			);
			path = Feed;
			sourceTree = "<group>";
		};
		3D3A384C270A53F000E2EF94 /* UI */ = {
			isa = PBXGroup;
			children = (
				2F19514A283954F1007B0E73 /* View Model */,
				2FC270E62837EF9500770B46 /* Page */,
			);
			path = UI;
			sourceTree = "<group>";
		};
		3D496F82277E34C4009BFF74 /* Analytics */ = {
			isa = PBXGroup;
			children = (
				3D496F8A277E36B0009BFF74 /* Firebase */,
				3D496F83277E34F3009BFF74 /* AnalyticsEvent.swift */,
				3D496F86277E353C009BFF74 /* AnalyticsEngine.swift */,
				3D496F88277E357B009BFF74 /* AnalyticsManager.swift */,
			);
			path = Analytics;
			sourceTree = "<group>";
		};
		3D496F8A277E36B0009BFF74 /* Firebase */ = {
			isa = PBXGroup;
			children = (
				3D496F8D277E39DF009BFF74 /* FirebaseAnalytics.swift */,
			);
			path = Firebase;
			sourceTree = "<group>";
		};
		3D79AC9B2723926E00ECB567 /* Core */ = {
			isa = PBXGroup;
			children = (
				6DB6E4EF2818A4EF0002A77C /* Routing */,
				2F4344192815A13C001E8910 /* Networking */,
				3D496F82277E34C4009BFF74 /* Analytics */,
			);
			path = Core;
			sourceTree = "<group>";
		};
		3DB9D542277F54ED00E4D45A /* Services */ = {
			isa = PBXGroup;
			children = (
				3DB9D545277F573F00E4D45A /* FirebaseAppDelegate.swift */,
				3DB9D547277F584C00E4D45A /* AnalyticsAppDelegate.swift */,
				2F78195028170E820096E342 /* PYNetworkingAppDelegate.swift */,
			);
			path = Services;
			sourceTree = "<group>";
		};
		3DDA07B326F8EECE00016204 /* Config */ = {
			isa = PBXGroup;
			children = (
				3D0ECF782782496100847E0D /* Environment.swift */,
			);
			path = Config;
			sourceTree = "<group>";
		};
		3DF708B026F2A4D200FD24CF = {
			isa = PBXGroup;
			children = (
				2F9AFADF27FA3AFF006DC8D6 /* Packages */,
				3DF708BB26F2A4D200FD24CF /* Payan */,
				3DF708BA26F2A4D200FD24CF /* Products */,
				2F63C87D27FCD5F600857056 /* Frameworks */,
			);
			sourceTree = "<group>";
		};
		3DF708BA26F2A4D200FD24CF /* Products */ = {
			isa = PBXGroup;
			children = (
				3DF708B926F2A4D200FD24CF /* Payan.app */,
			);
			name = Products;
			sourceTree = "<group>";
		};
		3DF708BB26F2A4D200FD24CF /* Payan */ = {
			isa = PBXGroup;
			children = (
				3DF708D226F2A4DE00FD24CF /* AppDelegate */,
				3DF708D126F2A4DB00FD24CF /* App */,
				3DF708CA26F2A4D300FD24CF /* Info.plist */,
				3D496F8F277E4C90009BFF74 /* GoogleService-Info.plist */,
				3DA1113B27823AF6008DF4DE /* Development.xcconfig */,
				3DA1113C27823B02008DF4DE /* Production.xcconfig */,
			);
			path = Payan;
			sourceTree = "<group>";
		};
		3DF708D126F2A4DB00FD24CF /* App */ = {
			isa = PBXGroup;
			children = (
				2FD7293D284163B3002255A3 /* Common */,
				3DF708E526F2A64F00FD24CF /* Assets */,
				3D79AC9B2723926E00ECB567 /* Core */,
				3DDA07B326F8EECE00016204 /* Config */,
				3DF708E426F2A64900FD24CF /* Domain Modules */,
			);
			path = App;
			sourceTree = "<group>";
		};
		3DF708D226F2A4DE00FD24CF /* AppDelegate */ = {
			isa = PBXGroup;
			children = (
				3DB9D542277F54ED00E4D45A /* Services */,
				3DF708BC26F2A4D200FD24CF /* AppDelegate.swift */,
				3DF708BE26F2A4D200FD24CF /* SceneDelegate.swift */,
				3DF708C726F2A4D300FD24CF /* LaunchScreen.storyboard */,
			);
			path = AppDelegate;
			sourceTree = "<group>";
		};
		3DF708E426F2A64900FD24CF /* Domain Modules */ = {
			isa = PBXGroup;
			children = (
				2F908E312842D095003BD450 /* Place */,
				2F8C80FC28010CBA00A8E7FD /* Collection */,
				3D3A3848270A53C700E2EF94 /* Feed */,
			);
			path = "Domain Modules";
			sourceTree = "<group>";
		};
		3DF708E526F2A64F00FD24CF /* Assets */ = {
			isa = PBXGroup;
			children = (
				3DF708C526F2A4D300FD24CF /* Assets.xcassets */,
			);
			path = Assets;
			sourceTree = "<group>";
		};
		6DB6E4EF2818A4EF0002A77C /* Routing */ = {
			isa = PBXGroup;
			children = (
				6DB6E4F02818A5720002A77C /* PYRoutingManager.swift */,
				6DB6E4F42818A96E0002A77C /* PYModule.swift */,
			);
			path = Routing;
			sourceTree = "<group>";
		};
/* End PBXGroup section */

/* Begin PBXNativeTarget section */
		3DF708B826F2A4D200FD24CF /* Payan */ = {
			isa = PBXNativeTarget;
			buildConfigurationList = 3DF708CD26F2A4D300FD24CF /* Build configuration list for PBXNativeTarget "Payan" */;
			buildPhases = (
				3DF708B526F2A4D200FD24CF /* Sources */,
				3DF708B626F2A4D200FD24CF /* Frameworks */,
				3DF708B726F2A4D200FD24CF /* Resources */,
			);
			buildRules = (
			);
			dependencies = (
			);
			name = Payan;
			packageProductDependencies = (
				2F9AFADD27FA393C006DC8D6 /* FirebaseAnalytics */,
				2FA03DF6283C51940094976A /* Purace */,
				2FD72942284175AE002255A3 /* SkeletonUI */,
			);
			productName = Payan;
			productReference = 3DF708B926F2A4D200FD24CF /* Payan.app */;
			productType = "com.apple.product-type.application";
		};
/* End PBXNativeTarget section */

/* Begin PBXProject section */
		3DF708B126F2A4D200FD24CF /* Project object */ = {
			isa = PBXProject;
			attributes = {
				LastSwiftUpdateCheck = 1240;
				LastUpgradeCheck = 1240;
				TargetAttributes = {
					3DF708B826F2A4D200FD24CF = {
						CreatedOnToolsVersion = 12.4;
					};
				};
			};
			buildConfigurationList = 3DF708B426F2A4D200FD24CF /* Build configuration list for PBXProject "Payan" */;
			compatibilityVersion = "Xcode 9.3";
			developmentRegion = en;
			hasScannedForEncodings = 0;
			knownRegions = (
				en,
				Base,
			);
			mainGroup = 3DF708B026F2A4D200FD24CF;
			packageReferences = (
				2F9AFADC27FA393C006DC8D6 /* XCRemoteSwiftPackageReference "firebase-ios-sdk" */,
				2FA03DF5283C51940094976A /* XCRemoteSwiftPackageReference "Purace" */,
				2FD72941284175AD002255A3 /* XCRemoteSwiftPackageReference "SkeletonUI" */,
			);
			productRefGroup = 3DF708BA26F2A4D200FD24CF /* Products */;
			projectDirPath = "";
			projectRoot = "";
			targets = (
				3DF708B826F2A4D200FD24CF /* Payan */,
			);
		};
/* End PBXProject section */

/* Begin PBXResourcesBuildPhase section */
		3DF708B726F2A4D200FD24CF /* Resources */ = {
			isa = PBXResourcesBuildPhase;
			buildActionMask = 2147483647;
			files = (
				3DF708C926F2A4D300FD24CF /* LaunchScreen.storyboard in Resources */,
				3DF708C626F2A4D300FD24CF /* Assets.xcassets in Resources */,
				3D496F90277E4C90009BFF74 /* GoogleService-Info.plist in Resources */,
			);
			runOnlyForDeploymentPostprocessing = 0;
		};
/* End PBXResourcesBuildPhase section */

/* Begin PBXSourcesBuildPhase section */
		3DF708B526F2A4D200FD24CF /* Sources */ = {
			isa = PBXSourcesBuildPhase;
			buildActionMask = 2147483647;
			files = (
				2FA3BB0F2815F8CA005BF493 /* PYFeedNetworkWorker.swift in Sources */,
				2F0692772801F5930068AA79 /* PYCollectionViewLogic.swift in Sources */,
				2FD7294028416490002255A3 /* View+OnFirstAppear.swift in Sources */,
				3DB9D548277F584C00E4D45A /* AnalyticsAppDelegate.swift in Sources */,
				2FA3BB032815E65A005BF493 /* PYNetworkMethod.swift in Sources */,
				2FA3BB012815E626005BF493 /* PYNetworkRequest.swift in Sources */,
				2F8789F52842846100C3A40F /* UIViewController+popGesture.swift in Sources */,
				2F19514728394F3B007B0E73 /* PYPlaceCategory.swift in Sources */,
				6D46485D281D9B21001FACC0 /* PYCollection.swift in Sources */,
				2F908E3A2842D1DD003BD450 /* PYPlaceViewLogic.swift in Sources */,
				2F908E402842D33F003BD450 /* PYPlaceInteractor.swift in Sources */,
				3DB9D546277F573F00E4D45A /* FirebaseAppDelegate.swift in Sources */,
				2F908E372842D1B3003BD450 /* PYPlacePageView.swift in Sources */,
				2F06927D2801F6C50068AA79 /* PYCollectionModule.swift in Sources */,
				2F908E452843032E003BD450 /* PYPlace.swift in Sources */,
				2FA3BB092815F24D005BF493 /* PYServerResponse.swift in Sources */,
				3D496F87277E353C009BFF74 /* AnalyticsEngine.swift in Sources */,
				2F832F1F283D84A000702E71 /* PYHeroPreview.swift in Sources */,
				2F43441B2815A184001E8910 /* PYNetworkManager.swift in Sources */,
				6DB6E4F12818A5720002A77C /* PYRoutingManager.swift in Sources */,
				2F8CADF128024AF700F166E0 /* PYCollectionNetworkWorker.swift in Sources */,
				2F8D51342800C7B900ADCC64 /* PYFeedViewLogic.swift in Sources */,
				2F0692752801F5770068AA79 /* PYCollectionBusinessLogic.swift in Sources */,
				2F908E4A28430458003BD450 /* PYPlaceNetworkWorker.swift in Sources */,
				6DB6E4F52818A96E0002A77C /* PYModule.swift in Sources */,
				2F8D512D2800C5E600ADCC64 /* PYFeedDataAccessLogic.swift in Sources */,
				2F63C88227FCD62500857056 /* PYFeedInteractor.swift in Sources */,
				3D496F8E277E39DF009BFF74 /* FirebaseAnalytics.swift in Sources */,
				2F19514928394F9A007B0E73 /* PYFeedPage.swift in Sources */,
				2FC270EB2837F0AB00770B46 /* PYFeedPageView.swift in Sources */,
				2FA3BB052815E707005BF493 /* PYNetworkError.swift in Sources */,
				2F908E332842D104003BD450 /* PYPlaceModule.swift in Sources */,
				2F908E4728430396003BD450 /* PYPlaceDataAccessLogic.swift in Sources */,
				3D496F89277E357C009BFF74 /* AnalyticsManager.swift in Sources */,
				3DF708BD26F2A4D200FD24CF /* AppDelegate.swift in Sources */,
				2F8CADEF28024A4900F166E0 /* PYCollectionDataAccessLogic.swift in Sources */,
				2F8CADEC2802486F00F166E0 /* PYCollectionElement.swift in Sources */,
				3D3A384A270A53D300E2EF94 /* PYFeedModule.swift in Sources */,
				2F8D512B2800C5AD00ADCC64 /* PYFeedBusinessLogic.swift in Sources */,
				3D496F84277E34F3009BFF74 /* AnalyticsEvent.swift in Sources */,
				2F19514C283954FB007B0E73 /* PYFeedViewModel.swift in Sources */,
				3D0ECF792782496100847E0D /* Environment.swift in Sources */,
				2F908E422842D34B003BD450 /* PYPlaceBusinessLogic.swift in Sources */,
				2FA558112849605400E9B2B4 /* PYPlaceLocation.swift in Sources */,
				2FD5786E2840512B007A6EF5 /* PYCollectionPageView.swift in Sources */,
				3DF708BF26F2A4D200FD24CF /* SceneDelegate.swift in Sources */,
				2F68A1192852DD9300DCF1E6 /* PYPlaceImage.swift in Sources */,
				2F78195128170E820096E342 /* PYNetworkingAppDelegate.swift in Sources */,
				2F06927B2801F6360068AA79 /* PYCollectionInteractor.swift in Sources */,
				2F2B9FF328408B9200565D3E /* PYCollectionViewModel.swift in Sources */,
				2F908E3D2842D32F003BD450 /* PYPlaceViewModel.swift in Sources */,
			);
			runOnlyForDeploymentPostprocessing = 0;
		};
/* End PBXSourcesBuildPhase section */

/* Begin PBXVariantGroup section */
		3DF708C726F2A4D300FD24CF /* LaunchScreen.storyboard */ = {
			isa = PBXVariantGroup;
			children = (
				3DF708C826F2A4D300FD24CF /* Base */,
			);
			name = LaunchScreen.storyboard;
			sourceTree = "<group>";
		};
/* End PBXVariantGroup section */

/* Begin XCBuildConfiguration section */
		3DA1113927823AC0008DF4DE /* Production */ = {
			isa = XCBuildConfiguration;
			baseConfigurationReference = 3DA1113C27823B02008DF4DE /* Production.xcconfig */;
			buildSettings = {
				ALWAYS_SEARCH_USER_PATHS = NO;
				CLANG_ANALYZER_NONNULL = YES;
				CLANG_ANALYZER_NUMBER_OBJECT_CONVERSION = YES_AGGRESSIVE;
				CLANG_CXX_LANGUAGE_STANDARD = "gnu++14";
				CLANG_CXX_LIBRARY = "libc++";
				CLANG_ENABLE_MODULES = YES;
				CLANG_ENABLE_OBJC_ARC = YES;
				CLANG_ENABLE_OBJC_WEAK = YES;
				CLANG_WARN_BLOCK_CAPTURE_AUTORELEASING = YES;
				CLANG_WARN_BOOL_CONVERSION = YES;
				CLANG_WARN_COMMA = YES;
				CLANG_WARN_CONSTANT_CONVERSION = YES;
				CLANG_WARN_DEPRECATED_OBJC_IMPLEMENTATIONS = YES;
				CLANG_WARN_DIRECT_OBJC_ISA_USAGE = YES_ERROR;
				CLANG_WARN_DOCUMENTATION_COMMENTS = YES;
				CLANG_WARN_EMPTY_BODY = YES;
				CLANG_WARN_ENUM_CONVERSION = YES;
				CLANG_WARN_INFINITE_RECURSION = YES;
				CLANG_WARN_INT_CONVERSION = YES;
				CLANG_WARN_NON_LITERAL_NULL_CONVERSION = YES;
				CLANG_WARN_OBJC_IMPLICIT_RETAIN_SELF = YES;
				CLANG_WARN_OBJC_LITERAL_CONVERSION = YES;
				CLANG_WARN_OBJC_ROOT_CLASS = YES_ERROR;
				CLANG_WARN_QUOTED_INCLUDE_IN_FRAMEWORK_HEADER = YES;
				CLANG_WARN_RANGE_LOOP_ANALYSIS = YES;
				CLANG_WARN_STRICT_PROTOTYPES = YES;
				CLANG_WARN_SUSPICIOUS_MOVE = YES;
				CLANG_WARN_UNGUARDED_AVAILABILITY = YES_AGGRESSIVE;
				CLANG_WARN_UNREACHABLE_CODE = YES;
				CLANG_WARN__DUPLICATE_METHOD_MATCH = YES;
				COPY_PHASE_STRIP = NO;
				DEBUG_INFORMATION_FORMAT = dwarf;
				ENABLE_STRICT_OBJC_MSGSEND = YES;
				ENABLE_TESTABILITY = YES;
				GCC_C_LANGUAGE_STANDARD = gnu11;
				GCC_DYNAMIC_NO_PIC = NO;
				GCC_NO_COMMON_BLOCKS = YES;
				GCC_OPTIMIZATION_LEVEL = 0;
				GCC_PREPROCESSOR_DEFINITIONS = (
					"DEBUG=1",
					"$(inherited)",
				);
				GCC_WARN_64_TO_32_BIT_CONVERSION = YES;
				GCC_WARN_ABOUT_RETURN_TYPE = YES_ERROR;
				GCC_WARN_UNDECLARED_SELECTOR = YES;
				GCC_WARN_UNINITIALIZED_AUTOS = YES_AGGRESSIVE;
				GCC_WARN_UNUSED_FUNCTION = YES;
				GCC_WARN_UNUSED_VARIABLE = YES;
				IPHONEOS_DEPLOYMENT_TARGET = 14.1;
				MTL_ENABLE_DEBUG_INFO = INCLUDE_SOURCE;
				MTL_FAST_MATH = YES;
				ONLY_ACTIVE_ARCH = YES;
				SDKROOT = iphoneos;
				SWIFT_ACTIVE_COMPILATION_CONDITIONS = DEBUG;
				SWIFT_OPTIMIZATION_LEVEL = "-Onone";
			};
			name = Production;
		};
		3DA1113A27823AC0008DF4DE /* Production */ = {
			isa = XCBuildConfiguration;
			buildSettings = {
				ASSETCATALOG_COMPILER_APPICON_NAME = AppIcon;
				ASSETCATALOG_COMPILER_GLOBAL_ACCENT_COLOR_NAME = AccentColor;
				CODE_SIGN_STYLE = Automatic;
				CURRENT_PROJECT_VERSION = 10;
				DEVELOPMENT_TEAM = 9TP4HMDZ7W;
				INFOPLIST_FILE = Payan/Info.plist;
				LD_RUNPATH_SEARCH_PATHS = (
					"$(inherited)",
					"@executable_path/Frameworks",
				);
				MARKETING_VERSION = 2.0.0;
				PRODUCT_BUNDLE_IDENTIFIER = co.juandahurt.payan;
				PRODUCT_NAME = "$(TARGET_NAME)";
				SWIFT_VERSION = 5.0;
				TARGETED_DEVICE_FAMILY = 1;
			};
			name = Production;
		};
		3DF708CB26F2A4D300FD24CF /* Development */ = {
			isa = XCBuildConfiguration;
			baseConfigurationReference = 3DA1113B27823AF6008DF4DE /* Development.xcconfig */;
			buildSettings = {
				ALWAYS_SEARCH_USER_PATHS = NO;
				CLANG_ANALYZER_NONNULL = YES;
				CLANG_ANALYZER_NUMBER_OBJECT_CONVERSION = YES_AGGRESSIVE;
				CLANG_CXX_LANGUAGE_STANDARD = "gnu++14";
				CLANG_CXX_LIBRARY = "libc++";
				CLANG_ENABLE_MODULES = YES;
				CLANG_ENABLE_OBJC_ARC = YES;
				CLANG_ENABLE_OBJC_WEAK = YES;
				CLANG_WARN_BLOCK_CAPTURE_AUTORELEASING = YES;
				CLANG_WARN_BOOL_CONVERSION = YES;
				CLANG_WARN_COMMA = YES;
				CLANG_WARN_CONSTANT_CONVERSION = YES;
				CLANG_WARN_DEPRECATED_OBJC_IMPLEMENTATIONS = YES;
				CLANG_WARN_DIRECT_OBJC_ISA_USAGE = YES_ERROR;
				CLANG_WARN_DOCUMENTATION_COMMENTS = YES;
				CLANG_WARN_EMPTY_BODY = YES;
				CLANG_WARN_ENUM_CONVERSION = YES;
				CLANG_WARN_INFINITE_RECURSION = YES;
				CLANG_WARN_INT_CONVERSION = YES;
				CLANG_WARN_NON_LITERAL_NULL_CONVERSION = YES;
				CLANG_WARN_OBJC_IMPLICIT_RETAIN_SELF = YES;
				CLANG_WARN_OBJC_LITERAL_CONVERSION = YES;
				CLANG_WARN_OBJC_ROOT_CLASS = YES_ERROR;
				CLANG_WARN_QUOTED_INCLUDE_IN_FRAMEWORK_HEADER = YES;
				CLANG_WARN_RANGE_LOOP_ANALYSIS = YES;
				CLANG_WARN_STRICT_PROTOTYPES = YES;
				CLANG_WARN_SUSPICIOUS_MOVE = YES;
				CLANG_WARN_UNGUARDED_AVAILABILITY = YES_AGGRESSIVE;
				CLANG_WARN_UNREACHABLE_CODE = YES;
				CLANG_WARN__DUPLICATE_METHOD_MATCH = YES;
				COPY_PHASE_STRIP = NO;
				DEBUG_INFORMATION_FORMAT = dwarf;
				ENABLE_STRICT_OBJC_MSGSEND = YES;
				ENABLE_TESTABILITY = YES;
				GCC_C_LANGUAGE_STANDARD = gnu11;
				GCC_DYNAMIC_NO_PIC = NO;
				GCC_NO_COMMON_BLOCKS = YES;
				GCC_OPTIMIZATION_LEVEL = 0;
				GCC_PREPROCESSOR_DEFINITIONS = (
					"DEBUG=1",
					"$(inherited)",
				);
				GCC_WARN_64_TO_32_BIT_CONVERSION = YES;
				GCC_WARN_ABOUT_RETURN_TYPE = YES_ERROR;
				GCC_WARN_UNDECLARED_SELECTOR = YES;
				GCC_WARN_UNINITIALIZED_AUTOS = YES_AGGRESSIVE;
				GCC_WARN_UNUSED_FUNCTION = YES;
				GCC_WARN_UNUSED_VARIABLE = YES;
				IPHONEOS_DEPLOYMENT_TARGET = 14.1;
				MTL_ENABLE_DEBUG_INFO = INCLUDE_SOURCE;
				MTL_FAST_MATH = YES;
				ONLY_ACTIVE_ARCH = YES;
				SDKROOT = iphoneos;
				SWIFT_ACTIVE_COMPILATION_CONDITIONS = DEBUG;
				SWIFT_OPTIMIZATION_LEVEL = "-Onone";
			};
			name = Development;
		};
		3DF708CE26F2A4D300FD24CF /* Development */ = {
			isa = XCBuildConfiguration;
			buildSettings = {
				ASSETCATALOG_COMPILER_APPICON_NAME = DevIcon;
				ASSETCATALOG_COMPILER_GLOBAL_ACCENT_COLOR_NAME = AccentColor;
				CODE_SIGN_STYLE = Automatic;
				CURRENT_PROJECT_VERSION = 10;
				DEVELOPMENT_TEAM = 9TP4HMDZ7W;
				INFOPLIST_FILE = Payan/Info.plist;
				LD_RUNPATH_SEARCH_PATHS = (
					"$(inherited)",
					"@executable_path/Frameworks",
				);
				MARKETING_VERSION = 2.0.0;
				PRODUCT_BUNDLE_IDENTIFIER = co.juandahurt.payan;
				PRODUCT_NAME = "$(TARGET_NAME)";
				SWIFT_VERSION = 5.0;
				TARGETED_DEVICE_FAMILY = 1;
			};
			name = Development;
		};
/* End XCBuildConfiguration section */

/* Begin XCConfigurationList section */
		3DF708B426F2A4D200FD24CF /* Build configuration list for PBXProject "Payan" */ = {
			isa = XCConfigurationList;
			buildConfigurations = (
				3DF708CB26F2A4D300FD24CF /* Development */,
				3DA1113927823AC0008DF4DE /* Production */,
			);
			defaultConfigurationIsVisible = 0;
			defaultConfigurationName = Production;
		};
		3DF708CD26F2A4D300FD24CF /* Build configuration list for PBXNativeTarget "Payan" */ = {
			isa = XCConfigurationList;
			buildConfigurations = (
				3DF708CE26F2A4D300FD24CF /* Development */,
				3DA1113A27823AC0008DF4DE /* Production */,
			);
			defaultConfigurationIsVisible = 0;
			defaultConfigurationName = Production;
		};
/* End XCConfigurationList section */

/* Begin XCRemoteSwiftPackageReference section */
		2F9AFADC27FA393C006DC8D6 /* XCRemoteSwiftPackageReference "firebase-ios-sdk" */ = {
			isa = XCRemoteSwiftPackageReference;
			repositoryURL = "https://github.com/firebase/firebase-ios-sdk.git";
			requirement = {
				kind = upToNextMajorVersion;
				minimumVersion = 8.0.0;
			};
		};
		2FA03DF5283C51940094976A /* XCRemoteSwiftPackageReference "Purace" */ = {
			isa = XCRemoteSwiftPackageReference;
			repositoryURL = "https://github.com/juandahurt/Purace";
			requirement = {
				kind = exactVersion;
				version = 1.9.0;
			};
		};
		2FD72941284175AD002255A3 /* XCRemoteSwiftPackageReference "SkeletonUI" */ = {
			isa = XCRemoteSwiftPackageReference;
			repositoryURL = "https://github.com/CSolanaM/SkeletonUI.git";
			requirement = {
				branch = develop;
				kind = branch;
			};
		};
/* End XCRemoteSwiftPackageReference section */

/* Begin XCSwiftPackageProductDependency section */
		2F9AFADD27FA393C006DC8D6 /* FirebaseAnalytics */ = {
			isa = XCSwiftPackageProductDependency;
			package = 2F9AFADC27FA393C006DC8D6 /* XCRemoteSwiftPackageReference "firebase-ios-sdk" */;
			productName = FirebaseAnalytics;
		};
		2FA03DF6283C51940094976A /* Purace */ = {
			isa = XCSwiftPackageProductDependency;
			package = 2FA03DF5283C51940094976A /* XCRemoteSwiftPackageReference "Purace" */;
			productName = Purace;
		};
		2FD72942284175AE002255A3 /* SkeletonUI */ = {
			isa = XCSwiftPackageProductDependency;
			package = 2FD72941284175AD002255A3 /* XCRemoteSwiftPackageReference "SkeletonUI" */;
			productName = SkeletonUI;
		};
/* End XCSwiftPackageProductDependency section */
	};
	rootObject = 3DF708B126F2A4D200FD24CF /* Project object */;
}
