// !$*UTF8*$!
{
	archiveVersion = 1;
	classes = {
	};
	objectVersion = 51;
	objects = {

/* Begin PBXBuildFile section */
		3D13157526F92F4D00E451E0 /* Credential.swift in Sources */ = {isa = PBXBuildFile; fileRef = 3D13157426F92F4D00E451E0 /* Credential.swift */; };
		3D13157C26F959B700E451E0 /* HTTPEndpoint.swift in Sources */ = {isa = PBXBuildFile; fileRef = 3D13157B26F959B700E451E0 /* HTTPEndpoint.swift */; };
		3D174FF926F6448E000B5D01 /* AuthService.swift in Sources */ = {isa = PBXBuildFile; fileRef = 3D174FF826F6448E000B5D01 /* AuthService.swift */; };
		3D426B3726F804F90019FEBA /* TextFieldForm.swift in Sources */ = {isa = PBXBuildFile; fileRef = 3D426B3626F804F90019FEBA /* TextFieldForm.swift */; };
		3D51100426F6AAB500D24DD9 /* Console.swift in Sources */ = {isa = PBXBuildFile; fileRef = 3D51100326F6AAB500D24DD9 /* Console.swift */; };
		3D51101726F6CD7A00D24DD9 /* AppStyle.swift in Sources */ = {isa = PBXBuildFile; fileRef = 3D51101626F6CD7A00D24DD9 /* AppStyle.swift */; };
		3D51102E26F70DDD00D24DD9 /* Poppins-Regular.ttf in Resources */ = {isa = PBXBuildFile; fileRef = 3D51102D26F70DDD00D24DD9 /* Poppins-Regular.ttf */; };
		3D51103A26F7125600D24DD9 /* Poppins-SemiBold.ttf in Resources */ = {isa = PBXBuildFile; fileRef = 3D51103926F7125600D24DD9 /* Poppins-SemiBold.ttf */; };
		3D51104526F7167600D24DD9 /* Loadable.swift in Sources */ = {isa = PBXBuildFile; fileRef = 3D51104426F7167600D24DD9 /* Loadable.swift */; };
		3DC9BFEC26F95C7900D4DE6E /* HTTPAuthEndpoint.swift in Sources */ = {isa = PBXBuildFile; fileRef = 3DC9BFEB26F95C7900D4DE6E /* HTTPAuthEndpoint.swift */; };
		3DC9BFF126F98DA400D4DE6E /* ScrollableViewController.swift in Sources */ = {isa = PBXBuildFile; fileRef = 3DC9BFF026F98DA400D4DE6E /* ScrollableViewController.swift */; };
		3DDA079726F8E5D400016204 /* MainButton.swift in Sources */ = {isa = PBXBuildFile; fileRef = 3DDA079626F8E5D400016204 /* MainButton.swift */; };
		3DDA07B126F8EEB400016204 /* HTTPServer.swift in Sources */ = {isa = PBXBuildFile; fileRef = 3DDA07B026F8EEB400016204 /* HTTPServer.swift */; };
		3DDA07B526F8EF1300016204 /* AppConfig.swift in Sources */ = {isa = PBXBuildFile; fileRef = 3DDA07B426F8EF1300016204 /* AppConfig.swift */; };
		3DDA07B826F8FAE000016204 /* HTTPServerResponse.swift in Sources */ = {isa = PBXBuildFile; fileRef = 3DDA07B726F8FAE000016204 /* HTTPServerResponse.swift */; };
		3DF708BD26F2A4D200FD24CF /* AppDelegate.swift in Sources */ = {isa = PBXBuildFile; fileRef = 3DF708BC26F2A4D200FD24CF /* AppDelegate.swift */; };
		3DF708BF26F2A4D200FD24CF /* SceneDelegate.swift in Sources */ = {isa = PBXBuildFile; fileRef = 3DF708BE26F2A4D200FD24CF /* SceneDelegate.swift */; };
		3DF708C626F2A4D300FD24CF /* Assets.xcassets in Resources */ = {isa = PBXBuildFile; fileRef = 3DF708C526F2A4D300FD24CF /* Assets.xcassets */; };
		3DF708C926F2A4D300FD24CF /* LaunchScreen.storyboard in Resources */ = {isa = PBXBuildFile; fileRef = 3DF708C726F2A4D300FD24CF /* LaunchScreen.storyboard */; };
		3DF708EA26F2A8AA00FD24CF /* LoginViewController.swift in Sources */ = {isa = PBXBuildFile; fileRef = 3DF708E826F2A8AA00FD24CF /* LoginViewController.swift */; };
		3DF708EB26F2A8AA00FD24CF /* LoginViewController.xib in Resources */ = {isa = PBXBuildFile; fileRef = 3DF708E926F2A8AA00FD24CF /* LoginViewController.xib */; };
		3DF708F626F2AC3C00FD24CF /* LoginInteractor.swift in Sources */ = {isa = PBXBuildFile; fileRef = 3DF708F526F2AC3C00FD24CF /* LoginInteractor.swift */; };
		3DF708FC26F2B0AC00FD24CF /* LoginModule.swift in Sources */ = {isa = PBXBuildFile; fileRef = 3DF708FB26F2B0AC00FD24CF /* LoginModule.swift */; };
		3DF708FF26F2B2FC00FD24CF /* LoginRouter.swift in Sources */ = {isa = PBXBuildFile; fileRef = 3DF708FE26F2B2FC00FD24CF /* LoginRouter.swift */; };
		3DF7090226F2B41600FD24CF /* LoginPresenter.swift in Sources */ = {isa = PBXBuildFile; fileRef = 3DF7090126F2B41600FD24CF /* LoginPresenter.swift */; };
		8987A13886C670080144F6EC /* Pods_Payan.framework in Frameworks */ = {isa = PBXBuildFile; fileRef = 849CAD1D4BFE119895F955FB /* Pods_Payan.framework */; };
/* End PBXBuildFile section */

/* Begin PBXFileReference section */
		2767D1CEBE37CDFBD2B6A695 /* Pods-Payan.release.xcconfig */ = {isa = PBXFileReference; includeInIndex = 1; lastKnownFileType = text.xcconfig; name = "Pods-Payan.release.xcconfig"; path = "Target Support Files/Pods-Payan/Pods-Payan.release.xcconfig"; sourceTree = "<group>"; };
		2E7408D7FB0978814596FC7F /* Pods-Payan.debug.xcconfig */ = {isa = PBXFileReference; includeInIndex = 1; lastKnownFileType = text.xcconfig; name = "Pods-Payan.debug.xcconfig"; path = "Target Support Files/Pods-Payan/Pods-Payan.debug.xcconfig"; sourceTree = "<group>"; };
		3D13157426F92F4D00E451E0 /* Credential.swift */ = {isa = PBXFileReference; lastKnownFileType = sourcecode.swift; path = Credential.swift; sourceTree = "<group>"; };
		3D13157B26F959B700E451E0 /* HTTPEndpoint.swift */ = {isa = PBXFileReference; lastKnownFileType = sourcecode.swift; path = HTTPEndpoint.swift; sourceTree = "<group>"; };
		3D174FF826F6448E000B5D01 /* AuthService.swift */ = {isa = PBXFileReference; lastKnownFileType = sourcecode.swift; path = AuthService.swift; sourceTree = "<group>"; };
		3D426B3626F804F90019FEBA /* TextFieldForm.swift */ = {isa = PBXFileReference; lastKnownFileType = sourcecode.swift; path = TextFieldForm.swift; sourceTree = "<group>"; };
		3D51100326F6AAB500D24DD9 /* Console.swift */ = {isa = PBXFileReference; lastKnownFileType = sourcecode.swift; path = Console.swift; sourceTree = "<group>"; };
		3D51101626F6CD7A00D24DD9 /* AppStyle.swift */ = {isa = PBXFileReference; lastKnownFileType = sourcecode.swift; path = AppStyle.swift; sourceTree = "<group>"; };
		3D51102D26F70DDD00D24DD9 /* Poppins-Regular.ttf */ = {isa = PBXFileReference; lastKnownFileType = file; path = "Poppins-Regular.ttf"; sourceTree = "<group>"; };
		3D51103926F7125600D24DD9 /* Poppins-SemiBold.ttf */ = {isa = PBXFileReference; lastKnownFileType = file; path = "Poppins-SemiBold.ttf"; sourceTree = "<group>"; };
		3D51104426F7167600D24DD9 /* Loadable.swift */ = {isa = PBXFileReference; lastKnownFileType = sourcecode.swift; path = Loadable.swift; sourceTree = "<group>"; };
		3DC9BFEB26F95C7900D4DE6E /* HTTPAuthEndpoint.swift */ = {isa = PBXFileReference; lastKnownFileType = sourcecode.swift; path = HTTPAuthEndpoint.swift; sourceTree = "<group>"; };
		3DC9BFF026F98DA400D4DE6E /* ScrollableViewController.swift */ = {isa = PBXFileReference; lastKnownFileType = sourcecode.swift; path = ScrollableViewController.swift; sourceTree = "<group>"; };
		3DDA079626F8E5D400016204 /* MainButton.swift */ = {isa = PBXFileReference; fileEncoding = 4; lastKnownFileType = sourcecode.swift; path = MainButton.swift; sourceTree = "<group>"; };
		3DDA07B026F8EEB400016204 /* HTTPServer.swift */ = {isa = PBXFileReference; lastKnownFileType = sourcecode.swift; path = HTTPServer.swift; sourceTree = "<group>"; };
		3DDA07B426F8EF1300016204 /* AppConfig.swift */ = {isa = PBXFileReference; lastKnownFileType = sourcecode.swift; path = AppConfig.swift; sourceTree = "<group>"; };
		3DDA07B726F8FAE000016204 /* HTTPServerResponse.swift */ = {isa = PBXFileReference; lastKnownFileType = sourcecode.swift; path = HTTPServerResponse.swift; sourceTree = "<group>"; };
		3DF708B926F2A4D200FD24CF /* Payan.app */ = {isa = PBXFileReference; explicitFileType = wrapper.application; includeInIndex = 0; path = Payan.app; sourceTree = BUILT_PRODUCTS_DIR; };
		3DF708BC26F2A4D200FD24CF /* AppDelegate.swift */ = {isa = PBXFileReference; lastKnownFileType = sourcecode.swift; path = AppDelegate.swift; sourceTree = "<group>"; };
		3DF708BE26F2A4D200FD24CF /* SceneDelegate.swift */ = {isa = PBXFileReference; lastKnownFileType = sourcecode.swift; path = SceneDelegate.swift; sourceTree = "<group>"; };
		3DF708C526F2A4D300FD24CF /* Assets.xcassets */ = {isa = PBXFileReference; lastKnownFileType = folder.assetcatalog; path = Assets.xcassets; sourceTree = "<group>"; };
		3DF708C826F2A4D300FD24CF /* Base */ = {isa = PBXFileReference; lastKnownFileType = file.storyboard; name = Base; path = Base.lproj/LaunchScreen.storyboard; sourceTree = "<group>"; };
		3DF708CA26F2A4D300FD24CF /* Info.plist */ = {isa = PBXFileReference; lastKnownFileType = text.plist.xml; path = Info.plist; sourceTree = "<group>"; };
		3DF708E826F2A8AA00FD24CF /* LoginViewController.swift */ = {isa = PBXFileReference; lastKnownFileType = sourcecode.swift; path = LoginViewController.swift; sourceTree = "<group>"; };
		3DF708E926F2A8AA00FD24CF /* LoginViewController.xib */ = {isa = PBXFileReference; lastKnownFileType = file.xib; path = LoginViewController.xib; sourceTree = "<group>"; };
		3DF708F526F2AC3C00FD24CF /* LoginInteractor.swift */ = {isa = PBXFileReference; lastKnownFileType = sourcecode.swift; path = LoginInteractor.swift; sourceTree = "<group>"; };
		3DF708FB26F2B0AC00FD24CF /* LoginModule.swift */ = {isa = PBXFileReference; lastKnownFileType = sourcecode.swift; path = LoginModule.swift; sourceTree = "<group>"; };
		3DF708FE26F2B2FC00FD24CF /* LoginRouter.swift */ = {isa = PBXFileReference; lastKnownFileType = sourcecode.swift; path = LoginRouter.swift; sourceTree = "<group>"; };
		3DF7090126F2B41600FD24CF /* LoginPresenter.swift */ = {isa = PBXFileReference; lastKnownFileType = sourcecode.swift; path = LoginPresenter.swift; sourceTree = "<group>"; };
		849CAD1D4BFE119895F955FB /* Pods_Payan.framework */ = {isa = PBXFileReference; explicitFileType = wrapper.framework; includeInIndex = 0; path = Pods_Payan.framework; sourceTree = BUILT_PRODUCTS_DIR; };
/* End PBXFileReference section */

/* Begin PBXFrameworksBuildPhase section */
		3DF708B626F2A4D200FD24CF /* Frameworks */ = {
			isa = PBXFrameworksBuildPhase;
			buildActionMask = 2147483647;
			files = (
				8987A13886C670080144F6EC /* Pods_Payan.framework in Frameworks */,
			);
			runOnlyForDeploymentPostprocessing = 0;
		};
/* End PBXFrameworksBuildPhase section */

/* Begin PBXGroup section */
		3D07A3D927002F6F0000EC59 /* HTTP */ = {
			isa = PBXGroup;
			children = (
				3D13157A26F959A100E451E0 /* Base */,
				3D13157926F9599000E451E0 /* Endpoints */,
			);
			path = HTTP;
			sourceTree = "<group>";
		};
		3D13157326F92EFB00E451E0 /* Entities */ = {
			isa = PBXGroup;
			children = (
				3D13157426F92F4D00E451E0 /* Credential.swift */,
			);
			path = Entities;
			sourceTree = "<group>";
		};
		3D13157826F9597500E451E0 /* Auth */ = {
			isa = PBXGroup;
			children = (
				3DC9BFEB26F95C7900D4DE6E /* HTTPAuthEndpoint.swift */,
			);
			path = Auth;
			sourceTree = "<group>";
		};
		3D13157926F9599000E451E0 /* Endpoints */ = {
			isa = PBXGroup;
			children = (
				3D13157826F9597500E451E0 /* Auth */,
			);
			path = Endpoints;
			sourceTree = "<group>";
		};
		3D13157A26F959A100E451E0 /* Base */ = {
			isa = PBXGroup;
			children = (
				3DDA07B026F8EEB400016204 /* HTTPServer.swift */,
				3DDA07B726F8FAE000016204 /* HTTPServerResponse.swift */,
				3D13157B26F959B700E451E0 /* HTTPEndpoint.swift */,
			);
			path = Base;
			sourceTree = "<group>";
		};
		3D174FF626F6441E000B5D01 /* Services */ = {
			isa = PBXGroup;
			children = (
				3D174FF826F6448E000B5D01 /* AuthService.swift */,
			);
			path = Services;
			sourceTree = "<group>";
		};
		3D426B3426F801520019FEBA /* Text Field Form */ = {
			isa = PBXGroup;
			children = (
				3D426B3626F804F90019FEBA /* TextFieldForm.swift */,
			);
			path = "Text Field Form";
			sourceTree = "<group>";
		};
		3D51100126F6AA7700D24DD9 /* Logger */ = {
			isa = PBXGroup;
			children = (
				3D51100326F6AAB500D24DD9 /* Console.swift */,
			);
			path = Logger;
			sourceTree = "<group>";
		};
		3D51100226F6AA9700D24DD9 /* Utils */ = {
			isa = PBXGroup;
			children = (
				3DC9BFEF26F98D8D00D4DE6E /* Scroll */,
				3D51104326F7166600D24DD9 /* Loadable */,
				3D51100126F6AA7700D24DD9 /* Logger */,
			);
			path = Utils;
			sourceTree = "<group>";
		};
		3D51101526F6CD6B00D24DD9 /* Styles */ = {
			isa = PBXGroup;
			children = (
				3D51102C26F70DC900D24DD9 /* Fonts */,
				3D51101626F6CD7A00D24DD9 /* AppStyle.swift */,
			);
			path = Styles;
			sourceTree = "<group>";
		};
		3D51102626F6D52500D24DD9 /* Components */ = {
			isa = PBXGroup;
			children = (
				3D426B3426F801520019FEBA /* Text Field Form */,
				3D51102826F6D53A00D24DD9 /* Main Button */,
			);
			path = Components;
			sourceTree = "<group>";
		};
		3D51102826F6D53A00D24DD9 /* Main Button */ = {
			isa = PBXGroup;
			children = (
				3DDA079626F8E5D400016204 /* MainButton.swift */,
			);
			path = "Main Button";
			sourceTree = "<group>";
		};
		3D51102C26F70DC900D24DD9 /* Fonts */ = {
			isa = PBXGroup;
			children = (
				3D51103026F70DE000D24DD9 /* Poppins */,
			);
			path = Fonts;
			sourceTree = "<group>";
		};
		3D51103026F70DE000D24DD9 /* Poppins */ = {
			isa = PBXGroup;
			children = (
				3D51103926F7125600D24DD9 /* Poppins-SemiBold.ttf */,
				3D51102D26F70DDD00D24DD9 /* Poppins-Regular.ttf */,
			);
			path = Poppins;
			sourceTree = "<group>";
		};
		3D51104326F7166600D24DD9 /* Loadable */ = {
			isa = PBXGroup;
			children = (
				3D51104426F7167600D24DD9 /* Loadable.swift */,
			);
			path = Loadable;
			sourceTree = "<group>";
		};
		3DC9BFEF26F98D8D00D4DE6E /* Scroll */ = {
			isa = PBXGroup;
			children = (
				3DC9BFF026F98DA400D4DE6E /* ScrollableViewController.swift */,
			);
			path = Scroll;
			sourceTree = "<group>";
		};
		3DDA07A726F8EE4800016204 /* Networking */ = {
			isa = PBXGroup;
			children = (
				3D07A3D927002F6F0000EC59 /* HTTP */,
			);
			path = Networking;
			sourceTree = "<group>";
		};
		3DDA07B326F8EECE00016204 /* Config */ = {
			isa = PBXGroup;
			children = (
				3DDA07B426F8EF1300016204 /* AppConfig.swift */,
			);
			path = Config;
			sourceTree = "<group>";
		};
		3DF708B026F2A4D200FD24CF = {
			isa = PBXGroup;
			children = (
				3DF708BB26F2A4D200FD24CF /* Payan */,
				3DF708BA26F2A4D200FD24CF /* Products */,
				AA3FE27C50DAB7E89F681A09 /* Pods */,
				B3C1402E0D8D0309DD12B754 /* Frameworks */,
			);
			sourceTree = "<group>";
		};
		3DF708BA26F2A4D200FD24CF /* Products */ = {
			isa = PBXGroup;
			children = (
				3DF708B926F2A4D200FD24CF /* Payan.app */,
			);
			name = Products;
			sourceTree = "<group>";
		};
		3DF708BB26F2A4D200FD24CF /* Payan */ = {
			isa = PBXGroup;
			children = (
				3DF708D226F2A4DE00FD24CF /* AppDelegate */,
				3DF708D126F2A4DB00FD24CF /* App */,
				3DF708CA26F2A4D300FD24CF /* Info.plist */,
			);
			path = Payan;
			sourceTree = "<group>";
		};
		3DF708D126F2A4DB00FD24CF /* App */ = {
			isa = PBXGroup;
			children = (
				3DDA07B326F8EECE00016204 /* Config */,
				3DDA07A726F8EE4800016204 /* Networking */,
				3D51102626F6D52500D24DD9 /* Components */,
				3D51101526F6CD6B00D24DD9 /* Styles */,
				3D51100226F6AA9700D24DD9 /* Utils */,
				3D174FF626F6441E000B5D01 /* Services */,
				3DF708E526F2A64F00FD24CF /* Assets */,
				3DF708E426F2A64900FD24CF /* Modules */,
			);
			path = App;
			sourceTree = "<group>";
		};
		3DF708D226F2A4DE00FD24CF /* AppDelegate */ = {
			isa = PBXGroup;
			children = (
				3DF708BC26F2A4D200FD24CF /* AppDelegate.swift */,
				3DF708BE26F2A4D200FD24CF /* SceneDelegate.swift */,
				3DF708C726F2A4D300FD24CF /* LaunchScreen.storyboard */,
			);
			path = AppDelegate;
			sourceTree = "<group>";
		};
		3DF708E426F2A64900FD24CF /* Modules */ = {
			isa = PBXGroup;
			children = (
				3DF708E726F2A65A00FD24CF /* Login */,
			);
			path = Modules;
			sourceTree = "<group>";
		};
		3DF708E526F2A64F00FD24CF /* Assets */ = {
			isa = PBXGroup;
			children = (
				3DF708C526F2A4D300FD24CF /* Assets.xcassets */,
				3DF708E626F2A65500FD24CF /* Login */,
			);
			path = Assets;
			sourceTree = "<group>";
		};
		3DF708E626F2A65500FD24CF /* Login */ = {
			isa = PBXGroup;
			children = (
				3DF708E926F2A8AA00FD24CF /* LoginViewController.xib */,
			);
			path = Login;
			sourceTree = "<group>";
		};
		3DF708E726F2A65A00FD24CF /* Login */ = {
			isa = PBXGroup;
			children = (
				3DF708F126F2AC1300FD24CF /* Logic */,
				3DF708ED26F2ABCA00FD24CF /* UI */,
				3DF708FB26F2B0AC00FD24CF /* LoginModule.swift */,
			);
			path = Login;
			sourceTree = "<group>";
		};
		3DF708ED26F2ABCA00FD24CF /* UI */ = {
			isa = PBXGroup;
			children = (
				3DF708F026F2ABE500FD24CF /* View */,
				3DF708EF26F2ABE100FD24CF /* Presenter */,
				3DF708EE26F2ABDB00FD24CF /* Router */,
			);
			path = UI;
			sourceTree = "<group>";
		};
		3DF708EE26F2ABDB00FD24CF /* Router */ = {
			isa = PBXGroup;
			children = (
				3DF708FE26F2B2FC00FD24CF /* LoginRouter.swift */,
			);
			path = Router;
			sourceTree = "<group>";
		};
		3DF708EF26F2ABE100FD24CF /* Presenter */ = {
			isa = PBXGroup;
			children = (
				3DF7090126F2B41600FD24CF /* LoginPresenter.swift */,
			);
			path = Presenter;
			sourceTree = "<group>";
		};
		3DF708F026F2ABE500FD24CF /* View */ = {
			isa = PBXGroup;
			children = (
				3DF708E826F2A8AA00FD24CF /* LoginViewController.swift */,
			);
			path = View;
			sourceTree = "<group>";
		};
		3DF708F126F2AC1300FD24CF /* Logic */ = {
			isa = PBXGroup;
			children = (
				3D13157326F92EFB00E451E0 /* Entities */,
				3DF708F426F2AC3100FD24CF /* Interactor */,
			);
			path = Logic;
			sourceTree = "<group>";
		};
		3DF708F426F2AC3100FD24CF /* Interactor */ = {
			isa = PBXGroup;
			children = (
				3DF708F526F2AC3C00FD24CF /* LoginInteractor.swift */,
			);
			path = Interactor;
			sourceTree = "<group>";
		};
		AA3FE27C50DAB7E89F681A09 /* Pods */ = {
			isa = PBXGroup;
			children = (
				2E7408D7FB0978814596FC7F /* Pods-Payan.debug.xcconfig */,
				2767D1CEBE37CDFBD2B6A695 /* Pods-Payan.release.xcconfig */,
			);
			path = Pods;
			sourceTree = "<group>";
		};
		B3C1402E0D8D0309DD12B754 /* Frameworks */ = {
			isa = PBXGroup;
			children = (
				849CAD1D4BFE119895F955FB /* Pods_Payan.framework */,
			);
			name = Frameworks;
			sourceTree = "<group>";
		};
/* End PBXGroup section */

/* Begin PBXNativeTarget section */
		3DF708B826F2A4D200FD24CF /* Payan */ = {
			isa = PBXNativeTarget;
			buildConfigurationList = 3DF708CD26F2A4D300FD24CF /* Build configuration list for PBXNativeTarget "Payan" */;
			buildPhases = (
				770ABFB6267C75EC6089C85C /* [CP] Check Pods Manifest.lock */,
				3DF708B526F2A4D200FD24CF /* Sources */,
				3DF708B626F2A4D200FD24CF /* Frameworks */,
				3DF708B726F2A4D200FD24CF /* Resources */,
				2AF5CC5299441AF54A680A61 /* [CP] Embed Pods Frameworks */,
			);
			buildRules = (
			);
			dependencies = (
			);
			name = Payan;
			productName = Payan;
			productReference = 3DF708B926F2A4D200FD24CF /* Payan.app */;
			productType = "com.apple.product-type.application";
		};
/* End PBXNativeTarget section */

/* Begin PBXProject section */
		3DF708B126F2A4D200FD24CF /* Project object */ = {
			isa = PBXProject;
			attributes = {
				LastSwiftUpdateCheck = 1240;
				LastUpgradeCheck = 1240;
				TargetAttributes = {
					3DF708B826F2A4D200FD24CF = {
						CreatedOnToolsVersion = 12.4;
					};
				};
			};
			buildConfigurationList = 3DF708B426F2A4D200FD24CF /* Build configuration list for PBXProject "Payan" */;
			compatibilityVersion = "Xcode 9.3";
			developmentRegion = en;
			hasScannedForEncodings = 0;
			knownRegions = (
				en,
				Base,
			);
			mainGroup = 3DF708B026F2A4D200FD24CF;
			productRefGroup = 3DF708BA26F2A4D200FD24CF /* Products */;
			projectDirPath = "";
			projectRoot = "";
			targets = (
				3DF708B826F2A4D200FD24CF /* Payan */,
			);
		};
/* End PBXProject section */

/* Begin PBXResourcesBuildPhase section */
		3DF708B726F2A4D200FD24CF /* Resources */ = {
			isa = PBXResourcesBuildPhase;
			buildActionMask = 2147483647;
			files = (
				3D51103A26F7125600D24DD9 /* Poppins-SemiBold.ttf in Resources */,
				3DF708EB26F2A8AA00FD24CF /* LoginViewController.xib in Resources */,
				3DF708C926F2A4D300FD24CF /* LaunchScreen.storyboard in Resources */,
				3DF708C626F2A4D300FD24CF /* Assets.xcassets in Resources */,
				3D51102E26F70DDD00D24DD9 /* Poppins-Regular.ttf in Resources */,
			);
			runOnlyForDeploymentPostprocessing = 0;
		};
/* End PBXResourcesBuildPhase section */

/* Begin PBXShellScriptBuildPhase section */
		2AF5CC5299441AF54A680A61 /* [CP] Embed Pods Frameworks */ = {
			isa = PBXShellScriptBuildPhase;
			buildActionMask = 2147483647;
			files = (
			);
			inputFileListPaths = (
				"${PODS_ROOT}/Target Support Files/Pods-Payan/Pods-Payan-frameworks-${CONFIGURATION}-input-files.xcfilelist",
			);
			name = "[CP] Embed Pods Frameworks";
			outputFileListPaths = (
				"${PODS_ROOT}/Target Support Files/Pods-Payan/Pods-Payan-frameworks-${CONFIGURATION}-output-files.xcfilelist",
			);
			runOnlyForDeploymentPostprocessing = 0;
			shellPath = /bin/sh;
			shellScript = "\"${PODS_ROOT}/Target Support Files/Pods-Payan/Pods-Payan-frameworks.sh\"\n";
			showEnvVarsInLog = 0;
		};
		770ABFB6267C75EC6089C85C /* [CP] Check Pods Manifest.lock */ = {
			isa = PBXShellScriptBuildPhase;
			buildActionMask = 2147483647;
			files = (
			);
			inputFileListPaths = (
			);
			inputPaths = (
				"${PODS_PODFILE_DIR_PATH}/Podfile.lock",
				"${PODS_ROOT}/Manifest.lock",
			);
			name = "[CP] Check Pods Manifest.lock";
			outputFileListPaths = (
			);
			outputPaths = (
				"$(DERIVED_FILE_DIR)/Pods-Payan-checkManifestLockResult.txt",
			);
			runOnlyForDeploymentPostprocessing = 0;
			shellPath = /bin/sh;
			shellScript = "diff \"${PODS_PODFILE_DIR_PATH}/Podfile.lock\" \"${PODS_ROOT}/Manifest.lock\" > /dev/null\nif [ $? != 0 ] ; then\n    # print error to STDERR\n    echo \"error: The sandbox is not in sync with the Podfile.lock. Run 'pod install' or update your CocoaPods installation.\" >&2\n    exit 1\nfi\n# This output is used by Xcode 'outputs' to avoid re-running this script phase.\necho \"SUCCESS\" > \"${SCRIPT_OUTPUT_FILE_0}\"\n";
			showEnvVarsInLog = 0;
		};
/* End PBXShellScriptBuildPhase section */

/* Begin PBXSourcesBuildPhase section */
		3DF708B526F2A4D200FD24CF /* Sources */ = {
			isa = PBXSourcesBuildPhase;
			buildActionMask = 2147483647;
			files = (
				3DDA07B126F8EEB400016204 /* HTTPServer.swift in Sources */,
				3D13157526F92F4D00E451E0 /* Credential.swift in Sources */,
				3DDA07B526F8EF1300016204 /* AppConfig.swift in Sources */,
				3D51104526F7167600D24DD9 /* Loadable.swift in Sources */,
				3DC9BFEC26F95C7900D4DE6E /* HTTPAuthEndpoint.swift in Sources */,
				3DF708EA26F2A8AA00FD24CF /* LoginViewController.swift in Sources */,
				3D51101726F6CD7A00D24DD9 /* AppStyle.swift in Sources */,
				3DF7090226F2B41600FD24CF /* LoginPresenter.swift in Sources */,
				3D174FF926F6448E000B5D01 /* AuthService.swift in Sources */,
				3DDA07B826F8FAE000016204 /* HTTPServerResponse.swift in Sources */,
				3DF708FC26F2B0AC00FD24CF /* LoginModule.swift in Sources */,
				3D13157C26F959B700E451E0 /* HTTPEndpoint.swift in Sources */,
				3DF708BD26F2A4D200FD24CF /* AppDelegate.swift in Sources */,
				3DF708F626F2AC3C00FD24CF /* LoginInteractor.swift in Sources */,
				3DC9BFF126F98DA400D4DE6E /* ScrollableViewController.swift in Sources */,
				3D426B3726F804F90019FEBA /* TextFieldForm.swift in Sources */,
				3D51100426F6AAB500D24DD9 /* Console.swift in Sources */,
				3DF708FF26F2B2FC00FD24CF /* LoginRouter.swift in Sources */,
				3DF708BF26F2A4D200FD24CF /* SceneDelegate.swift in Sources */,
				3DDA079726F8E5D400016204 /* MainButton.swift in Sources */,
			);
			runOnlyForDeploymentPostprocessing = 0;
		};
/* End PBXSourcesBuildPhase section */

/* Begin PBXVariantGroup section */
		3DF708C726F2A4D300FD24CF /* LaunchScreen.storyboard */ = {
			isa = PBXVariantGroup;
			children = (
				3DF708C826F2A4D300FD24CF /* Base */,
			);
			name = LaunchScreen.storyboard;
			sourceTree = "<group>";
		};
/* End PBXVariantGroup section */

/* Begin XCBuildConfiguration section */
		3DF708CB26F2A4D300FD24CF /* Debug */ = {
			isa = XCBuildConfiguration;
			buildSettings = {
				ALWAYS_SEARCH_USER_PATHS = NO;
				CLANG_ANALYZER_NONNULL = YES;
				CLANG_ANALYZER_NUMBER_OBJECT_CONVERSION = YES_AGGRESSIVE;
				CLANG_CXX_LANGUAGE_STANDARD = "gnu++14";
				CLANG_CXX_LIBRARY = "libc++";
				CLANG_ENABLE_MODULES = YES;
				CLANG_ENABLE_OBJC_ARC = YES;
				CLANG_ENABLE_OBJC_WEAK = YES;
				CLANG_WARN_BLOCK_CAPTURE_AUTORELEASING = YES;
				CLANG_WARN_BOOL_CONVERSION = YES;
				CLANG_WARN_COMMA = YES;
				CLANG_WARN_CONSTANT_CONVERSION = YES;
				CLANG_WARN_DEPRECATED_OBJC_IMPLEMENTATIONS = YES;
				CLANG_WARN_DIRECT_OBJC_ISA_USAGE = YES_ERROR;
				CLANG_WARN_DOCUMENTATION_COMMENTS = YES;
				CLANG_WARN_EMPTY_BODY = YES;
				CLANG_WARN_ENUM_CONVERSION = YES;
				CLANG_WARN_INFINITE_RECURSION = YES;
				CLANG_WARN_INT_CONVERSION = YES;
				CLANG_WARN_NON_LITERAL_NULL_CONVERSION = YES;
				CLANG_WARN_OBJC_IMPLICIT_RETAIN_SELF = YES;
				CLANG_WARN_OBJC_LITERAL_CONVERSION = YES;
				CLANG_WARN_OBJC_ROOT_CLASS = YES_ERROR;
				CLANG_WARN_QUOTED_INCLUDE_IN_FRAMEWORK_HEADER = YES;
				CLANG_WARN_RANGE_LOOP_ANALYSIS = YES;
				CLANG_WARN_STRICT_PROTOTYPES = YES;
				CLANG_WARN_SUSPICIOUS_MOVE = YES;
				CLANG_WARN_UNGUARDED_AVAILABILITY = YES_AGGRESSIVE;
				CLANG_WARN_UNREACHABLE_CODE = YES;
				CLANG_WARN__DUPLICATE_METHOD_MATCH = YES;
				COPY_PHASE_STRIP = NO;
				DEBUG_INFORMATION_FORMAT = dwarf;
				ENABLE_STRICT_OBJC_MSGSEND = YES;
				ENABLE_TESTABILITY = YES;
				GCC_C_LANGUAGE_STANDARD = gnu11;
				GCC_DYNAMIC_NO_PIC = NO;
				GCC_NO_COMMON_BLOCKS = YES;
				GCC_OPTIMIZATION_LEVEL = 0;
				GCC_PREPROCESSOR_DEFINITIONS = (
					"DEBUG=1",
					"$(inherited)",
				);
				GCC_WARN_64_TO_32_BIT_CONVERSION = YES;
				GCC_WARN_ABOUT_RETURN_TYPE = YES_ERROR;
				GCC_WARN_UNDECLARED_SELECTOR = YES;
				GCC_WARN_UNINITIALIZED_AUTOS = YES_AGGRESSIVE;
				GCC_WARN_UNUSED_FUNCTION = YES;
				GCC_WARN_UNUSED_VARIABLE = YES;
				IPHONEOS_DEPLOYMENT_TARGET = 14.1;
				MTL_ENABLE_DEBUG_INFO = INCLUDE_SOURCE;
				MTL_FAST_MATH = YES;
				ONLY_ACTIVE_ARCH = YES;
				SDKROOT = iphoneos;
				SWIFT_ACTIVE_COMPILATION_CONDITIONS = DEBUG;
				SWIFT_OPTIMIZATION_LEVEL = "-Onone";
			};
			name = Debug;
		};
		3DF708CC26F2A4D300FD24CF /* Release */ = {
			isa = XCBuildConfiguration;
			buildSettings = {
				ALWAYS_SEARCH_USER_PATHS = NO;
				CLANG_ANALYZER_NONNULL = YES;
				CLANG_ANALYZER_NUMBER_OBJECT_CONVERSION = YES_AGGRESSIVE;
				CLANG_CXX_LANGUAGE_STANDARD = "gnu++14";
				CLANG_CXX_LIBRARY = "libc++";
				CLANG_ENABLE_MODULES = YES;
				CLANG_ENABLE_OBJC_ARC = YES;
				CLANG_ENABLE_OBJC_WEAK = YES;
				CLANG_WARN_BLOCK_CAPTURE_AUTORELEASING = YES;
				CLANG_WARN_BOOL_CONVERSION = YES;
				CLANG_WARN_COMMA = YES;
				CLANG_WARN_CONSTANT_CONVERSION = YES;
				CLANG_WARN_DEPRECATED_OBJC_IMPLEMENTATIONS = YES;
				CLANG_WARN_DIRECT_OBJC_ISA_USAGE = YES_ERROR;
				CLANG_WARN_DOCUMENTATION_COMMENTS = YES;
				CLANG_WARN_EMPTY_BODY = YES;
				CLANG_WARN_ENUM_CONVERSION = YES;
				CLANG_WARN_INFINITE_RECURSION = YES;
				CLANG_WARN_INT_CONVERSION = YES;
				CLANG_WARN_NON_LITERAL_NULL_CONVERSION = YES;
				CLANG_WARN_OBJC_IMPLICIT_RETAIN_SELF = YES;
				CLANG_WARN_OBJC_LITERAL_CONVERSION = YES;
				CLANG_WARN_OBJC_ROOT_CLASS = YES_ERROR;
				CLANG_WARN_QUOTED_INCLUDE_IN_FRAMEWORK_HEADER = YES;
				CLANG_WARN_RANGE_LOOP_ANALYSIS = YES;
				CLANG_WARN_STRICT_PROTOTYPES = YES;
				CLANG_WARN_SUSPICIOUS_MOVE = YES;
				CLANG_WARN_UNGUARDED_AVAILABILITY = YES_AGGRESSIVE;
				CLANG_WARN_UNREACHABLE_CODE = YES;
				CLANG_WARN__DUPLICATE_METHOD_MATCH = YES;
				COPY_PHASE_STRIP = NO;
				DEBUG_INFORMATION_FORMAT = "dwarf-with-dsym";
				ENABLE_NS_ASSERTIONS = NO;
				ENABLE_STRICT_OBJC_MSGSEND = YES;
				GCC_C_LANGUAGE_STANDARD = gnu11;
				GCC_NO_COMMON_BLOCKS = YES;
				GCC_WARN_64_TO_32_BIT_CONVERSION = YES;
				GCC_WARN_ABOUT_RETURN_TYPE = YES_ERROR;
				GCC_WARN_UNDECLARED_SELECTOR = YES;
				GCC_WARN_UNINITIALIZED_AUTOS = YES_AGGRESSIVE;
				GCC_WARN_UNUSED_FUNCTION = YES;
				GCC_WARN_UNUSED_VARIABLE = YES;
				IPHONEOS_DEPLOYMENT_TARGET = 14.1;
				MTL_ENABLE_DEBUG_INFO = NO;
				MTL_FAST_MATH = YES;
				SDKROOT = iphoneos;
				SWIFT_COMPILATION_MODE = wholemodule;
				SWIFT_OPTIMIZATION_LEVEL = "-O";
				VALIDATE_PRODUCT = YES;
			};
			name = Release;
		};
		3DF708CE26F2A4D300FD24CF /* Debug */ = {
			isa = XCBuildConfiguration;
			baseConfigurationReference = 2E7408D7FB0978814596FC7F /* Pods-Payan.debug.xcconfig */;
			buildSettings = {
				ASSETCATALOG_COMPILER_APPICON_NAME = AppIcon;
				ASSETCATALOG_COMPILER_GLOBAL_ACCENT_COLOR_NAME = AccentColor;
				CODE_SIGN_STYLE = Automatic;
				DEVELOPMENT_TEAM = 9TP4HMDZ7W;
				INFOPLIST_FILE = Payan/Info.plist;
				LD_RUNPATH_SEARCH_PATHS = (
					"$(inherited)",
					"@executable_path/Frameworks",
				);
				PRODUCT_BUNDLE_IDENTIFIER = juandahurt.Payan;
				PRODUCT_NAME = "$(TARGET_NAME)";
				SWIFT_VERSION = 5.0;
				TARGETED_DEVICE_FAMILY = 1;
			};
			name = Debug;
		};
		3DF708CF26F2A4D300FD24CF /* Release */ = {
			isa = XCBuildConfiguration;
			baseConfigurationReference = 2767D1CEBE37CDFBD2B6A695 /* Pods-Payan.release.xcconfig */;
			buildSettings = {
				ASSETCATALOG_COMPILER_APPICON_NAME = AppIcon;
				ASSETCATALOG_COMPILER_GLOBAL_ACCENT_COLOR_NAME = AccentColor;
				CODE_SIGN_STYLE = Automatic;
				DEVELOPMENT_TEAM = 9TP4HMDZ7W;
				INFOPLIST_FILE = Payan/Info.plist;
				LD_RUNPATH_SEARCH_PATHS = (
					"$(inherited)",
					"@executable_path/Frameworks",
				);
				PRODUCT_BUNDLE_IDENTIFIER = juandahurt.Payan;
				PRODUCT_NAME = "$(TARGET_NAME)";
				SWIFT_VERSION = 5.0;
				TARGETED_DEVICE_FAMILY = 1;
			};
			name = Release;
		};
/* End XCBuildConfiguration section */

/* Begin XCConfigurationList section */
		3DF708B426F2A4D200FD24CF /* Build configuration list for PBXProject "Payan" */ = {
			isa = XCConfigurationList;
			buildConfigurations = (
				3DF708CB26F2A4D300FD24CF /* Debug */,
				3DF708CC26F2A4D300FD24CF /* Release */,
			);
			defaultConfigurationIsVisible = 0;
			defaultConfigurationName = Release;
		};
		3DF708CD26F2A4D300FD24CF /* Build configuration list for PBXNativeTarget "Payan" */ = {
			isa = XCConfigurationList;
			buildConfigurations = (
				3DF708CE26F2A4D300FD24CF /* Debug */,
				3DF708CF26F2A4D300FD24CF /* Release */,
			);
			defaultConfigurationIsVisible = 0;
			defaultConfigurationName = Release;
		};
/* End XCConfigurationList section */
	};
	rootObject = 3DF708B126F2A4D200FD24CF /* Project object */;
}
