// !$*UTF8*$!
{
	archiveVersion = 1;
	classes = {
	};
	objectVersion = 51;
	objects = {

/* Begin PBXBuildFile section */
		3D0E9C21270A59CC00B593AD /* MainViewController.swift in Sources */ = {isa = PBXBuildFile; fileRef = 3D0E9C1F270A59CC00B593AD /* MainViewController.swift */; };
		3D0E9C28270A5E5500B593AD /* TabBarViewController.swift in Sources */ = {isa = PBXBuildFile; fileRef = 3D0E9C27270A5E5500B593AD /* TabBarViewController.swift */; };
		3D0E9C2F270A63A800B593AD /* HomeRouter.swift in Sources */ = {isa = PBXBuildFile; fileRef = 3D0E9C2E270A63A800B593AD /* HomeRouter.swift */; };
		3D0E9C33270A647D00B593AD /* BaseRouter.swift in Sources */ = {isa = PBXBuildFile; fileRef = 3D0E9C32270A647D00B593AD /* BaseRouter.swift */; };
		3D0E9C3A270A678000B593AD /* HomePresenter.swift in Sources */ = {isa = PBXBuildFile; fileRef = 3D0E9C39270A678000B593AD /* HomePresenter.swift */; };
		3D0E9C3E270A67C600B593AD /* BasePresenter.swift in Sources */ = {isa = PBXBuildFile; fileRef = 3D0E9C3D270A67C600B593AD /* BasePresenter.swift */; };
		3D0E9C42270A693200B593AD /* MainPresenter.swift in Sources */ = {isa = PBXBuildFile; fileRef = 3D0E9C41270A693200B593AD /* MainPresenter.swift */; };
		3D0E9C4C270A74CA00B593AD /* Utility.swift in Sources */ = {isa = PBXBuildFile; fileRef = 3D0E9C4B270A74CA00B593AD /* Utility.swift */; };
		3D13157526F92F4D00E451E0 /* Credential.swift in Sources */ = {isa = PBXBuildFile; fileRef = 3D13157426F92F4D00E451E0 /* Credential.swift */; };
		3D1F4CE92725232B003FDF4F /* LaunchRouter.swift in Sources */ = {isa = PBXBuildFile; fileRef = 3D1F4CE82725232B003FDF4F /* LaunchRouter.swift */; };
		3D1F4CEC2725234A003FDF4F /* LaunchPresenter.swift in Sources */ = {isa = PBXBuildFile; fileRef = 3D1F4CEB2725234A003FDF4F /* LaunchPresenter.swift */; };
		3D27BF01270A565A007143C8 /* MainModule.swift in Sources */ = {isa = PBXBuildFile; fileRef = 3D27BF00270A565A007143C8 /* MainModule.swift */; };
		3D27BF07270A568B007143C8 /* MainRouter.swift in Sources */ = {isa = PBXBuildFile; fileRef = 3D27BF06270A568B007143C8 /* MainRouter.swift */; };
		3D3A384A270A53D300E2EF94 /* HomeModule.swift in Sources */ = {isa = PBXBuildFile; fileRef = 3D3A3849270A53D300E2EF94 /* HomeModule.swift */; };
		3D3A3850270A541400E2EF94 /* HomeViewController.swift in Sources */ = {isa = PBXBuildFile; fileRef = 3D3A384E270A541400E2EF94 /* HomeViewController.swift */; };
		3D3A3851270A541400E2EF94 /* HomeViewController.xib in Resources */ = {isa = PBXBuildFile; fileRef = 3D3A384F270A541400E2EF94 /* HomeViewController.xib */; };
		3D426B3726F804F90019FEBA /* TextFieldForm.swift in Sources */ = {isa = PBXBuildFile; fileRef = 3D426B3626F804F90019FEBA /* TextFieldForm.swift */; };
		3D496F84277E34F3009BFF74 /* AnalyticsEvent.swift in Sources */ = {isa = PBXBuildFile; fileRef = 3D496F83277E34F3009BFF74 /* AnalyticsEvent.swift */; };
		3D496F87277E353C009BFF74 /* AnalyticsEngine.swift in Sources */ = {isa = PBXBuildFile; fileRef = 3D496F86277E353C009BFF74 /* AnalyticsEngine.swift */; };
		3D496F89277E357C009BFF74 /* AnalyticsManager.swift in Sources */ = {isa = PBXBuildFile; fileRef = 3D496F88277E357B009BFF74 /* AnalyticsManager.swift */; };
		3D496F8E277E39DF009BFF74 /* FirebaseAnalytics.swift in Sources */ = {isa = PBXBuildFile; fileRef = 3D496F8D277E39DF009BFF74 /* FirebaseAnalytics.swift */; };
		3D496F90277E4C90009BFF74 /* GoogleService-Info.plist in Resources */ = {isa = PBXBuildFile; fileRef = 3D496F8F277E4C90009BFF74 /* GoogleService-Info.plist */; };
		3D496F95277E4DA2009BFF74 /* PlaceAnalyticsEvent.swift in Sources */ = {isa = PBXBuildFile; fileRef = 3D496F94277E4DA2009BFF74 /* PlaceAnalyticsEvent.swift */; };
		3D496F99277E518C009BFF74 /* PlaceInteractor.swift in Sources */ = {isa = PBXBuildFile; fileRef = 3D496F98277E518C009BFF74 /* PlaceInteractor.swift */; };
		3D4A51CA271BDEBE00A7E0C1 /* Place.swift in Sources */ = {isa = PBXBuildFile; fileRef = 3D4A51C9271BDEBE00A7E0C1 /* Place.swift */; };
		3D4A51D0271BE2F900A7E0C1 /* HomeSectionItem.swift in Sources */ = {isa = PBXBuildFile; fileRef = 3D4A51CF271BE2F900A7E0C1 /* HomeSectionItem.swift */; };
		3D51100426F6AAB500D24DD9 /* Console.swift in Sources */ = {isa = PBXBuildFile; fileRef = 3D51100326F6AAB500D24DD9 /* Console.swift */; };
		3D51101726F6CD7A00D24DD9 /* AppStyle.swift in Sources */ = {isa = PBXBuildFile; fileRef = 3D51101626F6CD7A00D24DD9 /* AppStyle.swift */; };
		3D51102E26F70DDD00D24DD9 /* Poppins-Regular.ttf in Resources */ = {isa = PBXBuildFile; fileRef = 3D51102D26F70DDD00D24DD9 /* Poppins-Regular.ttf */; };
		3D51103A26F7125600D24DD9 /* Poppins-SemiBold.ttf in Resources */ = {isa = PBXBuildFile; fileRef = 3D51103926F7125600D24DD9 /* Poppins-SemiBold.ttf */; };
		3D51104526F7167600D24DD9 /* Loadable.swift in Sources */ = {isa = PBXBuildFile; fileRef = 3D51104426F7167600D24DD9 /* Loadable.swift */; };
		3D5402BA2778CA2F00256BCD /* HeaderView.swift in Sources */ = {isa = PBXBuildFile; fileRef = 3D5402B82778CA2F00256BCD /* HeaderView.swift */; };
		3D5402BB2778CA2F00256BCD /* HeaderView.xib in Resources */ = {isa = PBXBuildFile; fileRef = 3D5402B92778CA2F00256BCD /* HeaderView.xib */; };
		3D6678B927127A0200A34C70 /* UIViewController+Preview.swift in Sources */ = {isa = PBXBuildFile; fileRef = 3D6678B827127A0200A34C70 /* UIViewController+Preview.swift */; };
		3D677070273C1A6800FE1E55 /* SquishableView.swift in Sources */ = {isa = PBXBuildFile; fileRef = 3D67706F273C1A6800FE1E55 /* SquishableView.swift */; };
		3D69C11F27446FEA002982B3 /* UtilButton.swift in Sources */ = {isa = PBXBuildFile; fileRef = 3D69C11E27446FEA002982B3 /* UtilButton.swift */; };
		3D79AC9E272392A800ECB567 /* RESTClient.swift in Sources */ = {isa = PBXBuildFile; fileRef = 3D79AC9D272392A800ECB567 /* RESTClient.swift */; };
		3D79ACA0272394BA00ECB567 /* RESTEndpoint.swift in Sources */ = {isa = PBXBuildFile; fileRef = 3D79AC9F272394BA00ECB567 /* RESTEndpoint.swift */; };
		3D79ACA2272397EC00ECB567 /* RESTMethod.swift in Sources */ = {isa = PBXBuildFile; fileRef = 3D79ACA1272397EC00ECB567 /* RESTMethod.swift */; };
		3D79ACA62723995900ECB567 /* RESTServerResponse.swift in Sources */ = {isa = PBXBuildFile; fileRef = 3D79ACA52723995900ECB567 /* RESTServerResponse.swift */; };
		3D79ACA927239DA900ECB567 /* RESTError.swift in Sources */ = {isa = PBXBuildFile; fileRef = 3D79ACA827239DA900ECB567 /* RESTError.swift */; };
		3D79ACDB27249EB000ECB567 /* LocalLoginDataManager.swift in Sources */ = {isa = PBXBuildFile; fileRef = 3D79ACDA27249EB000ECB567 /* LocalLoginDataManager.swift */; };
		3D79ACDD27249EBE00ECB567 /* RemoteLoginDataManager.swift in Sources */ = {isa = PBXBuildFile; fileRef = 3D79ACDC27249EBE00ECB567 /* RemoteLoginDataManager.swift */; };
		3D79ACDF27249F7C00ECB567 /* UserSession.swift in Sources */ = {isa = PBXBuildFile; fileRef = 3D79ACDE27249F7C00ECB567 /* UserSession.swift */; };
		3D79ACE22724D0A000ECB567 /* LaunchModule.swift in Sources */ = {isa = PBXBuildFile; fileRef = 3D79ACE12724D0A000ECB567 /* LaunchModule.swift */; };
		3D79ACEA2724D13500ECB567 /* LaunchViewController.swift in Sources */ = {isa = PBXBuildFile; fileRef = 3D79ACE82724D13500ECB567 /* LaunchViewController.swift */; };
		3D79ACEB2724D13500ECB567 /* LaunchViewController.xib in Resources */ = {isa = PBXBuildFile; fileRef = 3D79ACE92724D13500ECB567 /* LaunchViewController.xib */; };
		3D8CCDE4272613BF00CB7EED /* AppVersion.swift in Sources */ = {isa = PBXBuildFile; fileRef = 3D8CCDE3272613BF00CB7EED /* AppVersion.swift */; };
		3D8CCDE62726141300CB7EED /* LaunchDataManager.swift in Sources */ = {isa = PBXBuildFile; fileRef = 3D8CCDE52726141300CB7EED /* LaunchDataManager.swift */; };
		3D8CCDE8272617EA00CB7EED /* LaunchInteractor.swift in Sources */ = {isa = PBXBuildFile; fileRef = 3D8CCDE7272617EA00CB7EED /* LaunchInteractor.swift */; };
		3D8CCDEA2726351E00CB7EED /* AppVersionValidation.swift in Sources */ = {isa = PBXBuildFile; fileRef = 3D8CCDE92726351E00CB7EED /* AppVersionValidation.swift */; };
		3D8CCDF227263BE800CB7EED /* AppUpdateViewController.swift in Sources */ = {isa = PBXBuildFile; fileRef = 3D8CCDF027263BE800CB7EED /* AppUpdateViewController.swift */; };
		3D8CCDF327263BE800CB7EED /* AppUpdateViewController.xib in Resources */ = {isa = PBXBuildFile; fileRef = 3D8CCDF127263BE800CB7EED /* AppUpdateViewController.xib */; };
		3D8CCDF627263CBC00CB7EED /* UIBottomSheet.swift in Sources */ = {isa = PBXBuildFile; fileRef = 3D8CCDF427263CBC00CB7EED /* UIBottomSheet.swift */; };
		3D8CCDF727263CBC00CB7EED /* UIBottomSheet.xib in Resources */ = {isa = PBXBuildFile; fileRef = 3D8CCDF527263CBC00CB7EED /* UIBottomSheet.xib */; };
		3DA5CA26271B8E7B00DD584E /* HomeInteractor.swift in Sources */ = {isa = PBXBuildFile; fileRef = 3DA5CA25271B8E7B00DD584E /* HomeInteractor.swift */; };
		3DA93B3E2732FB7300CC107B /* AppUpdateModule.swift in Sources */ = {isa = PBXBuildFile; fileRef = 3DA93B3D2732FB7300CC107B /* AppUpdateModule.swift */; };
		3DA93B422732FC8F00CC107B /* AppUpdatePresenter.swift in Sources */ = {isa = PBXBuildFile; fileRef = 3DA93B412732FC8F00CC107B /* AppUpdatePresenter.swift */; };
		3DA93B462733329E00CC107B /* AppUpdateRouter.swift in Sources */ = {isa = PBXBuildFile; fileRef = 3DA93B452733329E00CC107B /* AppUpdateRouter.swift */; };
		3DA93B5427333FA700CC107B /* SecondaryButton.swift in Sources */ = {isa = PBXBuildFile; fileRef = 3DA93B5327333FA700CC107B /* SecondaryButton.swift */; };
		3DA93B5727333FE000CC107B /* SquishableButton.swift in Sources */ = {isa = PBXBuildFile; fileRef = 3DA93B5627333FE000CC107B /* SquishableButton.swift */; };
		3DA9C8FB277CC92100E5588E /* Fact.swift in Sources */ = {isa = PBXBuildFile; fileRef = 3DA9C8FA277CC92100E5588E /* Fact.swift */; };
		3DB61EA2277FA9AE00F00091 /* MapModule.swift in Sources */ = {isa = PBXBuildFile; fileRef = 3DB61EA1277FA9AD00F00091 /* MapModule.swift */; };
		3DB61EA6277FAA4D00F00091 /* MapView.swift in Sources */ = {isa = PBXBuildFile; fileRef = 3DB61EA5277FAA4D00F00091 /* MapView.swift */; };
		3DB61EA9277FCDA100F00091 /* MapPresenter.swift in Sources */ = {isa = PBXBuildFile; fileRef = 3DB61EA8277FCDA100F00091 /* MapPresenter.swift */; };
		3DB61EAD277FCE1E00F00091 /* MapDataManager.swift in Sources */ = {isa = PBXBuildFile; fileRef = 3DB61EAC277FCE1E00F00091 /* MapDataManager.swift */; };
		3DB61EB0277FCE5D00F00091 /* MapInteractor.swift in Sources */ = {isa = PBXBuildFile; fileRef = 3DB61EAF277FCE5D00F00091 /* MapInteractor.swift */; };
		3DB61EB3277FE45C00F00091 /* PlaceAnnotationView.swift in Sources */ = {isa = PBXBuildFile; fileRef = 3DB61EB2277FE45C00F00091 /* PlaceAnnotationView.swift */; };
		3DB9D544277F552500E4D45A /* RESTClientAppDelegate.swift in Sources */ = {isa = PBXBuildFile; fileRef = 3DB9D543277F552500E4D45A /* RESTClientAppDelegate.swift */; };
		3DB9D546277F573F00E4D45A /* FirebaseAppDelegate.swift in Sources */ = {isa = PBXBuildFile; fileRef = 3DB9D545277F573F00E4D45A /* FirebaseAppDelegate.swift */; };
		3DB9D548277F584C00E4D45A /* AnalyticsAppDelegate.swift in Sources */ = {isa = PBXBuildFile; fileRef = 3DB9D547277F584C00E4D45A /* AnalyticsAppDelegate.swift */; };
		3DC9BFF126F98DA400D4DE6E /* ScrollableViewController.swift in Sources */ = {isa = PBXBuildFile; fileRef = 3DC9BFF026F98DA400D4DE6E /* ScrollableViewController.swift */; };
		3DCE7EB927459CB600860232 /* PlaceTitleViewController.swift in Sources */ = {isa = PBXBuildFile; fileRef = 3DCE7EB727459CB600860232 /* PlaceTitleViewController.swift */; };
		3DCE7EBA27459CB600860232 /* PlaceTitleViewController.xib in Resources */ = {isa = PBXBuildFile; fileRef = 3DCE7EB827459CB600860232 /* PlaceTitleViewController.xib */; };
		3DCE7EC52746B38F00860232 /* PlaceDescriptionViewController.swift in Sources */ = {isa = PBXBuildFile; fileRef = 3DCE7EC32746B38F00860232 /* PlaceDescriptionViewController.swift */; };
		3DCE7EC62746B38F00860232 /* PlaceDescriptionViewController.xib in Resources */ = {isa = PBXBuildFile; fileRef = 3DCE7EC42746B38F00860232 /* PlaceDescriptionViewController.xib */; };
		3DCE7ECB2746E7F500860232 /* PlaceDetails.swift in Sources */ = {isa = PBXBuildFile; fileRef = 3DCE7ECA2746E7F500860232 /* PlaceDetails.swift */; };
		3DD65DC3270CD2C90058273D /* PlaceCell.swift in Sources */ = {isa = PBXBuildFile; fileRef = 3DD65DC1270CD2C90058273D /* PlaceCell.swift */; };
		3DD65DC4270CD2C90058273D /* PlaceCell.xib in Resources */ = {isa = PBXBuildFile; fileRef = 3DD65DC2270CD2C90058273D /* PlaceCell.xib */; };
		3DD65DC9270CD3920058273D /* HomeSection.swift in Sources */ = {isa = PBXBuildFile; fileRef = 3DD65DC8270CD3920058273D /* HomeSection.swift */; };
		3DDA079726F8E5D400016204 /* MainButton.swift in Sources */ = {isa = PBXBuildFile; fileRef = 3DDA079626F8E5D400016204 /* MainButton.swift */; };
		3DDA07B526F8EF1300016204 /* AppConfig.swift in Sources */ = {isa = PBXBuildFile; fileRef = 3DDA07B426F8EF1300016204 /* AppConfig.swift */; };
		3DEC9C7D27431A750062BACF /* PlaceModule.swift in Sources */ = {isa = PBXBuildFile; fileRef = 3DEC9C7C27431A750062BACF /* PlaceModule.swift */; };
		3DEC9C8127431B340062BACF /* PlaceViewController.swift in Sources */ = {isa = PBXBuildFile; fileRef = 3DEC9C7F27431B340062BACF /* PlaceViewController.swift */; };
		3DEC9C8227431B340062BACF /* PlaceViewController.xib in Resources */ = {isa = PBXBuildFile; fileRef = 3DEC9C8027431B340062BACF /* PlaceViewController.xib */; };
		3DEC9C8E27431B980062BACF /* PlaceRouter.swift in Sources */ = {isa = PBXBuildFile; fileRef = 3DEC9C8D27431B980062BACF /* PlaceRouter.swift */; };
		3DEC9C9127431BF70062BACF /* PlacePresenter.swift in Sources */ = {isa = PBXBuildFile; fileRef = 3DEC9C9027431BF70062BACF /* PlacePresenter.swift */; };
		3DEEE5F2273ACE7B009D7341 /* HomeDataManager.swift in Sources */ = {isa = PBXBuildFile; fileRef = 3DEEE5F1273ACE7B009D7341 /* HomeDataManager.swift */; };
		3DEEE5F5273AD216009D7341 /* PlaceGroup.swift in Sources */ = {isa = PBXBuildFile; fileRef = 3DEEE5F4273AD216009D7341 /* PlaceGroup.swift */; };
		3DF1E8FE273C391A002466E0 /* CarouselViewController.swift in Sources */ = {isa = PBXBuildFile; fileRef = 3DF1E8FC273C391A002466E0 /* CarouselViewController.swift */; };
		3DF1E8FF273C391A002466E0 /* CarouselViewController.xib in Resources */ = {isa = PBXBuildFile; fileRef = 3DF1E8FD273C391A002466E0 /* CarouselViewController.xib */; };
		3DF708BD26F2A4D200FD24CF /* AppDelegate.swift in Sources */ = {isa = PBXBuildFile; fileRef = 3DF708BC26F2A4D200FD24CF /* AppDelegate.swift */; };
		3DF708BF26F2A4D200FD24CF /* SceneDelegate.swift in Sources */ = {isa = PBXBuildFile; fileRef = 3DF708BE26F2A4D200FD24CF /* SceneDelegate.swift */; };
		3DF708C626F2A4D300FD24CF /* Assets.xcassets in Resources */ = {isa = PBXBuildFile; fileRef = 3DF708C526F2A4D300FD24CF /* Assets.xcassets */; };
		3DF708C926F2A4D300FD24CF /* LaunchScreen.storyboard in Resources */ = {isa = PBXBuildFile; fileRef = 3DF708C726F2A4D300FD24CF /* LaunchScreen.storyboard */; };
		3DF708EA26F2A8AA00FD24CF /* LoginViewController.swift in Sources */ = {isa = PBXBuildFile; fileRef = 3DF708E826F2A8AA00FD24CF /* LoginViewController.swift */; };
		3DF708EB26F2A8AA00FD24CF /* LoginViewController.xib in Resources */ = {isa = PBXBuildFile; fileRef = 3DF708E926F2A8AA00FD24CF /* LoginViewController.xib */; };
		3DF708F626F2AC3C00FD24CF /* LoginInteractor.swift in Sources */ = {isa = PBXBuildFile; fileRef = 3DF708F526F2AC3C00FD24CF /* LoginInteractor.swift */; };
		3DF708FC26F2B0AC00FD24CF /* LoginModule.swift in Sources */ = {isa = PBXBuildFile; fileRef = 3DF708FB26F2B0AC00FD24CF /* LoginModule.swift */; };
		3DF708FF26F2B2FC00FD24CF /* LoginRouter.swift in Sources */ = {isa = PBXBuildFile; fileRef = 3DF708FE26F2B2FC00FD24CF /* LoginRouter.swift */; };
		3DF7090226F2B41600FD24CF /* LoginPresenter.swift in Sources */ = {isa = PBXBuildFile; fileRef = 3DF7090126F2B41600FD24CF /* LoginPresenter.swift */; };
		8987A13886C670080144F6EC /* Pods_Payan.framework in Frameworks */ = {isa = PBXBuildFile; fileRef = 849CAD1D4BFE119895F955FB /* Pods_Payan.framework */; };
/* End PBXBuildFile section */

/* Begin PBXFileReference section */
		2767D1CEBE37CDFBD2B6A695 /* Pods-Payan.release.xcconfig */ = {isa = PBXFileReference; includeInIndex = 1; lastKnownFileType = text.xcconfig; name = "Pods-Payan.release.xcconfig"; path = "Target Support Files/Pods-Payan/Pods-Payan.release.xcconfig"; sourceTree = "<group>"; };
		2E7408D7FB0978814596FC7F /* Pods-Payan.debug.xcconfig */ = {isa = PBXFileReference; includeInIndex = 1; lastKnownFileType = text.xcconfig; name = "Pods-Payan.debug.xcconfig"; path = "Target Support Files/Pods-Payan/Pods-Payan.debug.xcconfig"; sourceTree = "<group>"; };
		3D0E9C1F270A59CC00B593AD /* MainViewController.swift */ = {isa = PBXFileReference; lastKnownFileType = sourcecode.swift; path = MainViewController.swift; sourceTree = "<group>"; };
		3D0E9C27270A5E5500B593AD /* TabBarViewController.swift */ = {isa = PBXFileReference; lastKnownFileType = sourcecode.swift; path = TabBarViewController.swift; sourceTree = "<group>"; };
		3D0E9C2E270A63A800B593AD /* HomeRouter.swift */ = {isa = PBXFileReference; lastKnownFileType = sourcecode.swift; path = HomeRouter.swift; sourceTree = "<group>"; };
		3D0E9C32270A647D00B593AD /* BaseRouter.swift */ = {isa = PBXFileReference; lastKnownFileType = sourcecode.swift; path = BaseRouter.swift; sourceTree = "<group>"; };
		3D0E9C39270A678000B593AD /* HomePresenter.swift */ = {isa = PBXFileReference; lastKnownFileType = sourcecode.swift; path = HomePresenter.swift; sourceTree = "<group>"; };
		3D0E9C3D270A67C600B593AD /* BasePresenter.swift */ = {isa = PBXFileReference; lastKnownFileType = sourcecode.swift; path = BasePresenter.swift; sourceTree = "<group>"; };
		3D0E9C41270A693200B593AD /* MainPresenter.swift */ = {isa = PBXFileReference; lastKnownFileType = sourcecode.swift; path = MainPresenter.swift; sourceTree = "<group>"; };
		3D0E9C4B270A74CA00B593AD /* Utility.swift */ = {isa = PBXFileReference; lastKnownFileType = sourcecode.swift; path = Utility.swift; sourceTree = "<group>"; };
		3D13157426F92F4D00E451E0 /* Credential.swift */ = {isa = PBXFileReference; lastKnownFileType = sourcecode.swift; path = Credential.swift; sourceTree = "<group>"; };
		3D1F4CE82725232B003FDF4F /* LaunchRouter.swift */ = {isa = PBXFileReference; lastKnownFileType = sourcecode.swift; path = LaunchRouter.swift; sourceTree = "<group>"; };
		3D1F4CEB2725234A003FDF4F /* LaunchPresenter.swift */ = {isa = PBXFileReference; lastKnownFileType = sourcecode.swift; path = LaunchPresenter.swift; sourceTree = "<group>"; };
		3D27BF00270A565A007143C8 /* MainModule.swift */ = {isa = PBXFileReference; lastKnownFileType = sourcecode.swift; path = MainModule.swift; sourceTree = "<group>"; };
		3D27BF06270A568B007143C8 /* MainRouter.swift */ = {isa = PBXFileReference; lastKnownFileType = sourcecode.swift; path = MainRouter.swift; sourceTree = "<group>"; };
		3D3A3849270A53D300E2EF94 /* HomeModule.swift */ = {isa = PBXFileReference; lastKnownFileType = sourcecode.swift; path = HomeModule.swift; sourceTree = "<group>"; };
		3D3A384E270A541400E2EF94 /* HomeViewController.swift */ = {isa = PBXFileReference; lastKnownFileType = sourcecode.swift; path = HomeViewController.swift; sourceTree = "<group>"; };
		3D3A384F270A541400E2EF94 /* HomeViewController.xib */ = {isa = PBXFileReference; lastKnownFileType = file.xib; path = HomeViewController.xib; sourceTree = "<group>"; };
		3D426B3626F804F90019FEBA /* TextFieldForm.swift */ = {isa = PBXFileReference; lastKnownFileType = sourcecode.swift; path = TextFieldForm.swift; sourceTree = "<group>"; };
		3D496F83277E34F3009BFF74 /* AnalyticsEvent.swift */ = {isa = PBXFileReference; lastKnownFileType = sourcecode.swift; path = AnalyticsEvent.swift; sourceTree = "<group>"; };
		3D496F86277E353C009BFF74 /* AnalyticsEngine.swift */ = {isa = PBXFileReference; lastKnownFileType = sourcecode.swift; path = AnalyticsEngine.swift; sourceTree = "<group>"; };
		3D496F88277E357B009BFF74 /* AnalyticsManager.swift */ = {isa = PBXFileReference; lastKnownFileType = sourcecode.swift; path = AnalyticsManager.swift; sourceTree = "<group>"; };
		3D496F8D277E39DF009BFF74 /* FirebaseAnalytics.swift */ = {isa = PBXFileReference; lastKnownFileType = sourcecode.swift; path = FirebaseAnalytics.swift; sourceTree = "<group>"; };
		3D496F8F277E4C90009BFF74 /* GoogleService-Info.plist */ = {isa = PBXFileReference; fileEncoding = 4; lastKnownFileType = text.plist.xml; path = "GoogleService-Info.plist"; sourceTree = "<group>"; };
		3D496F94277E4DA2009BFF74 /* PlaceAnalyticsEvent.swift */ = {isa = PBXFileReference; lastKnownFileType = sourcecode.swift; path = PlaceAnalyticsEvent.swift; sourceTree = "<group>"; };
		3D496F98277E518C009BFF74 /* PlaceInteractor.swift */ = {isa = PBXFileReference; lastKnownFileType = sourcecode.swift; path = PlaceInteractor.swift; sourceTree = "<group>"; };
		3D4A51C9271BDEBE00A7E0C1 /* Place.swift */ = {isa = PBXFileReference; lastKnownFileType = sourcecode.swift; path = Place.swift; sourceTree = "<group>"; };
		3D4A51CF271BE2F900A7E0C1 /* HomeSectionItem.swift */ = {isa = PBXFileReference; lastKnownFileType = sourcecode.swift; path = HomeSectionItem.swift; sourceTree = "<group>"; };
		3D51100326F6AAB500D24DD9 /* Console.swift */ = {isa = PBXFileReference; lastKnownFileType = sourcecode.swift; path = Console.swift; sourceTree = "<group>"; };
		3D51101626F6CD7A00D24DD9 /* AppStyle.swift */ = {isa = PBXFileReference; lastKnownFileType = sourcecode.swift; path = AppStyle.swift; sourceTree = "<group>"; };
		3D51102D26F70DDD00D24DD9 /* Poppins-Regular.ttf */ = {isa = PBXFileReference; lastKnownFileType = file; path = "Poppins-Regular.ttf"; sourceTree = "<group>"; };
		3D51103926F7125600D24DD9 /* Poppins-SemiBold.ttf */ = {isa = PBXFileReference; lastKnownFileType = file; path = "Poppins-SemiBold.ttf"; sourceTree = "<group>"; };
		3D51104426F7167600D24DD9 /* Loadable.swift */ = {isa = PBXFileReference; lastKnownFileType = sourcecode.swift; path = Loadable.swift; sourceTree = "<group>"; };
		3D5402B82778CA2F00256BCD /* HeaderView.swift */ = {isa = PBXFileReference; lastKnownFileType = sourcecode.swift; path = HeaderView.swift; sourceTree = "<group>"; };
		3D5402B92778CA2F00256BCD /* HeaderView.xib */ = {isa = PBXFileReference; lastKnownFileType = file.xib; path = HeaderView.xib; sourceTree = "<group>"; };
		3D6678B827127A0200A34C70 /* UIViewController+Preview.swift */ = {isa = PBXFileReference; lastKnownFileType = sourcecode.swift; path = "UIViewController+Preview.swift"; sourceTree = "<group>"; };
		3D67706F273C1A6800FE1E55 /* SquishableView.swift */ = {isa = PBXFileReference; lastKnownFileType = sourcecode.swift; path = SquishableView.swift; sourceTree = "<group>"; };
		3D69C11E27446FEA002982B3 /* UtilButton.swift */ = {isa = PBXFileReference; lastKnownFileType = sourcecode.swift; path = UtilButton.swift; sourceTree = "<group>"; };
		3D79AC9D272392A800ECB567 /* RESTClient.swift */ = {isa = PBXFileReference; lastKnownFileType = sourcecode.swift; path = RESTClient.swift; sourceTree = "<group>"; };
		3D79AC9F272394BA00ECB567 /* RESTEndpoint.swift */ = {isa = PBXFileReference; lastKnownFileType = sourcecode.swift; path = RESTEndpoint.swift; sourceTree = "<group>"; };
		3D79ACA1272397EC00ECB567 /* RESTMethod.swift */ = {isa = PBXFileReference; lastKnownFileType = sourcecode.swift; path = RESTMethod.swift; sourceTree = "<group>"; };
		3D79ACA52723995900ECB567 /* RESTServerResponse.swift */ = {isa = PBXFileReference; lastKnownFileType = sourcecode.swift; path = RESTServerResponse.swift; sourceTree = "<group>"; };
		3D79ACA827239DA900ECB567 /* RESTError.swift */ = {isa = PBXFileReference; lastKnownFileType = sourcecode.swift; path = RESTError.swift; sourceTree = "<group>"; };
		3D79ACDA27249EB000ECB567 /* LocalLoginDataManager.swift */ = {isa = PBXFileReference; lastKnownFileType = sourcecode.swift; path = LocalLoginDataManager.swift; sourceTree = "<group>"; };
		3D79ACDC27249EBE00ECB567 /* RemoteLoginDataManager.swift */ = {isa = PBXFileReference; lastKnownFileType = sourcecode.swift; path = RemoteLoginDataManager.swift; sourceTree = "<group>"; };
		3D79ACDE27249F7C00ECB567 /* UserSession.swift */ = {isa = PBXFileReference; lastKnownFileType = sourcecode.swift; path = UserSession.swift; sourceTree = "<group>"; };
		3D79ACE12724D0A000ECB567 /* LaunchModule.swift */ = {isa = PBXFileReference; lastKnownFileType = sourcecode.swift; path = LaunchModule.swift; sourceTree = "<group>"; };
		3D79ACE82724D13500ECB567 /* LaunchViewController.swift */ = {isa = PBXFileReference; lastKnownFileType = sourcecode.swift; path = LaunchViewController.swift; sourceTree = "<group>"; };
		3D79ACE92724D13500ECB567 /* LaunchViewController.xib */ = {isa = PBXFileReference; lastKnownFileType = file.xib; path = LaunchViewController.xib; sourceTree = "<group>"; };
		3D8CCDE3272613BF00CB7EED /* AppVersion.swift */ = {isa = PBXFileReference; lastKnownFileType = sourcecode.swift; path = AppVersion.swift; sourceTree = "<group>"; };
		3D8CCDE52726141300CB7EED /* LaunchDataManager.swift */ = {isa = PBXFileReference; lastKnownFileType = sourcecode.swift; path = LaunchDataManager.swift; sourceTree = "<group>"; };
		3D8CCDE7272617EA00CB7EED /* LaunchInteractor.swift */ = {isa = PBXFileReference; lastKnownFileType = sourcecode.swift; path = LaunchInteractor.swift; sourceTree = "<group>"; };
		3D8CCDE92726351E00CB7EED /* AppVersionValidation.swift */ = {isa = PBXFileReference; lastKnownFileType = sourcecode.swift; path = AppVersionValidation.swift; sourceTree = "<group>"; };
		3D8CCDF027263BE800CB7EED /* AppUpdateViewController.swift */ = {isa = PBXFileReference; lastKnownFileType = sourcecode.swift; path = AppUpdateViewController.swift; sourceTree = "<group>"; };
		3D8CCDF127263BE800CB7EED /* AppUpdateViewController.xib */ = {isa = PBXFileReference; lastKnownFileType = file.xib; path = AppUpdateViewController.xib; sourceTree = "<group>"; };
		3D8CCDF427263CBC00CB7EED /* UIBottomSheet.swift */ = {isa = PBXFileReference; lastKnownFileType = sourcecode.swift; path = UIBottomSheet.swift; sourceTree = "<group>"; };
		3D8CCDF527263CBC00CB7EED /* UIBottomSheet.xib */ = {isa = PBXFileReference; lastKnownFileType = file.xib; path = UIBottomSheet.xib; sourceTree = "<group>"; };
		3DA5CA25271B8E7B00DD584E /* HomeInteractor.swift */ = {isa = PBXFileReference; lastKnownFileType = sourcecode.swift; path = HomeInteractor.swift; sourceTree = "<group>"; };
		3DA93B3D2732FB7300CC107B /* AppUpdateModule.swift */ = {isa = PBXFileReference; lastKnownFileType = sourcecode.swift; path = AppUpdateModule.swift; sourceTree = "<group>"; };
		3DA93B412732FC8F00CC107B /* AppUpdatePresenter.swift */ = {isa = PBXFileReference; lastKnownFileType = sourcecode.swift; path = AppUpdatePresenter.swift; sourceTree = "<group>"; };
		3DA93B452733329E00CC107B /* AppUpdateRouter.swift */ = {isa = PBXFileReference; lastKnownFileType = sourcecode.swift; path = AppUpdateRouter.swift; sourceTree = "<group>"; };
		3DA93B5327333FA700CC107B /* SecondaryButton.swift */ = {isa = PBXFileReference; lastKnownFileType = sourcecode.swift; path = SecondaryButton.swift; sourceTree = "<group>"; };
		3DA93B5627333FE000CC107B /* SquishableButton.swift */ = {isa = PBXFileReference; lastKnownFileType = sourcecode.swift; path = SquishableButton.swift; sourceTree = "<group>"; };
		3DA9C8FA277CC92100E5588E /* Fact.swift */ = {isa = PBXFileReference; lastKnownFileType = sourcecode.swift; path = Fact.swift; sourceTree = "<group>"; };
		3DB61EA1277FA9AD00F00091 /* MapModule.swift */ = {isa = PBXFileReference; lastKnownFileType = sourcecode.swift; path = MapModule.swift; sourceTree = "<group>"; };
		3DB61EA5277FAA4D00F00091 /* MapView.swift */ = {isa = PBXFileReference; lastKnownFileType = sourcecode.swift; path = MapView.swift; sourceTree = "<group>"; };
		3DB61EA8277FCDA100F00091 /* MapPresenter.swift */ = {isa = PBXFileReference; lastKnownFileType = sourcecode.swift; path = MapPresenter.swift; sourceTree = "<group>"; };
		3DB61EAC277FCE1E00F00091 /* MapDataManager.swift */ = {isa = PBXFileReference; lastKnownFileType = sourcecode.swift; path = MapDataManager.swift; sourceTree = "<group>"; };
		3DB61EAF277FCE5D00F00091 /* MapInteractor.swift */ = {isa = PBXFileReference; lastKnownFileType = sourcecode.swift; path = MapInteractor.swift; sourceTree = "<group>"; };
		3DB61EB2277FE45C00F00091 /* PlaceAnnotationView.swift */ = {isa = PBXFileReference; lastKnownFileType = sourcecode.swift; path = PlaceAnnotationView.swift; sourceTree = "<group>"; };
		3DB9D543277F552500E4D45A /* RESTClientAppDelegate.swift */ = {isa = PBXFileReference; lastKnownFileType = sourcecode.swift; path = RESTClientAppDelegate.swift; sourceTree = "<group>"; };
		3DB9D545277F573F00E4D45A /* FirebaseAppDelegate.swift */ = {isa = PBXFileReference; lastKnownFileType = sourcecode.swift; path = FirebaseAppDelegate.swift; sourceTree = "<group>"; };
		3DB9D547277F584C00E4D45A /* AnalyticsAppDelegate.swift */ = {isa = PBXFileReference; lastKnownFileType = sourcecode.swift; path = AnalyticsAppDelegate.swift; sourceTree = "<group>"; };
		3DC9BFF026F98DA400D4DE6E /* ScrollableViewController.swift */ = {isa = PBXFileReference; lastKnownFileType = sourcecode.swift; path = ScrollableViewController.swift; sourceTree = "<group>"; };
		3DCE7EB727459CB600860232 /* PlaceTitleViewController.swift */ = {isa = PBXFileReference; lastKnownFileType = sourcecode.swift; path = PlaceTitleViewController.swift; sourceTree = "<group>"; };
		3DCE7EB827459CB600860232 /* PlaceTitleViewController.xib */ = {isa = PBXFileReference; lastKnownFileType = file.xib; path = PlaceTitleViewController.xib; sourceTree = "<group>"; };
		3DCE7EC32746B38F00860232 /* PlaceDescriptionViewController.swift */ = {isa = PBXFileReference; lastKnownFileType = sourcecode.swift; path = PlaceDescriptionViewController.swift; sourceTree = "<group>"; };
		3DCE7EC42746B38F00860232 /* PlaceDescriptionViewController.xib */ = {isa = PBXFileReference; lastKnownFileType = file.xib; path = PlaceDescriptionViewController.xib; sourceTree = "<group>"; };
		3DCE7ECA2746E7F500860232 /* PlaceDetails.swift */ = {isa = PBXFileReference; lastKnownFileType = sourcecode.swift; path = PlaceDetails.swift; sourceTree = "<group>"; };
		3DD65DC1270CD2C90058273D /* PlaceCell.swift */ = {isa = PBXFileReference; lastKnownFileType = sourcecode.swift; path = PlaceCell.swift; sourceTree = "<group>"; };
		3DD65DC2270CD2C90058273D /* PlaceCell.xib */ = {isa = PBXFileReference; lastKnownFileType = file.xib; path = PlaceCell.xib; sourceTree = "<group>"; };
		3DD65DC8270CD3920058273D /* HomeSection.swift */ = {isa = PBXFileReference; lastKnownFileType = sourcecode.swift; path = HomeSection.swift; sourceTree = "<group>"; };
		3DDA079626F8E5D400016204 /* MainButton.swift */ = {isa = PBXFileReference; fileEncoding = 4; lastKnownFileType = sourcecode.swift; path = MainButton.swift; sourceTree = "<group>"; };
		3DDA07B426F8EF1300016204 /* AppConfig.swift */ = {isa = PBXFileReference; lastKnownFileType = sourcecode.swift; path = AppConfig.swift; sourceTree = "<group>"; };
		3DEC9C7C27431A750062BACF /* PlaceModule.swift */ = {isa = PBXFileReference; lastKnownFileType = sourcecode.swift; path = PlaceModule.swift; sourceTree = "<group>"; };
		3DEC9C7F27431B340062BACF /* PlaceViewController.swift */ = {isa = PBXFileReference; lastKnownFileType = sourcecode.swift; path = PlaceViewController.swift; sourceTree = "<group>"; };
		3DEC9C8027431B340062BACF /* PlaceViewController.xib */ = {isa = PBXFileReference; lastKnownFileType = file.xib; path = PlaceViewController.xib; sourceTree = "<group>"; };
		3DEC9C8D27431B980062BACF /* PlaceRouter.swift */ = {isa = PBXFileReference; lastKnownFileType = sourcecode.swift; path = PlaceRouter.swift; sourceTree = "<group>"; };
		3DEC9C9027431BF70062BACF /* PlacePresenter.swift */ = {isa = PBXFileReference; lastKnownFileType = sourcecode.swift; path = PlacePresenter.swift; sourceTree = "<group>"; };
		3DEEE5F1273ACE7B009D7341 /* HomeDataManager.swift */ = {isa = PBXFileReference; lastKnownFileType = sourcecode.swift; path = HomeDataManager.swift; sourceTree = "<group>"; };
		3DEEE5F4273AD216009D7341 /* PlaceGroup.swift */ = {isa = PBXFileReference; lastKnownFileType = sourcecode.swift; path = PlaceGroup.swift; sourceTree = "<group>"; };
		3DF1E8FC273C391A002466E0 /* CarouselViewController.swift */ = {isa = PBXFileReference; lastKnownFileType = sourcecode.swift; path = CarouselViewController.swift; sourceTree = "<group>"; };
		3DF1E8FD273C391A002466E0 /* CarouselViewController.xib */ = {isa = PBXFileReference; lastKnownFileType = file.xib; path = CarouselViewController.xib; sourceTree = "<group>"; };
		3DF708B926F2A4D200FD24CF /* Payan.app */ = {isa = PBXFileReference; explicitFileType = wrapper.application; includeInIndex = 0; path = Payan.app; sourceTree = BUILT_PRODUCTS_DIR; };
		3DF708BC26F2A4D200FD24CF /* AppDelegate.swift */ = {isa = PBXFileReference; lastKnownFileType = sourcecode.swift; path = AppDelegate.swift; sourceTree = "<group>"; };
		3DF708BE26F2A4D200FD24CF /* SceneDelegate.swift */ = {isa = PBXFileReference; lastKnownFileType = sourcecode.swift; path = SceneDelegate.swift; sourceTree = "<group>"; };
		3DF708C526F2A4D300FD24CF /* Assets.xcassets */ = {isa = PBXFileReference; lastKnownFileType = folder.assetcatalog; path = Assets.xcassets; sourceTree = "<group>"; };
		3DF708C826F2A4D300FD24CF /* Base */ = {isa = PBXFileReference; lastKnownFileType = file.storyboard; name = Base; path = Base.lproj/LaunchScreen.storyboard; sourceTree = "<group>"; };
		3DF708CA26F2A4D300FD24CF /* Info.plist */ = {isa = PBXFileReference; lastKnownFileType = text.plist.xml; path = Info.plist; sourceTree = "<group>"; };
		3DF708E826F2A8AA00FD24CF /* LoginViewController.swift */ = {isa = PBXFileReference; lastKnownFileType = sourcecode.swift; path = LoginViewController.swift; sourceTree = "<group>"; };
		3DF708E926F2A8AA00FD24CF /* LoginViewController.xib */ = {isa = PBXFileReference; lastKnownFileType = file.xib; path = LoginViewController.xib; sourceTree = "<group>"; };
		3DF708F526F2AC3C00FD24CF /* LoginInteractor.swift */ = {isa = PBXFileReference; lastKnownFileType = sourcecode.swift; path = LoginInteractor.swift; sourceTree = "<group>"; };
		3DF708FB26F2B0AC00FD24CF /* LoginModule.swift */ = {isa = PBXFileReference; lastKnownFileType = sourcecode.swift; path = LoginModule.swift; sourceTree = "<group>"; };
		3DF708FE26F2B2FC00FD24CF /* LoginRouter.swift */ = {isa = PBXFileReference; lastKnownFileType = sourcecode.swift; path = LoginRouter.swift; sourceTree = "<group>"; };
		3DF7090126F2B41600FD24CF /* LoginPresenter.swift */ = {isa = PBXFileReference; lastKnownFileType = sourcecode.swift; path = LoginPresenter.swift; sourceTree = "<group>"; };
		849CAD1D4BFE119895F955FB /* Pods_Payan.framework */ = {isa = PBXFileReference; explicitFileType = wrapper.framework; includeInIndex = 0; path = Pods_Payan.framework; sourceTree = BUILT_PRODUCTS_DIR; };
/* End PBXFileReference section */

/* Begin PBXFrameworksBuildPhase section */
		3DF708B626F2A4D200FD24CF /* Frameworks */ = {
			isa = PBXFrameworksBuildPhase;
			buildActionMask = 2147483647;
			files = (
				8987A13886C670080144F6EC /* Pods_Payan.framework in Frameworks */,
			);
			runOnlyForDeploymentPostprocessing = 0;
		};
/* End PBXFrameworksBuildPhase section */

/* Begin PBXGroup section */
		3D0E9C26270A5E2500B593AD /* Tab Bar View Controller */ = {
			isa = PBXGroup;
			children = (
				3D0E9C27270A5E5500B593AD /* TabBarViewController.swift */,
			);
			path = "Tab Bar View Controller";
			sourceTree = "<group>";
		};
		3D0E9C2C270A639800B593AD /* View */ = {
			isa = PBXGroup;
			children = (
				3DD65DBA270CD2390058273D /* Cells */,
				3D3A384E270A541400E2EF94 /* HomeViewController.swift */,
				3D3A384F270A541400E2EF94 /* HomeViewController.xib */,
			);
			path = View;
			sourceTree = "<group>";
		};
		3D0E9C2D270A639E00B593AD /* Router */ = {
			isa = PBXGroup;
			children = (
				3D0E9C2E270A63A800B593AD /* HomeRouter.swift */,
			);
			path = Router;
			sourceTree = "<group>";
		};
		3D0E9C31270A647400B593AD /* Base */ = {
			isa = PBXGroup;
			children = (
				3D6678C1271391AF00A34C70 /* Presenter */,
				3D6678C0271391A800A34C70 /* Router */,
				3D6678BF2713919200A34C70 /* View */,
			);
			path = Base;
			sourceTree = "<group>";
		};
		3D0E9C38270A677100B593AD /* Presenter */ = {
			isa = PBXGroup;
			children = (
				3D0E9C39270A678000B593AD /* HomePresenter.swift */,
			);
			path = Presenter;
			sourceTree = "<group>";
		};
		3D0E9C40270A692600B593AD /* Presenter */ = {
			isa = PBXGroup;
			children = (
				3D0E9C41270A693200B593AD /* MainPresenter.swift */,
			);
			path = Presenter;
			sourceTree = "<group>";
		};
		3D13157326F92EFB00E451E0 /* Entities */ = {
			isa = PBXGroup;
			children = (
				3D13157426F92F4D00E451E0 /* Credential.swift */,
				3D79ACDE27249F7C00ECB567 /* UserSession.swift */,
			);
			path = Entities;
			sourceTree = "<group>";
		};
		3D1F4CE72725231C003FDF4F /* Router */ = {
			isa = PBXGroup;
			children = (
				3D1F4CE82725232B003FDF4F /* LaunchRouter.swift */,
			);
			path = Router;
			sourceTree = "<group>";
		};
		3D1F4CEA2725233F003FDF4F /* Presenter */ = {
			isa = PBXGroup;
			children = (
				3D1F4CEB2725234A003FDF4F /* LaunchPresenter.swift */,
			);
			path = Presenter;
			sourceTree = "<group>";
		};
		3D27BF04270A567B007143C8 /* Router */ = {
			isa = PBXGroup;
			children = (
				3D27BF06270A568B007143C8 /* MainRouter.swift */,
			);
			path = Router;
			sourceTree = "<group>";
		};
		3D27BF05270A5680007143C8 /* View */ = {
			isa = PBXGroup;
			children = (
				3D0E9C1F270A59CC00B593AD /* MainViewController.swift */,
			);
			path = View;
			sourceTree = "<group>";
		};
		3D3A3848270A53C700E2EF94 /* Home */ = {
			isa = PBXGroup;
			children = (
				3DEEE5F0273ACE6F009D7341 /* Data */,
				3DA5CA23271B8E6300DD584E /* Logic */,
				3D3A384C270A53F000E2EF94 /* UI */,
				3D3A3849270A53D300E2EF94 /* HomeModule.swift */,
			);
			path = Home;
			sourceTree = "<group>";
		};
		3D3A384C270A53F000E2EF94 /* UI */ = {
			isa = PBXGroup;
			children = (
				3D0E9C38270A677100B593AD /* Presenter */,
				3D0E9C2D270A639E00B593AD /* Router */,
				3D0E9C2C270A639800B593AD /* View */,
			);
			path = UI;
			sourceTree = "<group>";
		};
		3D3A3854270A548400E2EF94 /* Main */ = {
			isa = PBXGroup;
			children = (
				3D3A3855270A548900E2EF94 /* UI */,
				3D27BF00270A565A007143C8 /* MainModule.swift */,
			);
			path = Main;
			sourceTree = "<group>";
		};
		3D3A3855270A548900E2EF94 /* UI */ = {
			isa = PBXGroup;
			children = (
				3D0E9C40270A692600B593AD /* Presenter */,
				3D27BF05270A5680007143C8 /* View */,
				3D27BF04270A567B007143C8 /* Router */,
			);
			path = UI;
			sourceTree = "<group>";
		};
		3D426B3426F801520019FEBA /* Text Field Form */ = {
			isa = PBXGroup;
			children = (
				3D426B3626F804F90019FEBA /* TextFieldForm.swift */,
			);
			path = "Text Field Form";
			sourceTree = "<group>";
		};
		3D496F82277E34C4009BFF74 /* Analytics */ = {
			isa = PBXGroup;
			children = (
				3D496F8A277E36B0009BFF74 /* Firebase */,
				3D496F83277E34F3009BFF74 /* AnalyticsEvent.swift */,
				3D496F86277E353C009BFF74 /* AnalyticsEngine.swift */,
				3D496F88277E357B009BFF74 /* AnalyticsManager.swift */,
			);
			path = Analytics;
			sourceTree = "<group>";
		};
		3D496F8A277E36B0009BFF74 /* Firebase */ = {
			isa = PBXGroup;
			children = (
				3D496F8D277E39DF009BFF74 /* FirebaseAnalytics.swift */,
			);
			path = Firebase;
			sourceTree = "<group>";
		};
		3D496F91277E4D73009BFF74 /* Analytics */ = {
			isa = PBXGroup;
			children = (
				3D496F94277E4DA2009BFF74 /* PlaceAnalyticsEvent.swift */,
			);
			path = Analytics;
			sourceTree = "<group>";
		};
		3D496F97277E5180009BFF74 /* Interactor */ = {
			isa = PBXGroup;
			children = (
				3D496F98277E518C009BFF74 /* PlaceInteractor.swift */,
			);
			path = Interactor;
			sourceTree = "<group>";
		};
		3D4A51C8271BDEB400A7E0C1 /* Entitites */ = {
			isa = PBXGroup;
			children = (
				3D4A51C9271BDEBE00A7E0C1 /* Place.swift */,
				3DEEE5F4273AD216009D7341 /* PlaceGroup.swift */,
			);
			path = Entitites;
			sourceTree = "<group>";
		};
		3D51100126F6AA7700D24DD9 /* Logger */ = {
			isa = PBXGroup;
			children = (
				3D51100326F6AAB500D24DD9 /* Console.swift */,
			);
			path = Logger;
			sourceTree = "<group>";
		};
		3D51100226F6AA9700D24DD9 /* Utils */ = {
			isa = PBXGroup;
			children = (
				3D6678B7271279BF00A34C70 /* Preview */,
				3DC9BFEF26F98D8D00D4DE6E /* Scroll */,
				3D51104326F7166600D24DD9 /* Loadable */,
				3D0E9C4B270A74CA00B593AD /* Utility.swift */,
			);
			path = Utils;
			sourceTree = "<group>";
		};
		3D51101526F6CD6B00D24DD9 /* Styles */ = {
			isa = PBXGroup;
			children = (
				3D51102C26F70DC900D24DD9 /* Fonts */,
				3D51101626F6CD7A00D24DD9 /* AppStyle.swift */,
			);
			path = Styles;
			sourceTree = "<group>";
		};
		3D51102626F6D52500D24DD9 /* Components */ = {
			isa = PBXGroup;
			children = (
				3DF1E8F3273C335D002466E0 /* Carousel */,
				3D67706E273C1A5100FE1E55 /* Squishable View */,
				3D8CCDEB2726382E00CB7EED /* Bottom Sheet */,
				3D0E9C26270A5E2500B593AD /* Tab Bar View Controller */,
				3D426B3426F801520019FEBA /* Text Field Form */,
				3D51102826F6D53A00D24DD9 /* Buttons */,
			);
			path = Components;
			sourceTree = "<group>";
		};
		3D51102826F6D53A00D24DD9 /* Buttons */ = {
			isa = PBXGroup;
			children = (
				3DDA079626F8E5D400016204 /* MainButton.swift */,
				3DA93B5327333FA700CC107B /* SecondaryButton.swift */,
				3DA93B5627333FE000CC107B /* SquishableButton.swift */,
				3D69C11E27446FEA002982B3 /* UtilButton.swift */,
			);
			path = Buttons;
			sourceTree = "<group>";
		};
		3D51102C26F70DC900D24DD9 /* Fonts */ = {
			isa = PBXGroup;
			children = (
				3D51103026F70DE000D24DD9 /* Poppins */,
			);
			path = Fonts;
			sourceTree = "<group>";
		};
		3D51103026F70DE000D24DD9 /* Poppins */ = {
			isa = PBXGroup;
			children = (
				3D51103926F7125600D24DD9 /* Poppins-SemiBold.ttf */,
				3D51102D26F70DDD00D24DD9 /* Poppins-Regular.ttf */,
			);
			path = Poppins;
			sourceTree = "<group>";
		};
		3D51104326F7166600D24DD9 /* Loadable */ = {
			isa = PBXGroup;
			children = (
				3D51104426F7167600D24DD9 /* Loadable.swift */,
			);
			path = Loadable;
			sourceTree = "<group>";
		};
		3D6678B7271279BF00A34C70 /* Preview */ = {
			isa = PBXGroup;
			children = (
				3D6678B827127A0200A34C70 /* UIViewController+Preview.swift */,
			);
			path = Preview;
			sourceTree = "<group>";
		};
		3D6678BF2713919200A34C70 /* View */ = {
			isa = PBXGroup;
			children = (
				3D6678C2271391B600A34C70 /* Cells */,
			);
			path = View;
			sourceTree = "<group>";
		};
		3D6678C0271391A800A34C70 /* Router */ = {
			isa = PBXGroup;
			children = (
				3D0E9C32270A647D00B593AD /* BaseRouter.swift */,
			);
			path = Router;
			sourceTree = "<group>";
		};
		3D6678C1271391AF00A34C70 /* Presenter */ = {
			isa = PBXGroup;
			children = (
				3D0E9C3D270A67C600B593AD /* BasePresenter.swift */,
			);
			path = Presenter;
			sourceTree = "<group>";
		};
		3D6678C2271391B600A34C70 /* Cells */ = {
			isa = PBXGroup;
			children = (
				3D5402B82778CA2F00256BCD /* HeaderView.swift */,
				3D5402B92778CA2F00256BCD /* HeaderView.xib */,
			);
			path = Cells;
			sourceTree = "<group>";
		};
		3D67706E273C1A5100FE1E55 /* Squishable View */ = {
			isa = PBXGroup;
			children = (
				3D67706F273C1A6800FE1E55 /* SquishableView.swift */,
			);
			path = "Squishable View";
			sourceTree = "<group>";
		};
		3D79AC992723914E00ECB567 /* Shared */ = {
			isa = PBXGroup;
			children = (
				3D79AC9A272391F200ECB567 /* UI */,
				3D51100126F6AA7700D24DD9 /* Logger */,
			);
			path = Shared;
			sourceTree = "<group>";
		};
		3D79AC9A272391F200ECB567 /* UI */ = {
			isa = PBXGroup;
			children = (
				3D51102626F6D52500D24DD9 /* Components */,
				3D51100226F6AA9700D24DD9 /* Utils */,
				3D51101526F6CD6B00D24DD9 /* Styles */,
			);
			path = UI;
			sourceTree = "<group>";
		};
		3D79AC9B2723926E00ECB567 /* Core */ = {
			isa = PBXGroup;
			children = (
				3D496F82277E34C4009BFF74 /* Analytics */,
				3D79AC9C2723928900ECB567 /* REST Client */,
			);
			path = Core;
			sourceTree = "<group>";
		};
		3D79AC9C2723928900ECB567 /* REST Client */ = {
			isa = PBXGroup;
			children = (
				3D79ACA727239D9E00ECB567 /* Error */,
				3D79ACA32723981200ECB567 /* Base */,
			);
			path = "REST Client";
			sourceTree = "<group>";
		};
		3D79ACA32723981200ECB567 /* Base */ = {
			isa = PBXGroup;
			children = (
				3D79AC9D272392A800ECB567 /* RESTClient.swift */,
				3D79AC9F272394BA00ECB567 /* RESTEndpoint.swift */,
				3D79ACA1272397EC00ECB567 /* RESTMethod.swift */,
				3D79ACA52723995900ECB567 /* RESTServerResponse.swift */,
			);
			path = Base;
			sourceTree = "<group>";
		};
		3D79ACA727239D9E00ECB567 /* Error */ = {
			isa = PBXGroup;
			children = (
				3D79ACA827239DA900ECB567 /* RESTError.swift */,
			);
			path = Error;
			sourceTree = "<group>";
		};
		3D79ACAA27246A9700ECB567 /* Data */ = {
			isa = PBXGroup;
			children = (
				3D79ACDA27249EB000ECB567 /* LocalLoginDataManager.swift */,
				3D79ACDC27249EBE00ECB567 /* RemoteLoginDataManager.swift */,
			);
			path = Data;
			sourceTree = "<group>";
		};
		3D79ACE02724D08D00ECB567 /* Launch */ = {
			isa = PBXGroup;
			children = (
				3D8CCDE02726137A00CB7EED /* Data */,
				3D8CCDDF2726136500CB7EED /* Logic */,
				3D79ACE32724D0D300ECB567 /* UI */,
				3D79ACE12724D0A000ECB567 /* LaunchModule.swift */,
			);
			path = Launch;
			sourceTree = "<group>";
		};
		3D79ACE32724D0D300ECB567 /* UI */ = {
			isa = PBXGroup;
			children = (
				3D1F4CEA2725233F003FDF4F /* Presenter */,
				3D1F4CE72725231C003FDF4F /* Router */,
				3D79ACE42724D0DB00ECB567 /* View */,
			);
			path = UI;
			sourceTree = "<group>";
		};
		3D79ACE42724D0DB00ECB567 /* View */ = {
			isa = PBXGroup;
			children = (
				3D79ACE92724D13500ECB567 /* LaunchViewController.xib */,
				3D79ACE82724D13500ECB567 /* LaunchViewController.swift */,
			);
			path = View;
			sourceTree = "<group>";
		};
		3D8CCDDF2726136500CB7EED /* Logic */ = {
			isa = PBXGroup;
			children = (
				3D8CCDE22726138C00CB7EED /* Interactor */,
				3D8CCDE12726138400CB7EED /* Entities */,
			);
			path = Logic;
			sourceTree = "<group>";
		};
		3D8CCDE02726137A00CB7EED /* Data */ = {
			isa = PBXGroup;
			children = (
				3D8CCDE52726141300CB7EED /* LaunchDataManager.swift */,
			);
			path = Data;
			sourceTree = "<group>";
		};
		3D8CCDE12726138400CB7EED /* Entities */ = {
			isa = PBXGroup;
			children = (
				3D8CCDE3272613BF00CB7EED /* AppVersion.swift */,
				3D8CCDE92726351E00CB7EED /* AppVersionValidation.swift */,
				3DA9C8FA277CC92100E5588E /* Fact.swift */,
			);
			path = Entities;
			sourceTree = "<group>";
		};
		3D8CCDE22726138C00CB7EED /* Interactor */ = {
			isa = PBXGroup;
			children = (
				3D8CCDE7272617EA00CB7EED /* LaunchInteractor.swift */,
			);
			path = Interactor;
			sourceTree = "<group>";
		};
		3D8CCDEB2726382E00CB7EED /* Bottom Sheet */ = {
			isa = PBXGroup;
			children = (
				3D8CCDF427263CBC00CB7EED /* UIBottomSheet.swift */,
				3D8CCDF527263CBC00CB7EED /* UIBottomSheet.xib */,
			);
			path = "Bottom Sheet";
			sourceTree = "<group>";
		};
		3DA5CA23271B8E6300DD584E /* Logic */ = {
			isa = PBXGroup;
			children = (
				3D4A51C8271BDEB400A7E0C1 /* Entitites */,
				3DA5CA24271B8E6900DD584E /* Interactor */,
			);
			path = Logic;
			sourceTree = "<group>";
		};
		3DA5CA24271B8E6900DD584E /* Interactor */ = {
			isa = PBXGroup;
			children = (
				3DA5CA25271B8E7B00DD584E /* HomeInteractor.swift */,
			);
			path = Interactor;
			sourceTree = "<group>";
		};
		3DA93B3A2732FB4D00CC107B /* App Update */ = {
			isa = PBXGroup;
			children = (
				3DA93B3B2732FB5B00CC107B /* UI */,
				3DA93B3D2732FB7300CC107B /* AppUpdateModule.swift */,
			);
			path = "App Update";
			sourceTree = "<group>";
		};
		3DA93B3B2732FB5B00CC107B /* UI */ = {
			isa = PBXGroup;
			children = (
				3DA93B442733329200CC107B /* Router */,
				3DA93B402732FBB300CC107B /* Presenter */,
				3DA93B3C2732FB6000CC107B /* View */,
			);
			path = UI;
			sourceTree = "<group>";
		};
		3DA93B3C2732FB6000CC107B /* View */ = {
			isa = PBXGroup;
			children = (
				3D8CCDF127263BE800CB7EED /* AppUpdateViewController.xib */,
				3D8CCDF027263BE800CB7EED /* AppUpdateViewController.swift */,
			);
			path = View;
			sourceTree = "<group>";
		};
		3DA93B402732FBB300CC107B /* Presenter */ = {
			isa = PBXGroup;
			children = (
				3DA93B412732FC8F00CC107B /* AppUpdatePresenter.swift */,
			);
			path = Presenter;
			sourceTree = "<group>";
		};
		3DA93B442733329200CC107B /* Router */ = {
			isa = PBXGroup;
			children = (
				3DA93B452733329E00CC107B /* AppUpdateRouter.swift */,
			);
			path = Router;
			sourceTree = "<group>";
		};
		3DB61EA0277FA9A100F00091 /* Map */ = {
			isa = PBXGroup;
			children = (
				3DB61EAB277FCE0E00F00091 /* Data */,
				3DB61EAA277FCE0100F00091 /* Logic */,
				3DB61EA3277FAA3900F00091 /* UI */,
				3DB61EA1277FA9AD00F00091 /* MapModule.swift */,
			);
			path = Map;
			sourceTree = "<group>";
		};
		3DB61EA3277FAA3900F00091 /* UI */ = {
			isa = PBXGroup;
			children = (
				3DB61EA7277FCD8B00F00091 /* Presenter */,
				3DB61EA4277FAA4000F00091 /* View */,
			);
			path = UI;
			sourceTree = "<group>";
		};
		3DB61EA4277FAA4000F00091 /* View */ = {
			isa = PBXGroup;
			children = (
				3DB61EB1277FE44100F00091 /* Components */,
				3DB61EA5277FAA4D00F00091 /* MapView.swift */,
			);
			path = View;
			sourceTree = "<group>";
		};
		3DB61EA7277FCD8B00F00091 /* Presenter */ = {
			isa = PBXGroup;
			children = (
				3DB61EA8277FCDA100F00091 /* MapPresenter.swift */,
			);
			path = Presenter;
			sourceTree = "<group>";
		};
		3DB61EAA277FCE0100F00091 /* Logic */ = {
			isa = PBXGroup;
			children = (
				3DB61EAE277FCE5100F00091 /* Interactor */,
			);
			path = Logic;
			sourceTree = "<group>";
		};
		3DB61EAB277FCE0E00F00091 /* Data */ = {
			isa = PBXGroup;
			children = (
				3DB61EAC277FCE1E00F00091 /* MapDataManager.swift */,
			);
			path = Data;
			sourceTree = "<group>";
		};
		3DB61EAE277FCE5100F00091 /* Interactor */ = {
			isa = PBXGroup;
			children = (
				3DB61EAF277FCE5D00F00091 /* MapInteractor.swift */,
			);
			path = Interactor;
			sourceTree = "<group>";
		};
		3DB61EB1277FE44100F00091 /* Components */ = {
			isa = PBXGroup;
			children = (
				3DB61EB2277FE45C00F00091 /* PlaceAnnotationView.swift */,
			);
			path = Components;
			sourceTree = "<group>";
		};
		3DB9D542277F54ED00E4D45A /* Services */ = {
			isa = PBXGroup;
			children = (
				3DB9D543277F552500E4D45A /* RESTClientAppDelegate.swift */,
				3DB9D545277F573F00E4D45A /* FirebaseAppDelegate.swift */,
				3DB9D547277F584C00E4D45A /* AnalyticsAppDelegate.swift */,
			);
			path = Services;
			sourceTree = "<group>";
		};
		3DC9BFEF26F98D8D00D4DE6E /* Scroll */ = {
			isa = PBXGroup;
			children = (
				3DC9BFF026F98DA400D4DE6E /* ScrollableViewController.swift */,
			);
			path = Scroll;
			sourceTree = "<group>";
		};
		3DCE7EB627459C0A00860232 /* Place Title */ = {
			isa = PBXGroup;
			children = (
				3DCE7EB727459CB600860232 /* PlaceTitleViewController.swift */,
				3DCE7EB827459CB600860232 /* PlaceTitleViewController.xib */,
			);
			path = "Place Title";
			sourceTree = "<group>";
		};
		3DCE7EBD2746AF4500860232 /* Place Description */ = {
			isa = PBXGroup;
			children = (
				3DCE7EC32746B38F00860232 /* PlaceDescriptionViewController.swift */,
				3DCE7EC42746B38F00860232 /* PlaceDescriptionViewController.xib */,
			);
			path = "Place Description";
			sourceTree = "<group>";
		};
		3DCE7EC82746E7E600860232 /* Logic */ = {
			isa = PBXGroup;
			children = (
				3D496F97277E5180009BFF74 /* Interactor */,
				3DCE7EC92746E7EA00860232 /* Entities */,
			);
			path = Logic;
			sourceTree = "<group>";
		};
		3DCE7EC92746E7EA00860232 /* Entities */ = {
			isa = PBXGroup;
			children = (
				3DCE7ECA2746E7F500860232 /* PlaceDetails.swift */,
			);
			path = Entities;
			sourceTree = "<group>";
		};
		3DD65DBA270CD2390058273D /* Cells */ = {
			isa = PBXGroup;
			children = (
				3DD65DC7270CD3850058273D /* Diffable */,
				3DD65DBF270CD2760058273D /* Place */,
			);
			path = Cells;
			sourceTree = "<group>";
		};
		3DD65DBF270CD2760058273D /* Place */ = {
			isa = PBXGroup;
			children = (
				3DD65DC2270CD2C90058273D /* PlaceCell.xib */,
				3DD65DC1270CD2C90058273D /* PlaceCell.swift */,
			);
			path = Place;
			sourceTree = "<group>";
		};
		3DD65DC7270CD3850058273D /* Diffable */ = {
			isa = PBXGroup;
			children = (
				3DD65DC8270CD3920058273D /* HomeSection.swift */,
				3D4A51CF271BE2F900A7E0C1 /* HomeSectionItem.swift */,
			);
			path = Diffable;
			sourceTree = "<group>";
		};
		3DDA07B326F8EECE00016204 /* Config */ = {
			isa = PBXGroup;
			children = (
				3DDA07B426F8EF1300016204 /* AppConfig.swift */,
			);
			path = Config;
			sourceTree = "<group>";
		};
		3DEC9C7A27431A300062BACF /* Place */ = {
			isa = PBXGroup;
			children = (
				3D496F91277E4D73009BFF74 /* Analytics */,
				3DCE7EC82746E7E600860232 /* Logic */,
				3DEC9C8427431B670062BACF /* UI */,
				3DEC9C7C27431A750062BACF /* PlaceModule.swift */,
			);
			path = Place;
			sourceTree = "<group>";
		};
		3DEC9C7B27431A350062BACF /* View */ = {
			isa = PBXGroup;
			children = (
				3DCE7EBD2746AF4500860232 /* Place Description */,
				3DCE7EB627459C0A00860232 /* Place Title */,
				3DEC9C7F27431B340062BACF /* PlaceViewController.swift */,
				3DEC9C8027431B340062BACF /* PlaceViewController.xib */,
			);
			path = View;
			sourceTree = "<group>";
		};
		3DEC9C8427431B670062BACF /* UI */ = {
			isa = PBXGroup;
			children = (
				3DEC9C8727431B7C0062BACF /* Presenter */,
				3DEC9C8527431B710062BACF /* Router */,
				3DEC9C7B27431A350062BACF /* View */,
			);
			path = UI;
			sourceTree = "<group>";
		};
		3DEC9C8527431B710062BACF /* Router */ = {
			isa = PBXGroup;
			children = (
				3DEC9C8D27431B980062BACF /* PlaceRouter.swift */,
			);
			path = Router;
			sourceTree = "<group>";
		};
		3DEC9C8727431B7C0062BACF /* Presenter */ = {
			isa = PBXGroup;
			children = (
				3DEC9C9027431BF70062BACF /* PlacePresenter.swift */,
			);
			path = Presenter;
			sourceTree = "<group>";
		};
		3DEEE5F0273ACE6F009D7341 /* Data */ = {
			isa = PBXGroup;
			children = (
				3DEEE5F1273ACE7B009D7341 /* HomeDataManager.swift */,
			);
			path = Data;
			sourceTree = "<group>";
		};
		3DF1E8F3273C335D002466E0 /* Carousel */ = {
			isa = PBXGroup;
			children = (
				3DF1E8FC273C391A002466E0 /* CarouselViewController.swift */,
				3DF1E8FD273C391A002466E0 /* CarouselViewController.xib */,
			);
			path = Carousel;
			sourceTree = "<group>";
		};
		3DF708B026F2A4D200FD24CF = {
			isa = PBXGroup;
			children = (
				3DF708BB26F2A4D200FD24CF /* Payan */,
				3DF708BA26F2A4D200FD24CF /* Products */,
				AA3FE27C50DAB7E89F681A09 /* Pods */,
				B3C1402E0D8D0309DD12B754 /* Frameworks */,
			);
			sourceTree = "<group>";
		};
		3DF708BA26F2A4D200FD24CF /* Products */ = {
			isa = PBXGroup;
			children = (
				3DF708B926F2A4D200FD24CF /* Payan.app */,
			);
			name = Products;
			sourceTree = "<group>";
		};
		3DF708BB26F2A4D200FD24CF /* Payan */ = {
			isa = PBXGroup;
			children = (
				3DF708D226F2A4DE00FD24CF /* AppDelegate */,
				3DF708D126F2A4DB00FD24CF /* App */,
				3DF708CA26F2A4D300FD24CF /* Info.plist */,
				3D496F8F277E4C90009BFF74 /* GoogleService-Info.plist */,
			);
			path = Payan;
			sourceTree = "<group>";
		};
		3DF708D126F2A4DB00FD24CF /* App */ = {
			isa = PBXGroup;
			children = (
				3D79AC9B2723926E00ECB567 /* Core */,
				3D79AC992723914E00ECB567 /* Shared */,
				3DDA07B326F8EECE00016204 /* Config */,
				3DF708E426F2A64900FD24CF /* Domain Modules */,
			);
			path = App;
			sourceTree = "<group>";
		};
		3DF708D226F2A4DE00FD24CF /* AppDelegate */ = {
			isa = PBXGroup;
			children = (
				3DB9D542277F54ED00E4D45A /* Services */,
				3DF708BC26F2A4D200FD24CF /* AppDelegate.swift */,
				3DF708BE26F2A4D200FD24CF /* SceneDelegate.swift */,
				3DF708C726F2A4D300FD24CF /* LaunchScreen.storyboard */,
			);
			path = AppDelegate;
			sourceTree = "<group>";
		};
		3DF708E426F2A64900FD24CF /* Domain Modules */ = {
			isa = PBXGroup;
			children = (
				3DB61EA0277FA9A100F00091 /* Map */,
				3DEC9C7A27431A300062BACF /* Place */,
				3DA93B3A2732FB4D00CC107B /* App Update */,
				3D79ACE02724D08D00ECB567 /* Launch */,
				3DF708E526F2A64F00FD24CF /* Assets */,
				3D0E9C31270A647400B593AD /* Base */,
				3D3A3854270A548400E2EF94 /* Main */,
				3D3A3848270A53C700E2EF94 /* Home */,
				3DF708E726F2A65A00FD24CF /* Login */,
			);
			path = "Domain Modules";
			sourceTree = "<group>";
		};
		3DF708E526F2A64F00FD24CF /* Assets */ = {
			isa = PBXGroup;
			children = (
				3DF708C526F2A4D300FD24CF /* Assets.xcassets */,
			);
			path = Assets;
			sourceTree = "<group>";
		};
		3DF708E726F2A65A00FD24CF /* Login */ = {
			isa = PBXGroup;
			children = (
				3D79ACAA27246A9700ECB567 /* Data */,
				3DF708F126F2AC1300FD24CF /* Logic */,
				3DF708ED26F2ABCA00FD24CF /* UI */,
				3DF708FB26F2B0AC00FD24CF /* LoginModule.swift */,
			);
			path = Login;
			sourceTree = "<group>";
		};
		3DF708ED26F2ABCA00FD24CF /* UI */ = {
			isa = PBXGroup;
			children = (
				3DF708F026F2ABE500FD24CF /* View */,
				3DF708EF26F2ABE100FD24CF /* Presenter */,
				3DF708EE26F2ABDB00FD24CF /* Router */,
			);
			path = UI;
			sourceTree = "<group>";
		};
		3DF708EE26F2ABDB00FD24CF /* Router */ = {
			isa = PBXGroup;
			children = (
				3DF708FE26F2B2FC00FD24CF /* LoginRouter.swift */,
			);
			path = Router;
			sourceTree = "<group>";
		};
		3DF708EF26F2ABE100FD24CF /* Presenter */ = {
			isa = PBXGroup;
			children = (
				3DF7090126F2B41600FD24CF /* LoginPresenter.swift */,
			);
			path = Presenter;
			sourceTree = "<group>";
		};
		3DF708F026F2ABE500FD24CF /* View */ = {
			isa = PBXGroup;
			children = (
				3DF708E926F2A8AA00FD24CF /* LoginViewController.xib */,
				3DF708E826F2A8AA00FD24CF /* LoginViewController.swift */,
			);
			path = View;
			sourceTree = "<group>";
		};
		3DF708F126F2AC1300FD24CF /* Logic */ = {
			isa = PBXGroup;
			children = (
				3D13157326F92EFB00E451E0 /* Entities */,
				3DF708F426F2AC3100FD24CF /* Interactor */,
			);
			path = Logic;
			sourceTree = "<group>";
		};
		3DF708F426F2AC3100FD24CF /* Interactor */ = {
			isa = PBXGroup;
			children = (
				3DF708F526F2AC3C00FD24CF /* LoginInteractor.swift */,
			);
			path = Interactor;
			sourceTree = "<group>";
		};
		AA3FE27C50DAB7E89F681A09 /* Pods */ = {
			isa = PBXGroup;
			children = (
				2E7408D7FB0978814596FC7F /* Pods-Payan.debug.xcconfig */,
				2767D1CEBE37CDFBD2B6A695 /* Pods-Payan.release.xcconfig */,
			);
			path = Pods;
			sourceTree = "<group>";
		};
		B3C1402E0D8D0309DD12B754 /* Frameworks */ = {
			isa = PBXGroup;
			children = (
				849CAD1D4BFE119895F955FB /* Pods_Payan.framework */,
			);
			name = Frameworks;
			sourceTree = "<group>";
		};
/* End PBXGroup section */

/* Begin PBXNativeTarget section */
		3DF708B826F2A4D200FD24CF /* Payan */ = {
			isa = PBXNativeTarget;
			buildConfigurationList = 3DF708CD26F2A4D300FD24CF /* Build configuration list for PBXNativeTarget "Payan" */;
			buildPhases = (
				770ABFB6267C75EC6089C85C /* [CP] Check Pods Manifest.lock */,
				3DF708B526F2A4D200FD24CF /* Sources */,
				3DF708B626F2A4D200FD24CF /* Frameworks */,
				3DF708B726F2A4D200FD24CF /* Resources */,
				2AF5CC5299441AF54A680A61 /* [CP] Embed Pods Frameworks */,
			);
			buildRules = (
			);
			dependencies = (
			);
			name = Payan;
			productName = Payan;
			productReference = 3DF708B926F2A4D200FD24CF /* Payan.app */;
			productType = "com.apple.product-type.application";
		};
/* End PBXNativeTarget section */

/* Begin PBXProject section */
		3DF708B126F2A4D200FD24CF /* Project object */ = {
			isa = PBXProject;
			attributes = {
				LastSwiftUpdateCheck = 1240;
				LastUpgradeCheck = 1240;
				TargetAttributes = {
					3DF708B826F2A4D200FD24CF = {
						CreatedOnToolsVersion = 12.4;
					};
				};
			};
			buildConfigurationList = 3DF708B426F2A4D200FD24CF /* Build configuration list for PBXProject "Payan" */;
			compatibilityVersion = "Xcode 9.3";
			developmentRegion = en;
			hasScannedForEncodings = 0;
			knownRegions = (
				en,
				Base,
			);
			mainGroup = 3DF708B026F2A4D200FD24CF;
			productRefGroup = 3DF708BA26F2A4D200FD24CF /* Products */;
			projectDirPath = "";
			projectRoot = "";
			targets = (
				3DF708B826F2A4D200FD24CF /* Payan */,
			);
		};
/* End PBXProject section */

/* Begin PBXResourcesBuildPhase section */
		3DF708B726F2A4D200FD24CF /* Resources */ = {
			isa = PBXResourcesBuildPhase;
			buildActionMask = 2147483647;
			files = (
				3DEC9C8227431B340062BACF /* PlaceViewController.xib in Resources */,
				3D51103A26F7125600D24DD9 /* Poppins-SemiBold.ttf in Resources */,
				3DF708EB26F2A8AA00FD24CF /* LoginViewController.xib in Resources */,
				3DF708C926F2A4D300FD24CF /* LaunchScreen.storyboard in Resources */,
				3DCE7EBA27459CB600860232 /* PlaceTitleViewController.xib in Resources */,
				3DCE7EC62746B38F00860232 /* PlaceDescriptionViewController.xib in Resources */,
				3D5402BB2778CA2F00256BCD /* HeaderView.xib in Resources */,
				3D79ACEB2724D13500ECB567 /* LaunchViewController.xib in Resources */,
				3DF708C626F2A4D300FD24CF /* Assets.xcassets in Resources */,
				3D496F90277E4C90009BFF74 /* GoogleService-Info.plist in Resources */,
				3D8CCDF327263BE800CB7EED /* AppUpdateViewController.xib in Resources */,
				3DF1E8FF273C391A002466E0 /* CarouselViewController.xib in Resources */,
				3D8CCDF727263CBC00CB7EED /* UIBottomSheet.xib in Resources */,
				3DD65DC4270CD2C90058273D /* PlaceCell.xib in Resources */,
				3D51102E26F70DDD00D24DD9 /* Poppins-Regular.ttf in Resources */,
				3D3A3851270A541400E2EF94 /* HomeViewController.xib in Resources */,
			);
			runOnlyForDeploymentPostprocessing = 0;
		};
/* End PBXResourcesBuildPhase section */

/* Begin PBXShellScriptBuildPhase section */
		2AF5CC5299441AF54A680A61 /* [CP] Embed Pods Frameworks */ = {
			isa = PBXShellScriptBuildPhase;
			buildActionMask = 2147483647;
			files = (
			);
			inputFileListPaths = (
				"${PODS_ROOT}/Target Support Files/Pods-Payan/Pods-Payan-frameworks-${CONFIGURATION}-input-files.xcfilelist",
			);
			name = "[CP] Embed Pods Frameworks";
			outputFileListPaths = (
				"${PODS_ROOT}/Target Support Files/Pods-Payan/Pods-Payan-frameworks-${CONFIGURATION}-output-files.xcfilelist",
			);
			runOnlyForDeploymentPostprocessing = 0;
			shellPath = /bin/sh;
			shellScript = "\"${PODS_ROOT}/Target Support Files/Pods-Payan/Pods-Payan-frameworks.sh\"\n";
			showEnvVarsInLog = 0;
		};
		770ABFB6267C75EC6089C85C /* [CP] Check Pods Manifest.lock */ = {
			isa = PBXShellScriptBuildPhase;
			buildActionMask = 2147483647;
			files = (
			);
			inputFileListPaths = (
			);
			inputPaths = (
				"${PODS_PODFILE_DIR_PATH}/Podfile.lock",
				"${PODS_ROOT}/Manifest.lock",
			);
			name = "[CP] Check Pods Manifest.lock";
			outputFileListPaths = (
			);
			outputPaths = (
				"$(DERIVED_FILE_DIR)/Pods-Payan-checkManifestLockResult.txt",
			);
			runOnlyForDeploymentPostprocessing = 0;
			shellPath = /bin/sh;
			shellScript = "diff \"${PODS_PODFILE_DIR_PATH}/Podfile.lock\" \"${PODS_ROOT}/Manifest.lock\" > /dev/null\nif [ $? != 0 ] ; then\n    # print error to STDERR\n    echo \"error: The sandbox is not in sync with the Podfile.lock. Run 'pod install' or update your CocoaPods installation.\" >&2\n    exit 1\nfi\n# This output is used by Xcode 'outputs' to avoid re-running this script phase.\necho \"SUCCESS\" > \"${SCRIPT_OUTPUT_FILE_0}\"\n";
			showEnvVarsInLog = 0;
		};
/* End PBXShellScriptBuildPhase section */

/* Begin PBXSourcesBuildPhase section */
		3DF708B526F2A4D200FD24CF /* Sources */ = {
			isa = PBXSourcesBuildPhase;
			buildActionMask = 2147483647;
			files = (
				3D0E9C4C270A74CA00B593AD /* Utility.swift in Sources */,
				3D13157526F92F4D00E451E0 /* Credential.swift in Sources */,
				3D8CCDEA2726351E00CB7EED /* AppVersionValidation.swift in Sources */,
				3DEC9C8127431B340062BACF /* PlaceViewController.swift in Sources */,
				3DDA07B526F8EF1300016204 /* AppConfig.swift in Sources */,
				3D51104526F7167600D24DD9 /* Loadable.swift in Sources */,
				3D0E9C2F270A63A800B593AD /* HomeRouter.swift in Sources */,
				3D79ACDD27249EBE00ECB567 /* RemoteLoginDataManager.swift in Sources */,
				3D1F4CEC2725234A003FDF4F /* LaunchPresenter.swift in Sources */,
				3DF708EA26F2A8AA00FD24CF /* LoginViewController.swift in Sources */,
				3DCE7EC52746B38F00860232 /* PlaceDescriptionViewController.swift in Sources */,
				3DB9D548277F584C00E4D45A /* AnalyticsAppDelegate.swift in Sources */,
				3D496F95277E4DA2009BFF74 /* PlaceAnalyticsEvent.swift in Sources */,
				3DA93B3E2732FB7300CC107B /* AppUpdateModule.swift in Sources */,
				3D8CCDE8272617EA00CB7EED /* LaunchInteractor.swift in Sources */,
				3D0E9C33270A647D00B593AD /* BaseRouter.swift in Sources */,
				3DB9D546277F573F00E4D45A /* FirebaseAppDelegate.swift in Sources */,
				3D1F4CE92725232B003FDF4F /* LaunchRouter.swift in Sources */,
				3D0E9C28270A5E5500B593AD /* TabBarViewController.swift in Sources */,
				3D79ACE22724D0A000ECB567 /* LaunchModule.swift in Sources */,
				3D0E9C3E270A67C600B593AD /* BasePresenter.swift in Sources */,
				3DEC9C8E27431B980062BACF /* PlaceRouter.swift in Sources */,
				3DEC9C7D27431A750062BACF /* PlaceModule.swift in Sources */,
				3D8CCDE62726141300CB7EED /* LaunchDataManager.swift in Sources */,
				3D51101726F6CD7A00D24DD9 /* AppStyle.swift in Sources */,
				3DB61EA9277FCDA100F00091 /* MapPresenter.swift in Sources */,
				3D496F87277E353C009BFF74 /* AnalyticsEngine.swift in Sources */,
				3D8CCDF227263BE800CB7EED /* AppUpdateViewController.swift in Sources */,
				3DD65DC9270CD3920058273D /* HomeSection.swift in Sources */,
				3DF7090226F2B41600FD24CF /* LoginPresenter.swift in Sources */,
				3D8CCDE4272613BF00CB7EED /* AppVersion.swift in Sources */,
				3D8CCDF627263CBC00CB7EED /* UIBottomSheet.swift in Sources */,
				3D79ACEA2724D13500ECB567 /* LaunchViewController.swift in Sources */,
				3D79ACDF27249F7C00ECB567 /* UserSession.swift in Sources */,
				3DCE7EB927459CB600860232 /* PlaceTitleViewController.swift in Sources */,
				3D4A51CA271BDEBE00A7E0C1 /* Place.swift in Sources */,
				3DF1E8FE273C391A002466E0 /* CarouselViewController.swift in Sources */,
				3DEEE5F2273ACE7B009D7341 /* HomeDataManager.swift in Sources */,
				3DF708FC26F2B0AC00FD24CF /* LoginModule.swift in Sources */,
				3D79ACA62723995900ECB567 /* RESTServerResponse.swift in Sources */,
				3D0E9C3A270A678000B593AD /* HomePresenter.swift in Sources */,
				3D3A3850270A541400E2EF94 /* HomeViewController.swift in Sources */,
				3DA93B422732FC8F00CC107B /* AppUpdatePresenter.swift in Sources */,
				3D27BF01270A565A007143C8 /* MainModule.swift in Sources */,
				3DEC9C9127431BF70062BACF /* PlacePresenter.swift in Sources */,
				3D0E9C42270A693200B593AD /* MainPresenter.swift in Sources */,
				3DCE7ECB2746E7F500860232 /* PlaceDetails.swift in Sources */,
				3DB61EA2277FA9AE00F00091 /* MapModule.swift in Sources */,
				3D496F8E277E39DF009BFF74 /* FirebaseAnalytics.swift in Sources */,
				3D79ACA0272394BA00ECB567 /* RESTEndpoint.swift in Sources */,
				3DEEE5F5273AD216009D7341 /* PlaceGroup.swift in Sources */,
				3D677070273C1A6800FE1E55 /* SquishableView.swift in Sources */,
				3D79ACA2272397EC00ECB567 /* RESTMethod.swift in Sources */,
				3D496F89277E357C009BFF74 /* AnalyticsManager.swift in Sources */,
				3DA93B462733329E00CC107B /* AppUpdateRouter.swift in Sources */,
				3DA5CA26271B8E7B00DD584E /* HomeInteractor.swift in Sources */,
				3D79ACDB27249EB000ECB567 /* LocalLoginDataManager.swift in Sources */,
				3DF708BD26F2A4D200FD24CF /* AppDelegate.swift in Sources */,
				3DF708F626F2AC3C00FD24CF /* LoginInteractor.swift in Sources */,
				3D69C11F27446FEA002982B3 /* UtilButton.swift in Sources */,
				3D79ACA927239DA900ECB567 /* RESTError.swift in Sources */,
				3D3A384A270A53D300E2EF94 /* HomeModule.swift in Sources */,
				3DB61EAD277FCE1E00F00091 /* MapDataManager.swift in Sources */,
				3DB61EA6277FAA4D00F00091 /* MapView.swift in Sources */,
				3D5402BA2778CA2F00256BCD /* HeaderView.swift in Sources */,
				3DC9BFF126F98DA400D4DE6E /* ScrollableViewController.swift in Sources */,
				3D79AC9E272392A800ECB567 /* RESTClient.swift in Sources */,
				3D426B3726F804F90019FEBA /* TextFieldForm.swift in Sources */,
				3D27BF07270A568B007143C8 /* MainRouter.swift in Sources */,
				3D496F84277E34F3009BFF74 /* AnalyticsEvent.swift in Sources */,
				3DA93B5727333FE000CC107B /* SquishableButton.swift in Sources */,
				3DA93B5427333FA700CC107B /* SecondaryButton.swift in Sources */,
				3D51100426F6AAB500D24DD9 /* Console.swift in Sources */,
				3DF708FF26F2B2FC00FD24CF /* LoginRouter.swift in Sources */,
				3D496F99277E518C009BFF74 /* PlaceInteractor.swift in Sources */,
				3DB61EB0277FCE5D00F00091 /* MapInteractor.swift in Sources */,
				3D0E9C21270A59CC00B593AD /* MainViewController.swift in Sources */,
				3D4A51D0271BE2F900A7E0C1 /* HomeSectionItem.swift in Sources */,
				3DF708BF26F2A4D200FD24CF /* SceneDelegate.swift in Sources */,
				3DB9D544277F552500E4D45A /* RESTClientAppDelegate.swift in Sources */,
				3D6678B927127A0200A34C70 /* UIViewController+Preview.swift in Sources */,
				3DA9C8FB277CC92100E5588E /* Fact.swift in Sources */,
				3DDA079726F8E5D400016204 /* MainButton.swift in Sources */,
				3DB61EB3277FE45C00F00091 /* PlaceAnnotationView.swift in Sources */,
				3DD65DC3270CD2C90058273D /* PlaceCell.swift in Sources */,
			);
			runOnlyForDeploymentPostprocessing = 0;
		};
/* End PBXSourcesBuildPhase section */

/* Begin PBXVariantGroup section */
		3DF708C726F2A4D300FD24CF /* LaunchScreen.storyboard */ = {
			isa = PBXVariantGroup;
			children = (
				3DF708C826F2A4D300FD24CF /* Base */,
			);
			name = LaunchScreen.storyboard;
			sourceTree = "<group>";
		};
/* End PBXVariantGroup section */

/* Begin XCBuildConfiguration section */
		3DF708CB26F2A4D300FD24CF /* Debug */ = {
			isa = XCBuildConfiguration;
			buildSettings = {
				ALWAYS_SEARCH_USER_PATHS = NO;
				CLANG_ANALYZER_NONNULL = YES;
				CLANG_ANALYZER_NUMBER_OBJECT_CONVERSION = YES_AGGRESSIVE;
				CLANG_CXX_LANGUAGE_STANDARD = "gnu++14";
				CLANG_CXX_LIBRARY = "libc++";
				CLANG_ENABLE_MODULES = YES;
				CLANG_ENABLE_OBJC_ARC = YES;
				CLANG_ENABLE_OBJC_WEAK = YES;
				CLANG_WARN_BLOCK_CAPTURE_AUTORELEASING = YES;
				CLANG_WARN_BOOL_CONVERSION = YES;
				CLANG_WARN_COMMA = YES;
				CLANG_WARN_CONSTANT_CONVERSION = YES;
				CLANG_WARN_DEPRECATED_OBJC_IMPLEMENTATIONS = YES;
				CLANG_WARN_DIRECT_OBJC_ISA_USAGE = YES_ERROR;
				CLANG_WARN_DOCUMENTATION_COMMENTS = YES;
				CLANG_WARN_EMPTY_BODY = YES;
				CLANG_WARN_ENUM_CONVERSION = YES;
				CLANG_WARN_INFINITE_RECURSION = YES;
				CLANG_WARN_INT_CONVERSION = YES;
				CLANG_WARN_NON_LITERAL_NULL_CONVERSION = YES;
				CLANG_WARN_OBJC_IMPLICIT_RETAIN_SELF = YES;
				CLANG_WARN_OBJC_LITERAL_CONVERSION = YES;
				CLANG_WARN_OBJC_ROOT_CLASS = YES_ERROR;
				CLANG_WARN_QUOTED_INCLUDE_IN_FRAMEWORK_HEADER = YES;
				CLANG_WARN_RANGE_LOOP_ANALYSIS = YES;
				CLANG_WARN_STRICT_PROTOTYPES = YES;
				CLANG_WARN_SUSPICIOUS_MOVE = YES;
				CLANG_WARN_UNGUARDED_AVAILABILITY = YES_AGGRESSIVE;
				CLANG_WARN_UNREACHABLE_CODE = YES;
				CLANG_WARN__DUPLICATE_METHOD_MATCH = YES;
				COPY_PHASE_STRIP = NO;
				DEBUG_INFORMATION_FORMAT = dwarf;
				ENABLE_STRICT_OBJC_MSGSEND = YES;
				ENABLE_TESTABILITY = YES;
				GCC_C_LANGUAGE_STANDARD = gnu11;
				GCC_DYNAMIC_NO_PIC = NO;
				GCC_NO_COMMON_BLOCKS = YES;
				GCC_OPTIMIZATION_LEVEL = 0;
				GCC_PREPROCESSOR_DEFINITIONS = (
					"DEBUG=1",
					"$(inherited)",
				);
				GCC_WARN_64_TO_32_BIT_CONVERSION = YES;
				GCC_WARN_ABOUT_RETURN_TYPE = YES_ERROR;
				GCC_WARN_UNDECLARED_SELECTOR = YES;
				GCC_WARN_UNINITIALIZED_AUTOS = YES_AGGRESSIVE;
				GCC_WARN_UNUSED_FUNCTION = YES;
				GCC_WARN_UNUSED_VARIABLE = YES;
				IPHONEOS_DEPLOYMENT_TARGET = 14.1;
				MTL_ENABLE_DEBUG_INFO = INCLUDE_SOURCE;
				MTL_FAST_MATH = YES;
				ONLY_ACTIVE_ARCH = YES;
				SDKROOT = iphoneos;
				SWIFT_ACTIVE_COMPILATION_CONDITIONS = DEBUG;
				SWIFT_OPTIMIZATION_LEVEL = "-Onone";
			};
			name = Debug;
		};
		3DF708CC26F2A4D300FD24CF /* Release */ = {
			isa = XCBuildConfiguration;
			buildSettings = {
				ALWAYS_SEARCH_USER_PATHS = NO;
				CLANG_ANALYZER_NONNULL = YES;
				CLANG_ANALYZER_NUMBER_OBJECT_CONVERSION = YES_AGGRESSIVE;
				CLANG_CXX_LANGUAGE_STANDARD = "gnu++14";
				CLANG_CXX_LIBRARY = "libc++";
				CLANG_ENABLE_MODULES = YES;
				CLANG_ENABLE_OBJC_ARC = YES;
				CLANG_ENABLE_OBJC_WEAK = YES;
				CLANG_WARN_BLOCK_CAPTURE_AUTORELEASING = YES;
				CLANG_WARN_BOOL_CONVERSION = YES;
				CLANG_WARN_COMMA = YES;
				CLANG_WARN_CONSTANT_CONVERSION = YES;
				CLANG_WARN_DEPRECATED_OBJC_IMPLEMENTATIONS = YES;
				CLANG_WARN_DIRECT_OBJC_ISA_USAGE = YES_ERROR;
				CLANG_WARN_DOCUMENTATION_COMMENTS = YES;
				CLANG_WARN_EMPTY_BODY = YES;
				CLANG_WARN_ENUM_CONVERSION = YES;
				CLANG_WARN_INFINITE_RECURSION = YES;
				CLANG_WARN_INT_CONVERSION = YES;
				CLANG_WARN_NON_LITERAL_NULL_CONVERSION = YES;
				CLANG_WARN_OBJC_IMPLICIT_RETAIN_SELF = YES;
				CLANG_WARN_OBJC_LITERAL_CONVERSION = YES;
				CLANG_WARN_OBJC_ROOT_CLASS = YES_ERROR;
				CLANG_WARN_QUOTED_INCLUDE_IN_FRAMEWORK_HEADER = YES;
				CLANG_WARN_RANGE_LOOP_ANALYSIS = YES;
				CLANG_WARN_STRICT_PROTOTYPES = YES;
				CLANG_WARN_SUSPICIOUS_MOVE = YES;
				CLANG_WARN_UNGUARDED_AVAILABILITY = YES_AGGRESSIVE;
				CLANG_WARN_UNREACHABLE_CODE = YES;
				CLANG_WARN__DUPLICATE_METHOD_MATCH = YES;
				COPY_PHASE_STRIP = NO;
				DEBUG_INFORMATION_FORMAT = "dwarf-with-dsym";
				ENABLE_NS_ASSERTIONS = NO;
				ENABLE_STRICT_OBJC_MSGSEND = YES;
				GCC_C_LANGUAGE_STANDARD = gnu11;
				GCC_NO_COMMON_BLOCKS = YES;
				GCC_WARN_64_TO_32_BIT_CONVERSION = YES;
				GCC_WARN_ABOUT_RETURN_TYPE = YES_ERROR;
				GCC_WARN_UNDECLARED_SELECTOR = YES;
				GCC_WARN_UNINITIALIZED_AUTOS = YES_AGGRESSIVE;
				GCC_WARN_UNUSED_FUNCTION = YES;
				GCC_WARN_UNUSED_VARIABLE = YES;
				IPHONEOS_DEPLOYMENT_TARGET = 14.1;
				MTL_ENABLE_DEBUG_INFO = NO;
				MTL_FAST_MATH = YES;
				SDKROOT = iphoneos;
				SWIFT_COMPILATION_MODE = wholemodule;
				SWIFT_OPTIMIZATION_LEVEL = "-O";
				VALIDATE_PRODUCT = YES;
			};
			name = Release;
		};
		3DF708CE26F2A4D300FD24CF /* Debug */ = {
			isa = XCBuildConfiguration;
			baseConfigurationReference = 2E7408D7FB0978814596FC7F /* Pods-Payan.debug.xcconfig */;
			buildSettings = {
				ASSETCATALOG_COMPILER_APPICON_NAME = AppIcon;
				ASSETCATALOG_COMPILER_GLOBAL_ACCENT_COLOR_NAME = AccentColor;
				CODE_SIGN_STYLE = Automatic;
				DEVELOPMENT_TEAM = 9TP4HMDZ7W;
				INFOPLIST_FILE = Payan/Info.plist;
				LD_RUNPATH_SEARCH_PATHS = (
					"$(inherited)",
					"@executable_path/Frameworks",
				);
				MARKETING_VERSION = 1.0.0;
				PRODUCT_BUNDLE_IDENTIFIER = juandahurt.Payan;
				PRODUCT_NAME = "$(TARGET_NAME)";
				SWIFT_VERSION = 5.0;
				TARGETED_DEVICE_FAMILY = 1;
			};
			name = Debug;
		};
		3DF708CF26F2A4D300FD24CF /* Release */ = {
			isa = XCBuildConfiguration;
			baseConfigurationReference = 2767D1CEBE37CDFBD2B6A695 /* Pods-Payan.release.xcconfig */;
			buildSettings = {
				ASSETCATALOG_COMPILER_APPICON_NAME = AppIcon;
				ASSETCATALOG_COMPILER_GLOBAL_ACCENT_COLOR_NAME = AccentColor;
				CODE_SIGN_STYLE = Automatic;
				DEVELOPMENT_TEAM = 9TP4HMDZ7W;
				INFOPLIST_FILE = Payan/Info.plist;
				LD_RUNPATH_SEARCH_PATHS = (
					"$(inherited)",
					"@executable_path/Frameworks",
				);
				MARKETING_VERSION = 1.0.0;
				PRODUCT_BUNDLE_IDENTIFIER = juandahurt.Payan;
				PRODUCT_NAME = "$(TARGET_NAME)";
				SWIFT_VERSION = 5.0;
				TARGETED_DEVICE_FAMILY = 1;
			};
			name = Release;
		};
/* End XCBuildConfiguration section */

/* Begin XCConfigurationList section */
		3DF708B426F2A4D200FD24CF /* Build configuration list for PBXProject "Payan" */ = {
			isa = XCConfigurationList;
			buildConfigurations = (
				3DF708CB26F2A4D300FD24CF /* Debug */,
				3DF708CC26F2A4D300FD24CF /* Release */,
			);
			defaultConfigurationIsVisible = 0;
			defaultConfigurationName = Release;
		};
		3DF708CD26F2A4D300FD24CF /* Build configuration list for PBXNativeTarget "Payan" */ = {
			isa = XCConfigurationList;
			buildConfigurations = (
				3DF708CE26F2A4D300FD24CF /* Debug */,
				3DF708CF26F2A4D300FD24CF /* Release */,
			);
			defaultConfigurationIsVisible = 0;
			defaultConfigurationName = Release;
		};
/* End XCConfigurationList section */
	};
	rootObject = 3DF708B126F2A4D200FD24CF /* Project object */;
}
