{
  "object": {
    "pins": [
      {
        "package": "Willow",
        "repositoryURL": "https://github.com/Nike-Inc/Willow.git",
        "state": {
          "branch": null,
          "revision": "67c567faf21f578149c030bb8e740ab87d11c508",
          "version": "5.2.1"
        }
      }
    ]
  },
  "version": 1
}
